// !$*UTF8*$!
{
	archiveVersion = 1;
	classes = {
	};
	objectVersion = 46;
	objects = {

/* Begin PBXBuildFile section */
		2899989E1AC27C0900706824 /* PanelBackgroundView.swift in Sources */ = {isa = PBXBuildFile; fileRef = 2899989D1AC27C0900706824 /* PanelBackgroundView.swift */; };
		289998A01AC291B500706824 /* PanelController.swift in Sources */ = {isa = PBXBuildFile; fileRef = 2899989F1AC291B500706824 /* PanelController.swift */; };
		289998A21AC2920200706824 /* JLPanel.swift in Sources */ = {isa = PBXBuildFile; fileRef = 289998A11AC2920200706824 /* JLPanel.swift */; };
		289998A41AC3354900706824 /* JiraData.swift in Sources */ = {isa = PBXBuildFile; fileRef = 289998A31AC3354900706824 /* JiraData.swift */; };
		289998A91AC3BDF200706824 /* MenuBarController.swift in Sources */ = {isa = PBXBuildFile; fileRef = 289998A81AC3BDF200706824 /* MenuBarController.swift */; };
		289998AB1AC3DCD200706824 /* PanelView.xib in Resources */ = {isa = PBXBuildFile; fileRef = 289998AA1AC3DCD200706824 /* PanelView.xib */; };
		289998AD1AC3DD6F00706824 /* SettingsView.xib in Resources */ = {isa = PBXBuildFile; fileRef = 289998AC1AC3DD6F00706824 /* SettingsView.xib */; };
		6D31D0521AC196BB001AC4BA /* AppDelegate.swift in Sources */ = {isa = PBXBuildFile; fileRef = 6D31D0511AC196BB001AC4BA /* AppDelegate.swift */; };
		6D31D0541AC196BB001AC4BA /* ViewController.swift in Sources */ = {isa = PBXBuildFile; fileRef = 6D31D0531AC196BB001AC4BA /* ViewController.swift */; };
		6D31D0591AC196BB001AC4BA /* Images.xcassets in Resources */ = {isa = PBXBuildFile; fileRef = 6D31D0581AC196BB001AC4BA /* Images.xcassets */; };
		6D31D05C1AC196BB001AC4BA /* Main.storyboard in Resources */ = {isa = PBXBuildFile; fileRef = 6D31D05A1AC196BB001AC4BA /* Main.storyboard */; };
		6D31D0681AC196BC001AC4BA /* Jira_LoggerTests.swift in Sources */ = {isa = PBXBuildFile; fileRef = 6D31D0671AC196BC001AC4BA /* Jira_LoggerTests.swift */; };
		6D31D0781AC2E8AE001AC4BA /* CFNetwork.framework in Frameworks */ = {isa = PBXBuildFile; fileRef = 6D31D0771AC2E8AE001AC4BA /* CFNetwork.framework */; };
		6D31D07A1AC2E8B7001AC4BA /* CoreGraphics.framework in Frameworks */ = {isa = PBXBuildFile; fileRef = 6D31D0791AC2E8B7001AC4BA /* CoreGraphics.framework */; };
		6D31D07C1AC2E8BF001AC4BA /* CoreLocation.framework in Frameworks */ = {isa = PBXBuildFile; fileRef = 6D31D07B1AC2E8BF001AC4BA /* CoreLocation.framework */; };
		6D31D07E1AC2E8C9001AC4BA /* libz.dylib in Frameworks */ = {isa = PBXBuildFile; fileRef = 6D31D07D1AC2E8C9001AC4BA /* libz.dylib */; };
		6D31D0821AC2E8ED001AC4BA /* QuartzCore.framework in Frameworks */ = {isa = PBXBuildFile; fileRef = 6D31D0811AC2E8ED001AC4BA /* QuartzCore.framework */; };
		6D31D0841AC2E8F8001AC4BA /* Security.framework in Frameworks */ = {isa = PBXBuildFile; fileRef = 6D31D0831AC2E8F8001AC4BA /* Security.framework */; };
		6D31D0881AC2E90B001AC4BA /* SystemConfiguration.framework in Frameworks */ = {isa = PBXBuildFile; fileRef = 6D31D0871AC2E90B001AC4BA /* SystemConfiguration.framework */; };
		6D31D08D1AC2EB0D001AC4BA /* libsqlite3.dylib in Frameworks */ = {isa = PBXBuildFile; fileRef = 6D31D08C1AC2EB0D001AC4BA /* libsqlite3.dylib */; };
		6D31D08F1AC2EB1B001AC4BA /* ApplicationServices.framework in Frameworks */ = {isa = PBXBuildFile; fileRef = 6D31D08E1AC2EB1B001AC4BA /* ApplicationServices.framework */; };
		6D31D0991AC445CA001AC4BA /* Bolts.framework in Frameworks */ = {isa = PBXBuildFile; fileRef = 6D31D0971AC445CA001AC4BA /* Bolts.framework */; };
		6D31D09C1AC44613001AC4BA /* Bolts.framework in Embed Frameworks */ = {isa = PBXBuildFile; fileRef = 6D31D0971AC445CA001AC4BA /* Bolts.framework */; settings = {ATTRIBUTES = (CodeSignOnCopy, RemoveHeadersOnCopy, ); }; };
		6D31D09E1AC44619001AC4BA /* ParseOSX.framework in Frameworks */ = {isa = PBXBuildFile; fileRef = 6D31D0981AC445CA001AC4BA /* ParseOSX.framework */; };
		6D31D09F1AC44619001AC4BA /* ParseOSX.framework in Embed Frameworks */ = {isa = PBXBuildFile; fileRef = 6D31D0981AC445CA001AC4BA /* ParseOSX.framework */; settings = {ATTRIBUTES = (CodeSignOnCopy, RemoveHeadersOnCopy, ); }; };
		6D31D0A11AC44785001AC4BA /* RCLog.swift in Sources */ = {isa = PBXBuildFile; fileRef = 6D31D0A01AC44785001AC4BA /* RCLog.swift */; };
/* End PBXBuildFile section */

/* Begin PBXContainerItemProxy section */
		6D31D0621AC196BC001AC4BA /* PBXContainerItemProxy */ = {
			isa = PBXContainerItemProxy;
			containerPortal = 6D31D0441AC196BB001AC4BA /* Project object */;
			proxyType = 1;
			remoteGlobalIDString = 6D31D04B1AC196BB001AC4BA;
			remoteInfo = "Jira Logger";
		};
/* End PBXContainerItemProxy section */

/* Begin PBXCopyFilesBuildPhase section */
		6D31D09D1AC44613001AC4BA /* Embed Frameworks */ = {
			isa = PBXCopyFilesBuildPhase;
			buildActionMask = 2147483647;
			dstPath = "";
			dstSubfolderSpec = 10;
			files = (
				6D31D09C1AC44613001AC4BA /* Bolts.framework in Embed Frameworks */,
				6D31D09F1AC44619001AC4BA /* ParseOSX.framework in Embed Frameworks */,
			);
			name = "Embed Frameworks";
			runOnlyForDeploymentPostprocessing = 0;
		};
/* End PBXCopyFilesBuildPhase section */

/* Begin PBXFileReference section */
		2899989D1AC27C0900706824 /* PanelBackgroundView.swift */ = {isa = PBXFileReference; fileEncoding = 4; lastKnownFileType = sourcecode.swift; path = PanelBackgroundView.swift; sourceTree = "<group>"; };
		2899989F1AC291B500706824 /* PanelController.swift */ = {isa = PBXFileReference; fileEncoding = 4; lastKnownFileType = sourcecode.swift; path = PanelController.swift; sourceTree = "<group>"; };
		289998A11AC2920200706824 /* JLPanel.swift */ = {isa = PBXFileReference; fileEncoding = 4; lastKnownFileType = sourcecode.swift; path = JLPanel.swift; sourceTree = "<group>"; };
		289998A31AC3354900706824 /* JiraData.swift */ = {isa = PBXFileReference; fileEncoding = 4; lastKnownFileType = sourcecode.swift; path = JiraData.swift; sourceTree = "<group>"; };
		289998A81AC3BDF200706824 /* MenuBarController.swift */ = {isa = PBXFileReference; fileEncoding = 4; lastKnownFileType = sourcecode.swift; path = MenuBarController.swift; sourceTree = "<group>"; };
		289998AA1AC3DCD200706824 /* PanelView.xib */ = {isa = PBXFileReference; fileEncoding = 4; lastKnownFileType = file.xib; path = PanelView.xib; sourceTree = "<group>"; };
		289998AC1AC3DD6F00706824 /* SettingsView.xib */ = {isa = PBXFileReference; fileEncoding = 4; lastKnownFileType = file.xib; path = SettingsView.xib; sourceTree = "<group>"; };
		6D31D04C1AC196BB001AC4BA /* Jira Logger.app */ = {isa = PBXFileReference; explicitFileType = wrapper.application; includeInIndex = 0; path = "Jira Logger.app"; sourceTree = BUILT_PRODUCTS_DIR; };
		6D31D0501AC196BB001AC4BA /* Info.plist */ = {isa = PBXFileReference; lastKnownFileType = text.plist.xml; path = Info.plist; sourceTree = "<group>"; };
		6D31D0511AC196BB001AC4BA /* AppDelegate.swift */ = {isa = PBXFileReference; lastKnownFileType = sourcecode.swift; path = AppDelegate.swift; sourceTree = "<group>"; };
		6D31D0531AC196BB001AC4BA /* ViewController.swift */ = {isa = PBXFileReference; lastKnownFileType = sourcecode.swift; path = ViewController.swift; sourceTree = "<group>"; };
		6D31D0581AC196BB001AC4BA /* Images.xcassets */ = {isa = PBXFileReference; lastKnownFileType = folder.assetcatalog; path = Images.xcassets; sourceTree = "<group>"; };
		6D31D05B1AC196BB001AC4BA /* Base */ = {isa = PBXFileReference; lastKnownFileType = file.storyboard; name = Base; path = Base.lproj/Main.storyboard; sourceTree = "<group>"; };
		6D31D0611AC196BC001AC4BA /* Jira LoggerTests.xctest */ = {isa = PBXFileReference; explicitFileType = wrapper.cfbundle; includeInIndex = 0; path = "Jira LoggerTests.xctest"; sourceTree = BUILT_PRODUCTS_DIR; };
		6D31D0661AC196BC001AC4BA /* Info.plist */ = {isa = PBXFileReference; lastKnownFileType = text.plist.xml; path = Info.plist; sourceTree = "<group>"; };
		6D31D0671AC196BC001AC4BA /* Jira_LoggerTests.swift */ = {isa = PBXFileReference; lastKnownFileType = sourcecode.swift; path = Jira_LoggerTests.swift; sourceTree = "<group>"; };
		6D31D0771AC2E8AE001AC4BA /* CFNetwork.framework */ = {isa = PBXFileReference; lastKnownFileType = wrapper.framework; name = CFNetwork.framework; path = System/Library/Frameworks/CFNetwork.framework; sourceTree = SDKROOT; };
		6D31D0791AC2E8B7001AC4BA /* CoreGraphics.framework */ = {isa = PBXFileReference; lastKnownFileType = wrapper.framework; name = CoreGraphics.framework; path = System/Library/Frameworks/CoreGraphics.framework; sourceTree = SDKROOT; };
		6D31D07B1AC2E8BF001AC4BA /* CoreLocation.framework */ = {isa = PBXFileReference; lastKnownFileType = wrapper.framework; name = CoreLocation.framework; path = System/Library/Frameworks/CoreLocation.framework; sourceTree = SDKROOT; };
		6D31D07D1AC2E8C9001AC4BA /* libz.dylib */ = {isa = PBXFileReference; lastKnownFileType = "compiled.mach-o.dylib"; name = libz.dylib; path = usr/lib/libz.dylib; sourceTree = SDKROOT; };
		6D31D0811AC2E8ED001AC4BA /* QuartzCore.framework */ = {isa = PBXFileReference; lastKnownFileType = wrapper.framework; name = QuartzCore.framework; path = System/Library/Frameworks/QuartzCore.framework; sourceTree = SDKROOT; };
		6D31D0831AC2E8F8001AC4BA /* Security.framework */ = {isa = PBXFileReference; lastKnownFileType = wrapper.framework; name = Security.framework; path = System/Library/Frameworks/Security.framework; sourceTree = SDKROOT; };
		6D31D0871AC2E90B001AC4BA /* SystemConfiguration.framework */ = {isa = PBXFileReference; lastKnownFileType = wrapper.framework; name = SystemConfiguration.framework; path = System/Library/Frameworks/SystemConfiguration.framework; sourceTree = SDKROOT; };
		6D31D0891AC2E966001AC4BA /* Jira Logger-Bridging-Header.h */ = {isa = PBXFileReference; lastKnownFileType = sourcecode.c.h; path = "Jira Logger-Bridging-Header.h"; sourceTree = "<group>"; };
		6D31D08C1AC2EB0D001AC4BA /* libsqlite3.dylib */ = {isa = PBXFileReference; lastKnownFileType = "compiled.mach-o.dylib"; name = libsqlite3.dylib; path = usr/lib/libsqlite3.dylib; sourceTree = SDKROOT; };
		6D31D08E1AC2EB1B001AC4BA /* ApplicationServices.framework */ = {isa = PBXFileReference; lastKnownFileType = wrapper.framework; name = ApplicationServices.framework; path = System/Library/Frameworks/ApplicationServices.framework; sourceTree = SDKROOT; };
		6D31D0971AC445CA001AC4BA /* Bolts.framework */ = {isa = PBXFileReference; lastKnownFileType = wrapper.framework; path = Bolts.framework; sourceTree = "<group>"; };
		6D31D0981AC445CA001AC4BA /* ParseOSX.framework */ = {isa = PBXFileReference; lastKnownFileType = wrapper.framework; path = ParseOSX.framework; sourceTree = "<group>"; };
		6D31D0A01AC44785001AC4BA /* RCLog.swift */ = {isa = PBXFileReference; fileEncoding = 4; lastKnownFileType = sourcecode.swift; path = RCLog.swift; sourceTree = "<group>"; };
/* End PBXFileReference section */

/* Begin PBXFrameworksBuildPhase section */
		6D31D0491AC196BB001AC4BA /* Frameworks */ = {
			isa = PBXFrameworksBuildPhase;
			buildActionMask = 2147483647;
			files = (
				6D31D08F1AC2EB1B001AC4BA /* ApplicationServices.framework in Frameworks */,
				6D31D0781AC2E8AE001AC4BA /* CFNetwork.framework in Frameworks */,
				6D31D07A1AC2E8B7001AC4BA /* CoreGraphics.framework in Frameworks */,
				6D31D07C1AC2E8BF001AC4BA /* CoreLocation.framework in Frameworks */,
				6D31D0821AC2E8ED001AC4BA /* QuartzCore.framework in Frameworks */,
				6D31D0841AC2E8F8001AC4BA /* Security.framework in Frameworks */,
				6D31D0991AC445CA001AC4BA /* Bolts.framework in Frameworks */,
				6D31D09E1AC44619001AC4BA /* ParseOSX.framework in Frameworks */,
				6D31D0881AC2E90B001AC4BA /* SystemConfiguration.framework in Frameworks */,
				6D31D08D1AC2EB0D001AC4BA /* libsqlite3.dylib in Frameworks */,
				6D31D07E1AC2E8C9001AC4BA /* libz.dylib in Frameworks */,
			);
			runOnlyForDeploymentPostprocessing = 0;
		};
		6D31D05E1AC196BC001AC4BA /* Frameworks */ = {
			isa = PBXFrameworksBuildPhase;
			buildActionMask = 2147483647;
			files = (
			);
			runOnlyForDeploymentPostprocessing = 0;
		};
/* End PBXFrameworksBuildPhase section */

/* Begin PBXGroup section */
		289998A51AC3427100706824 /* Controller */ = {
			isa = PBXGroup;
			children = (
				6D31D0531AC196BB001AC4BA /* ViewController.swift */,
				2899989F1AC291B500706824 /* PanelController.swift */,
				289998A81AC3BDF200706824 /* MenuBarController.swift */,
			);
			name = Controller;
			sourceTree = "<group>";
		};
		289998A61AC3429500706824 /* Data */ = {
			isa = PBXGroup;
			children = (
				289998A31AC3354900706824 /* JiraData.swift */,
			);
			name = Data;
			sourceTree = "<group>";
		};
		289998A71AC342AB00706824 /* View */ = {
			isa = PBXGroup;
			children = (
				289998A11AC2920200706824 /* JLPanel.swift */,
				2899989D1AC27C0900706824 /* PanelBackgroundView.swift */,
				6D31D05A1AC196BB001AC4BA /* Main.storyboard */,
				289998AA1AC3DCD200706824 /* PanelView.xib */,
				289998AC1AC3DD6F00706824 /* SettingsView.xib */,
			);
			name = View;
			sourceTree = "<group>";
		};
		6D31D0431AC196BB001AC4BA = {
			isa = PBXGroup;
			children = (
				6D31D04E1AC196BB001AC4BA /* Jira Logger */,
				6D31D0741AC2E439001AC4BA /* Frameworks */,
				6D31D0641AC196BC001AC4BA /* Jira LoggerTests */,
				6D31D04D1AC196BB001AC4BA /* Products */,
			);
			sourceTree = "<group>";
		};
		6D31D04D1AC196BB001AC4BA /* Products */ = {
			isa = PBXGroup;
			children = (
				6D31D04C1AC196BB001AC4BA /* Jira Logger.app */,
				6D31D0611AC196BC001AC4BA /* Jira LoggerTests.xctest */,
			);
			name = Products;
			sourceTree = "<group>";
		};
		6D31D04E1AC196BB001AC4BA /* Jira Logger */ = {
			isa = PBXGroup;
			children = (
				6D31D0511AC196BB001AC4BA /* AppDelegate.swift */,
				289998A51AC3427100706824 /* Controller */,
				289998A61AC3429500706824 /* Data */,
				289998A71AC342AB00706824 /* View */,
				6D31D0581AC196BB001AC4BA /* Images.xcassets */,
				6D31D0A21AC448FF001AC4BA /* Vendor */,
				6D31D04F1AC196BB001AC4BA /* Supporting Files */,
			);
			path = "Jira Logger";
			sourceTree = "<group>";
		};
		6D31D04F1AC196BB001AC4BA /* Supporting Files */ = {
			isa = PBXGroup;
			children = (
				6D31D0891AC2E966001AC4BA /* Jira Logger-Bridging-Header.h */,
				6D31D0501AC196BB001AC4BA /* Info.plist */,
			);
			name = "Supporting Files";
			sourceTree = "<group>";
		};
		6D31D0641AC196BC001AC4BA /* Jira LoggerTests */ = {
			isa = PBXGroup;
			children = (
				6D31D0671AC196BC001AC4BA /* Jira_LoggerTests.swift */,
				6D31D0651AC196BC001AC4BA /* Supporting Files */,
			);
			path = "Jira LoggerTests";
			sourceTree = "<group>";
		};
		6D31D0651AC196BC001AC4BA /* Supporting Files */ = {
			isa = PBXGroup;
			children = (
				6D31D0661AC196BC001AC4BA /* Info.plist */,
			);
			name = "Supporting Files";
			sourceTree = "<group>";
		};
		6D31D0741AC2E439001AC4BA /* Frameworks */ = {
			isa = PBXGroup;
			children = (
				6D31D08C1AC2EB0D001AC4BA /* libsqlite3.dylib */,
				6D31D07D1AC2E8C9001AC4BA /* libz.dylib */,
				6D31D08E1AC2EB1B001AC4BA /* ApplicationServices.framework */,
				6D31D0771AC2E8AE001AC4BA /* CFNetwork.framework */,
				6D31D0791AC2E8B7001AC4BA /* CoreGraphics.framework */,
				6D31D07B1AC2E8BF001AC4BA /* CoreLocation.framework */,
				6D31D0811AC2E8ED001AC4BA /* QuartzCore.framework */,
				6D31D0831AC2E8F8001AC4BA /* Security.framework */,
				6D31D0871AC2E90B001AC4BA /* SystemConfiguration.framework */,
				6D31D0971AC445CA001AC4BA /* Bolts.framework */,
				6D31D0981AC445CA001AC4BA /* ParseOSX.framework */,
			);
			name = Frameworks;
			path = "Jira Logger";
			sourceTree = "<group>";
		};
		6D31D0A21AC448FF001AC4BA /* Vendor */ = {
			isa = PBXGroup;
			children = (
				6D31D0A01AC44785001AC4BA /* RCLog.swift */,
			);
			name = Vendor;
			sourceTree = "<group>";
		};
/* End PBXGroup section */

/* Begin PBXNativeTarget section */
		6D31D04B1AC196BB001AC4BA /* Jira Logger */ = {
			isa = PBXNativeTarget;
			buildConfigurationList = 6D31D06B1AC196BC001AC4BA /* Build configuration list for PBXNativeTarget "Jira Logger" */;
			buildPhases = (
				6D31D0481AC196BB001AC4BA /* Sources */,
				6D31D0491AC196BB001AC4BA /* Frameworks */,
				6D31D04A1AC196BB001AC4BA /* Resources */,
				6D31D09D1AC44613001AC4BA /* Embed Frameworks */,
			);
			buildRules = (
			);
			dependencies = (
			);
			name = "Jira Logger";
			productName = "Jira Logger";
			productReference = 6D31D04C1AC196BB001AC4BA /* Jira Logger.app */;
			productType = "com.apple.product-type.application";
		};
		6D31D0601AC196BC001AC4BA /* Jira LoggerTests */ = {
			isa = PBXNativeTarget;
			buildConfigurationList = 6D31D06E1AC196BC001AC4BA /* Build configuration list for PBXNativeTarget "Jira LoggerTests" */;
			buildPhases = (
				6D31D05D1AC196BC001AC4BA /* Sources */,
				6D31D05E1AC196BC001AC4BA /* Frameworks */,
				6D31D05F1AC196BC001AC4BA /* Resources */,
			);
			buildRules = (
			);
			dependencies = (
				6D31D0631AC196BC001AC4BA /* PBXTargetDependency */,
			);
			name = "Jira LoggerTests";
			productName = "Jira LoggerTests";
			productReference = 6D31D0611AC196BC001AC4BA /* Jira LoggerTests.xctest */;
			productType = "com.apple.product-type.bundle.unit-test";
		};
/* End PBXNativeTarget section */

/* Begin PBXProject section */
		6D31D0441AC196BB001AC4BA /* Project object */ = {
			isa = PBXProject;
			attributes = {
				LastUpgradeCheck = 0620;
				ORGANIZATIONNAME = "Cristian Baluta";
				TargetAttributes = {
					6D31D04B1AC196BB001AC4BA = {
						CreatedOnToolsVersion = 6.2;
					};
					6D31D0601AC196BC001AC4BA = {
						CreatedOnToolsVersion = 6.2;
						TestTargetID = 6D31D04B1AC196BB001AC4BA;
					};
				};
			};
			buildConfigurationList = 6D31D0471AC196BB001AC4BA /* Build configuration list for PBXProject "Jira Logger" */;
			compatibilityVersion = "Xcode 3.2";
			developmentRegion = English;
			hasScannedForEncodings = 0;
			knownRegions = (
				en,
				Base,
			);
			mainGroup = 6D31D0431AC196BB001AC4BA;
			productRefGroup = 6D31D04D1AC196BB001AC4BA /* Products */;
			projectDirPath = "";
			projectRoot = "";
			targets = (
				6D31D04B1AC196BB001AC4BA /* Jira Logger */,
				6D31D0601AC196BC001AC4BA /* Jira LoggerTests */,
			);
		};
/* End PBXProject section */

/* Begin PBXResourcesBuildPhase section */
		6D31D04A1AC196BB001AC4BA /* Resources */ = {
			isa = PBXResourcesBuildPhase;
			buildActionMask = 2147483647;
			files = (
				289998AB1AC3DCD200706824 /* PanelView.xib in Resources */,
				289998AD1AC3DD6F00706824 /* SettingsView.xib in Resources */,
				6D31D0591AC196BB001AC4BA /* Images.xcassets in Resources */,
				6D31D05C1AC196BB001AC4BA /* Main.storyboard in Resources */,
			);
			runOnlyForDeploymentPostprocessing = 0;
		};
		6D31D05F1AC196BC001AC4BA /* Resources */ = {
			isa = PBXResourcesBuildPhase;
			buildActionMask = 2147483647;
			files = (
			);
			runOnlyForDeploymentPostprocessing = 0;
		};
/* End PBXResourcesBuildPhase section */

/* Begin PBXSourcesBuildPhase section */
		6D31D0481AC196BB001AC4BA /* Sources */ = {
			isa = PBXSourcesBuildPhase;
			buildActionMask = 2147483647;
			files = (
				289998A41AC3354900706824 /* JiraData.swift in Sources */,
				6D31D0541AC196BB001AC4BA /* ViewController.swift in Sources */,
				289998A21AC2920200706824 /* JLPanel.swift in Sources */,
				289998A01AC291B500706824 /* PanelController.swift in Sources */,
				6D31D0521AC196BB001AC4BA /* AppDelegate.swift in Sources */,
				6D31D0A11AC44785001AC4BA /* RCLog.swift in Sources */,
				2899989E1AC27C0900706824 /* PanelBackgroundView.swift in Sources */,
				289998A91AC3BDF200706824 /* MenuBarController.swift in Sources */,
			);
			runOnlyForDeploymentPostprocessing = 0;
		};
		6D31D05D1AC196BC001AC4BA /* Sources */ = {
			isa = PBXSourcesBuildPhase;
			buildActionMask = 2147483647;
			files = (
				6D31D0681AC196BC001AC4BA /* Jira_LoggerTests.swift in Sources */,
			);
			runOnlyForDeploymentPostprocessing = 0;
		};
/* End PBXSourcesBuildPhase section */

/* Begin PBXTargetDependency section */
		6D31D0631AC196BC001AC4BA /* PBXTargetDependency */ = {
			isa = PBXTargetDependency;
			target = 6D31D04B1AC196BB001AC4BA /* Jira Logger */;
			targetProxy = 6D31D0621AC196BC001AC4BA /* PBXContainerItemProxy */;
		};
/* End PBXTargetDependency section */

/* Begin PBXVariantGroup section */
		6D31D05A1AC196BB001AC4BA /* Main.storyboard */ = {
			isa = PBXVariantGroup;
			children = (
				6D31D05B1AC196BB001AC4BA /* Base */,
			);
			name = Main.storyboard;
			sourceTree = "<group>";
		};
/* End PBXVariantGroup section */

/* Begin XCBuildConfiguration section */
		6D31D0691AC196BC001AC4BA /* Debug */ = {
			isa = XCBuildConfiguration;
			buildSettings = {
				ALWAYS_SEARCH_USER_PATHS = NO;
				CLANG_CXX_LANGUAGE_STANDARD = "gnu++0x";
				CLANG_CXX_LIBRARY = "libc++";
				CLANG_ENABLE_MODULES = YES;
				CLANG_ENABLE_OBJC_ARC = YES;
				CLANG_WARN_BOOL_CONVERSION = YES;
				CLANG_WARN_CONSTANT_CONVERSION = YES;
				CLANG_WARN_DIRECT_OBJC_ISA_USAGE = YES_ERROR;
				CLANG_WARN_EMPTY_BODY = YES;
				CLANG_WARN_ENUM_CONVERSION = YES;
				CLANG_WARN_INT_CONVERSION = YES;
				CLANG_WARN_OBJC_ROOT_CLASS = YES_ERROR;
				CLANG_WARN_UNREACHABLE_CODE = YES;
				CLANG_WARN__DUPLICATE_METHOD_MATCH = YES;
				CODE_SIGN_IDENTITY = "-";
				COPY_PHASE_STRIP = NO;
				ENABLE_STRICT_OBJC_MSGSEND = YES;
				GCC_C_LANGUAGE_STANDARD = gnu99;
				GCC_DYNAMIC_NO_PIC = NO;
				GCC_OPTIMIZATION_LEVEL = 0;
				GCC_PREPROCESSOR_DEFINITIONS = (
					"DEBUG=1",
					"$(inherited)",
				);
				GCC_SYMBOLS_PRIVATE_EXTERN = NO;
				GCC_WARN_64_TO_32_BIT_CONVERSION = YES;
				GCC_WARN_ABOUT_RETURN_TYPE = YES_ERROR;
				GCC_WARN_UNDECLARED_SELECTOR = YES;
				GCC_WARN_UNINITIALIZED_AUTOS = YES_AGGRESSIVE;
				GCC_WARN_UNUSED_FUNCTION = YES;
				GCC_WARN_UNUSED_VARIABLE = YES;
				MACOSX_DEPLOYMENT_TARGET = 10.10;
				MTL_ENABLE_DEBUG_INFO = YES;
				ONLY_ACTIVE_ARCH = YES;
				SDKROOT = macosx;
				SWIFT_OPTIMIZATION_LEVEL = "-Onone";
			};
			name = Debug;
		};
		6D31D06A1AC196BC001AC4BA /* Release */ = {
			isa = XCBuildConfiguration;
			buildSettings = {
				ALWAYS_SEARCH_USER_PATHS = NO;
				CLANG_CXX_LANGUAGE_STANDARD = "gnu++0x";
				CLANG_CXX_LIBRARY = "libc++";
				CLANG_ENABLE_MODULES = YES;
				CLANG_ENABLE_OBJC_ARC = YES;
				CLANG_WARN_BOOL_CONVERSION = YES;
				CLANG_WARN_CONSTANT_CONVERSION = YES;
				CLANG_WARN_DIRECT_OBJC_ISA_USAGE = YES_ERROR;
				CLANG_WARN_EMPTY_BODY = YES;
				CLANG_WARN_ENUM_CONVERSION = YES;
				CLANG_WARN_INT_CONVERSION = YES;
				CLANG_WARN_OBJC_ROOT_CLASS = YES_ERROR;
				CLANG_WARN_UNREACHABLE_CODE = YES;
				CLANG_WARN__DUPLICATE_METHOD_MATCH = YES;
				CODE_SIGN_IDENTITY = "-";
				COPY_PHASE_STRIP = NO;
				DEBUG_INFORMATION_FORMAT = "dwarf-with-dsym";
				ENABLE_NS_ASSERTIONS = NO;
				ENABLE_STRICT_OBJC_MSGSEND = YES;
				GCC_C_LANGUAGE_STANDARD = gnu99;
				GCC_WARN_64_TO_32_BIT_CONVERSION = YES;
				GCC_WARN_ABOUT_RETURN_TYPE = YES_ERROR;
				GCC_WARN_UNDECLARED_SELECTOR = YES;
				GCC_WARN_UNINITIALIZED_AUTOS = YES_AGGRESSIVE;
				GCC_WARN_UNUSED_FUNCTION = YES;
				GCC_WARN_UNUSED_VARIABLE = YES;
				MACOSX_DEPLOYMENT_TARGET = 10.10;
				MTL_ENABLE_DEBUG_INFO = NO;
				SDKROOT = macosx;
			};
			name = Release;
		};
		6D31D06C1AC196BC001AC4BA /* Debug */ = {
			isa = XCBuildConfiguration;
			buildSettings = {
				ASSETCATALOG_COMPILER_APPICON_NAME = AppIcon;
				CLANG_ENABLE_MODULES = YES;
				COMBINE_HIDPI_IMAGES = YES;
				FRAMEWORK_SEARCH_PATHS = (
					"$(inherited)",
					"$(PROJECT_DIR)/Jira",
					Logger,
					"$(PROJECT_DIR)/Jira",
					Logger,
					"$(PROJECT_DIR)/Jira",
					Logger,
					"$(PROJECT_DIR)/Jira",
					Logger,
				);
				INFOPLIST_FILE = "Jira Logger/Info.plist";
				LD_RUNPATH_SEARCH_PATHS = "$(inherited) @executable_path/../Frameworks";
				PRODUCT_NAME = "$(TARGET_NAME)";
				SWIFT_OBJC_BRIDGING_HEADER = "Jira Logger/Jira Logger-Bridging-Header.h";
				SWIFT_OPTIMIZATION_LEVEL = "-Onone";
			};
			name = Debug;
		};
		6D31D06D1AC196BC001AC4BA /* Release */ = {
			isa = XCBuildConfiguration;
			buildSettings = {
				ASSETCATALOG_COMPILER_APPICON_NAME = AppIcon;
				CLANG_ENABLE_MODULES = YES;
				COMBINE_HIDPI_IMAGES = YES;
				FRAMEWORK_SEARCH_PATHS = (
					"$(inherited)",
					"$(PROJECT_DIR)/Jira",
					Logger,
					"$(PROJECT_DIR)/Jira",
					Logger,
					"$(PROJECT_DIR)/Jira",
					Logger,
					"$(PROJECT_DIR)/Jira",
					Logger,
				);
				INFOPLIST_FILE = "Jira Logger/Info.plist";
				LD_RUNPATH_SEARCH_PATHS = "$(inherited) @executable_path/../Frameworks";
				PRODUCT_NAME = "$(TARGET_NAME)";
				SWIFT_OBJC_BRIDGING_HEADER = "Jira Logger/Jira Logger-Bridging-Header.h";
			};
			name = Release;
		};
		6D31D06F1AC196BC001AC4BA /* Debug */ = {
			isa = XCBuildConfiguration;
			buildSettings = {
				BUNDLE_LOADER = "$(TEST_HOST)";
				COMBINE_HIDPI_IMAGES = YES;
				FRAMEWORK_SEARCH_PATHS = (
					"$(DEVELOPER_FRAMEWORKS_DIR)",
					"$(inherited)",
				);
				GCC_PREPROCESSOR_DEFINITIONS = (
					"DEBUG=1",
					"$(inherited)",
				);
				INFOPLIST_FILE = "Jira LoggerTests/Info.plist";
				LD_RUNPATH_SEARCH_PATHS = "$(inherited) @executable_path/../Frameworks @loader_path/../Frameworks";
				PRODUCT_NAME = "$(TARGET_NAME)";
				TEST_HOST = "$(BUILT_PRODUCTS_DIR)/Jira Logger.app/Contents/MacOS/Jira Logger";
			};
			name = Debug;
		};
		6D31D0701AC196BC001AC4BA /* Release */ = {
			isa = XCBuildConfiguration;
			buildSettings = {
				BUNDLE_LOADER = "$(TEST_HOST)";
				COMBINE_HIDPI_IMAGES = YES;
				FRAMEWORK_SEARCH_PATHS = (
					"$(DEVELOPER_FRAMEWORKS_DIR)",
					"$(inherited)",
				);
				INFOPLIST_FILE = "Jira LoggerTests/Info.plist";
				LD_RUNPATH_SEARCH_PATHS = "$(inherited) @executable_path/../Frameworks @loader_path/../Frameworks";
				PRODUCT_NAME = "$(TARGET_NAME)";
				TEST_HOST = "$(BUILT_PRODUCTS_DIR)/Jira Logger.app/Contents/MacOS/Jira Logger";
			};
			name = Release;
		};
/* End XCBuildConfiguration section */

/* Begin XCConfigurationList section */
		6D31D0471AC196BB001AC4BA /* Build configuration list for PBXProject "Jira Logger" */ = {
			isa = XCConfigurationList;
			buildConfigurations = (
				6D31D0691AC196BC001AC4BA /* Debug */,
				6D31D06A1AC196BC001AC4BA /* Release */,
			);
			defaultConfigurationIsVisible = 0;
			defaultConfigurationName = Release;
		};
		6D31D06B1AC196BC001AC4BA /* Build configuration list for PBXNativeTarget "Jira Logger" */ = {
			isa = XCConfigurationList;
			buildConfigurations = (
				6D31D06C1AC196BC001AC4BA /* Debug */,
				6D31D06D1AC196BC001AC4BA /* Release */,
			);
			defaultConfigurationIsVisible = 0;
			defaultConfigurationName = Release;
		};
		6D31D06E1AC196BC001AC4BA /* Build configuration list for PBXNativeTarget "Jira LoggerTests" */ = {
			isa = XCConfigurationList;
			buildConfigurations = (
				6D31D06F1AC196BC001AC4BA /* Debug */,
				6D31D0701AC196BC001AC4BA /* Release */,
			);
			defaultConfigurationIsVisible = 0;
			defaultConfigurationName = Release;
		};
/* End XCConfigurationList section */
	};
	rootObject = 6D31D0441AC196BB001AC4BA /* Project object */;
}
