// !$*UTF8*$!
{
	archiveVersion = 1;
	classes = {
	};
	objectVersion = 46;
	objects = {

/* Begin PBXBuildFile section */
		282426761B113D5000211713 /* FlipScreens.swift in Sources */ = {isa = PBXBuildFile; fileRef = 282426751B113D5000211713 /* FlipScreens.swift */; };
		282426781B113F6900211713 /* PopoverViewController.swift in Sources */ = {isa = PBXBuildFile; fileRef = 282426771B113F6900211713 /* PopoverViewController.swift */; };
		2851268B1BAB42A100D668F2 /* TaskCellTests.swift in Sources */ = {isa = PBXBuildFile; fileRef = 2851268A1BAB42A100D668F2 /* TaskCellTests.swift */; };
		2856DF171B13919A00A4D5A4 /* IosLoginViewController.swift in Sources */ = {isa = PBXBuildFile; fileRef = 2856DF161B13919A00A4D5A4 /* IosLoginViewController.swift */; };
		286585191B031D3A00352782 /* AppDelegate.swift in Sources */ = {isa = PBXBuildFile; fileRef = 286585181B031D3A00352782 /* AppDelegate.swift */; };
		286585221B031D3A00352782 /* Images.xcassets in Resources */ = {isa = PBXBuildFile; fileRef = 286585211B031D3A00352782 /* Images.xcassets */; };
		286585251B031D3A00352782 /* LaunchScreen.xib in Resources */ = {isa = PBXBuildFile; fileRef = 286585231B031D3A00352782 /* LaunchScreen.xib */; };
		286585311B031D3A00352782 /* Jirassic_ScrumTests.swift in Sources */ = {isa = PBXBuildFile; fileRef = 286585301B031D3A00352782 /* Jirassic_ScrumTests.swift */; };
		286585381B03E5EA00352782 /* libsqlite3.dylib in Frameworks */ = {isa = PBXBuildFile; fileRef = 2846C92D1AFF905D00779357 /* libsqlite3.dylib */; };
		286585391B03E5ED00352782 /* libsqlite3.dylib in Frameworks */ = {isa = PBXBuildFile; fileRef = 2846C92D1AFF905D00779357 /* libsqlite3.dylib */; };
		2865853A1B03E5F100352782 /* libz.dylib in Frameworks */ = {isa = PBXBuildFile; fileRef = 2846C92B1AFF905100779357 /* libz.dylib */; };
		2865853B1B03E5F200352782 /* libz.dylib in Frameworks */ = {isa = PBXBuildFile; fileRef = 2846C92B1AFF905100779357 /* libz.dylib */; };
		2865853C1B03E5F600352782 /* SystemConfiguration.framework in Frameworks */ = {isa = PBXBuildFile; fileRef = 2846C9291AFF904500779357 /* SystemConfiguration.framework */; };
		2865853D1B03E5F600352782 /* SystemConfiguration.framework in Frameworks */ = {isa = PBXBuildFile; fileRef = 2846C9291AFF904500779357 /* SystemConfiguration.framework */; };
		2865853E1B03E5FC00352782 /* Security.framework in Frameworks */ = {isa = PBXBuildFile; fileRef = 2846C9251AFF903000779357 /* Security.framework */; };
		2865853F1B03E5FC00352782 /* Security.framework in Frameworks */ = {isa = PBXBuildFile; fileRef = 2846C9251AFF903000779357 /* Security.framework */; };
		286585401B03E60000352782 /* QuartzCore.framework in Frameworks */ = {isa = PBXBuildFile; fileRef = 2846C9231AFF902600779357 /* QuartzCore.framework */; };
		286585411B03E60100352782 /* QuartzCore.framework in Frameworks */ = {isa = PBXBuildFile; fileRef = 2846C9231AFF902600779357 /* QuartzCore.framework */; };
		286585421B03E60500352782 /* MobileCoreServices.framework in Frameworks */ = {isa = PBXBuildFile; fileRef = 2846C9211AFF901C00779357 /* MobileCoreServices.framework */; };
		286585431B03E60600352782 /* MobileCoreServices.framework in Frameworks */ = {isa = PBXBuildFile; fileRef = 2846C9211AFF901C00779357 /* MobileCoreServices.framework */; };
		286585441B03E60B00352782 /* CoreLocation.framework in Frameworks */ = {isa = PBXBuildFile; fileRef = 2846C91F1AFF901300779357 /* CoreLocation.framework */; };
		286585451B03E60C00352782 /* CoreLocation.framework in Frameworks */ = {isa = PBXBuildFile; fileRef = 2846C91F1AFF901300779357 /* CoreLocation.framework */; };
		286585461B03E61800352782 /* CoreGraphics.framework in Frameworks */ = {isa = PBXBuildFile; fileRef = 2846C91D1AFF900400779357 /* CoreGraphics.framework */; };
		286585471B03E61900352782 /* CoreGraphics.framework in Frameworks */ = {isa = PBXBuildFile; fileRef = 2846C91D1AFF900400779357 /* CoreGraphics.framework */; };
		286585481B03E61E00352782 /* CFNetwork.framework in Frameworks */ = {isa = PBXBuildFile; fileRef = 2846C91B1AFF8FFA00779357 /* CFNetwork.framework */; };
		286585491B03E61E00352782 /* CFNetwork.framework in Frameworks */ = {isa = PBXBuildFile; fileRef = 2846C91B1AFF8FFA00779357 /* CFNetwork.framework */; };
		2865854A1B03E62300352782 /* AudioToolbox.framework in Frameworks */ = {isa = PBXBuildFile; fileRef = 2846C9161AFF8FB100779357 /* AudioToolbox.framework */; };
		2865854B1B03E62400352782 /* AudioToolbox.framework in Frameworks */ = {isa = PBXBuildFile; fileRef = 2846C9161AFF8FB100779357 /* AudioToolbox.framework */; };
		2865854C1B03E6CD00352782 /* DaysViewController.swift in Sources */ = {isa = PBXBuildFile; fileRef = 28EB906F1AF95C37008D5337 /* DaysViewController.swift */; };
		2865854D1B03E6D100352782 /* TasksViewController.swift in Sources */ = {isa = PBXBuildFile; fileRef = 28EB90711AF95C37008D5337 /* TasksViewController.swift */; };
		2865854F1B03EA6100352782 /* Bolts.framework in Frameworks */ = {isa = PBXBuildFile; fileRef = 2846C90B1AFF882E00779357 /* Bolts.framework */; };
		286585511B03EA6700352782 /* Parse.framework in Frameworks */ = {isa = PBXBuildFile; fileRef = 2846C90C1AFF882E00779357 /* Parse.framework */; };
		286585531B03EA6B00352782 /* RCLog.swift in Sources */ = {isa = PBXBuildFile; fileRef = 6D31D0A01AC44785001AC4BA /* RCLog.swift */; };
		286585541B03EA6C00352782 /* RCLog.swift in Sources */ = {isa = PBXBuildFile; fileRef = 6D31D0A01AC44785001AC4BA /* RCLog.swift */; };
		286585571B03EABA00352782 /* DataManagerProtocol.swift in Sources */ = {isa = PBXBuildFile; fileRef = 28E838FD1AF401A900602D33 /* DataManagerProtocol.swift */; };
		286585621B04022800352782 /* icon_120.png in Resources */ = {isa = PBXBuildFile; fileRef = 286585611B04022800352782 /* icon_120.png */; };
		286585651B053BE800352782 /* Main.storyboard in Resources */ = {isa = PBXBuildFile; fileRef = 286585631B053BE800352782 /* Main.storyboard */; };
		2865856A1B053CD300352782 /* TaskCell.swift in Sources */ = {isa = PBXBuildFile; fileRef = 286585691B053CD300352782 /* TaskCell.swift */; };
		2865856C1B054E3500352782 /* NonTaskCell.swift in Sources */ = {isa = PBXBuildFile; fileRef = 2865856B1B054E3500352782 /* NonTaskCell.swift */; };
		28778A581BB9B9A9003E4880 /* TaskTests.swift in Sources */ = {isa = PBXBuildFile; fileRef = 28778A571BB9B9A9003E4880 /* TaskTests.swift */; };
		28778A5A1BB9C70F003E4880 /* Issues.swift in Sources */ = {isa = PBXBuildFile; fileRef = 28778A591BB9C70F003E4880 /* Issues.swift */; };
		28778A5D1BB9C730003E4880 /* IssuesTests.swift in Sources */ = {isa = PBXBuildFile; fileRef = 28778A5C1BB9C730003E4880 /* IssuesTests.swift */; };
		28778A5F1BB9E29D003E4880 /* PredictiveTimeTypingTests.swift in Sources */ = {isa = PBXBuildFile; fileRef = 28778A5E1BB9E29D003E4880 /* PredictiveTimeTypingTests.swift */; };
		2894F1CB1B076EAE0095DD17 /* ReadTasksInteractor.swift in Sources */ = {isa = PBXBuildFile; fileRef = 28F51E791AC694B000A69CDF /* ReadTasksInteractor.swift */; };
		289998A21AC2920200706824 /* Popover.swift in Sources */ = {isa = PBXBuildFile; fileRef = 289998A11AC2920200706824 /* Popover.swift */; };
		289998A91AC3BDF200706824 /* MenuBarController.swift in Sources */ = {isa = PBXBuildFile; fileRef = 289998A81AC3BDF200706824 /* MenuBarController.swift */; };
		289E2AC51B2A3AAF003269A3 /* LaunchImage@2x.png in Resources */ = {isa = PBXBuildFile; fileRef = 289E2AC41B2A3AAF003269A3 /* LaunchImage@2x.png */; };
		289E2AF21B2D6D6E003269A3 /* RegisterUserInteractor.swift in Sources */ = {isa = PBXBuildFile; fileRef = 289E2AF11B2D6D6E003269A3 /* RegisterUserInteractor.swift */; };
		289E2B1D1B314207003269A3 /* TaskCell.xib in Resources */ = {isa = PBXBuildFile; fileRef = 28F51EB61AC6EF1700A69CDF /* TaskCell.xib */; };
		289E2B1F1B31420F003269A3 /* NonTaskCell.xib in Resources */ = {isa = PBXBuildFile; fileRef = 28B1F2BD1AFB2BF500D61472 /* NonTaskCell.xib */; };
		289E2B451B332C4C003269A3 /* Jirassic.iconset in Resources */ = {isa = PBXBuildFile; fileRef = 289E2B441B332C4C003269A3 /* Jirassic.iconset */; };
		28B161191BD2F03300508CF5 /* Bolts.framework in Frameworks */ = {isa = PBXBuildFile; fileRef = 28B161131BD2EE8900508CF5 /* Bolts.framework */; };
		28B1611A1BD2F03300508CF5 /* Bolts.framework in Embed Frameworks */ = {isa = PBXBuildFile; fileRef = 28B161131BD2EE8900508CF5 /* Bolts.framework */; settings = {ATTRIBUTES = (CodeSignOnCopy, RemoveHeadersOnCopy, ); }; };
		28B1611B1BD2F03300508CF5 /* Parse.framework in Frameworks */ = {isa = PBXBuildFile; fileRef = 28B161141BD2EE8900508CF5 /* Parse.framework */; };
		28B1611C1BD2F03300508CF5 /* Parse.framework in Embed Frameworks */ = {isa = PBXBuildFile; fileRef = 28B161141BD2EE8900508CF5 /* Parse.framework */; settings = {ATTRIBUTES = (CodeSignOnCopy, RemoveHeadersOnCopy, ); }; };
		28B1F2B41AFAA6C700D61472 /* NoTasksViewController.swift in Sources */ = {isa = PBXBuildFile; fileRef = 28B1F2B31AFAA6C700D61472 /* NoTasksViewController.swift */; };
		28B1F2B61AFAA6F600D61472 /* NewTaskViewController.swift in Sources */ = {isa = PBXBuildFile; fileRef = 28B1F2B51AFAA6F600D61472 /* NewTaskViewController.swift */; };
		28B1F2B81AFB11A900D61472 /* LoginViewController.swift in Sources */ = {isa = PBXBuildFile; fileRef = 28B1F2B71AFB11A900D61472 /* LoginViewController.swift */; };
		28B1F2BA1AFB2BCF00D61472 /* NonTaskCell.swift in Sources */ = {isa = PBXBuildFile; fileRef = 28B1F2B91AFB2BCF00D61472 /* NonTaskCell.swift */; };
		28B1F2BE1AFB2BF500D61472 /* NonTaskCell.xib in Resources */ = {isa = PBXBuildFile; fileRef = 28B1F2BD1AFB2BF500D61472 /* NonTaskCell.xib */; };
		28B1F2C21AFF260B00D61472 /* SleepNotifications.swift in Sources */ = {isa = PBXBuildFile; fileRef = 28B1F2C11AFF260B00D61472 /* SleepNotifications.swift */; };
		28B1F2C41AFF327D00D61472 /* TaskCellProtocol.swift in Sources */ = {isa = PBXBuildFile; fileRef = 28B1F2C31AFF327D00D61472 /* TaskCellProtocol.swift */; };
		28B71CBD1B28EC9400E44161 /* TaskTypeEstimatorTests.swift in Sources */ = {isa = PBXBuildFile; fileRef = 28B71CBC1B28EC9400E44161 /* TaskTypeEstimatorTests.swift */; };
		28C02F371C006AA600B65478 /* NSDateExtensionTests.swift in Sources */ = {isa = PBXBuildFile; fileRef = 28E839001AF402B200602D33 /* NSDateExtensionTests.swift */; };
		28C02F4A1C007E8E00B65478 /* DataManager.swift in Sources */ = {isa = PBXBuildFile; fileRef = 28C02F451C007E8E00B65478 /* DataManager.swift */; };
		28C02F4B1C007E8E00B65478 /* DataManager.swift in Sources */ = {isa = PBXBuildFile; fileRef = 28C02F451C007E8E00B65478 /* DataManager.swift */; };
		28C02F4C1C007E8E00B65478 /* InitParse.swift in Sources */ = {isa = PBXBuildFile; fileRef = 28C02F461C007E8E00B65478 /* InitParse.swift */; };
		28C02F4D1C007E8E00B65478 /* InitParse.swift in Sources */ = {isa = PBXBuildFile; fileRef = 28C02F461C007E8E00B65478 /* InitParse.swift */; };
		28C02F4E1C007E8E00B65478 /* ParseCredentials.swift in Sources */ = {isa = PBXBuildFile; fileRef = 28C02F471C007E8E00B65478 /* ParseCredentials.swift */; };
		28C02F4F1C007E8E00B65478 /* ParseCredentials.swift in Sources */ = {isa = PBXBuildFile; fileRef = 28C02F471C007E8E00B65478 /* ParseCredentials.swift */; };
		28C02F501C007E8E00B65478 /* PTask.swift in Sources */ = {isa = PBXBuildFile; fileRef = 28C02F481C007E8E00B65478 /* PTask.swift */; };
		28C02F511C007E8E00B65478 /* PTask.swift in Sources */ = {isa = PBXBuildFile; fileRef = 28C02F481C007E8E00B65478 /* PTask.swift */; };
		28C02F521C007E8E00B65478 /* PUser.swift in Sources */ = {isa = PBXBuildFile; fileRef = 28C02F491C007E8E00B65478 /* PUser.swift */; };
		28C02F531C007E8E00B65478 /* PUser.swift in Sources */ = {isa = PBXBuildFile; fileRef = 28C02F491C007E8E00B65478 /* PUser.swift */; };
		28C02F561C007F3000B65478 /* MockDataManager.swift in Sources */ = {isa = PBXBuildFile; fileRef = 28C02F551C007F3000B65478 /* MockDataManager.swift */; };
		28C02F571C007F3000B65478 /* MockDataManager.swift in Sources */ = {isa = PBXBuildFile; fileRef = 28C02F551C007F3000B65478 /* MockDataManager.swift */; };
		28C02F591C00801A00B65478 /* Task.swift in Sources */ = {isa = PBXBuildFile; fileRef = 28C02F581C00801A00B65478 /* Task.swift */; };
		28C02F5B1C00801B00B65478 /* Task.swift in Sources */ = {isa = PBXBuildFile; fileRef = 28C02F581C00801A00B65478 /* Task.swift */; };
		28C02F5E1C00803300B65478 /* User.swift in Sources */ = {isa = PBXBuildFile; fileRef = 28C02F5D1C00803300B65478 /* User.swift */; };
		28C02F601C00803300B65478 /* User.swift in Sources */ = {isa = PBXBuildFile; fileRef = 28C02F5D1C00803300B65478 /* User.swift */; };
		28C02F691C0080AD00B65478 /* typealiases.swift in Sources */ = {isa = PBXBuildFile; fileRef = 28C02F631C0080AD00B65478 /* typealiases.swift */; };
		28C02F6B1C0080AD00B65478 /* typealiases.swift in Sources */ = {isa = PBXBuildFile; fileRef = 28C02F631C0080AD00B65478 /* typealiases.swift */; };
		28C02F731C009C9700B65478 /* NSDateExtension.swift in Sources */ = {isa = PBXBuildFile; fileRef = 28C02F711C009C9700B65478 /* NSDateExtension.swift */; };
		28C02F751C009C9700B65478 /* NSDateExtension.swift in Sources */ = {isa = PBXBuildFile; fileRef = 28C02F711C009C9700B65478 /* NSDateExtension.swift */; };
		28C02F771C009C9700B65478 /* NSViewAutolayout.swift in Sources */ = {isa = PBXBuildFile; fileRef = 28C02F721C009C9700B65478 /* NSViewAutolayout.swift */; };
		28C02F791C009C9700B65478 /* NSViewAutolayout.swift in Sources */ = {isa = PBXBuildFile; fileRef = 28C02F721C009C9700B65478 /* NSViewAutolayout.swift */; };
		28C02F801C00A6C100B65478 /* LoginPresenter.swift in Sources */ = {isa = PBXBuildFile; fileRef = 28C02F7F1C00A6C100B65478 /* LoginPresenter.swift */; };
		28C02F821C00A6C100B65478 /* LoginPresenter.swift in Sources */ = {isa = PBXBuildFile; fileRef = 28C02F7F1C00A6C100B65478 /* LoginPresenter.swift */; };
		28C02F851C00A6F300B65478 /* LoginInteractor.swift in Sources */ = {isa = PBXBuildFile; fileRef = 28C02F841C00A6F300B65478 /* LoginInteractor.swift */; };
		28C02F871C00A6F300B65478 /* LoginInteractor.swift in Sources */ = {isa = PBXBuildFile; fileRef = 28C02F841C00A6F300B65478 /* LoginInteractor.swift */; };
		28C02F8B1C010ABC00B65478 /* PIssue.swift in Sources */ = {isa = PBXBuildFile; fileRef = 28C02F8A1C010ABC00B65478 /* PIssue.swift */; };
		28C02F8C1C010ABC00B65478 /* PIssue.swift in Sources */ = {isa = PBXBuildFile; fileRef = 28C02F8A1C010ABC00B65478 /* PIssue.swift */; };
		28C02F8E1C01120700B65478 /* ReadDaysInteractor.swift in Sources */ = {isa = PBXBuildFile; fileRef = 28C02F8D1C01120700B65478 /* ReadDaysInteractor.swift */; };
		28C02F901C01120700B65478 /* ReadDaysInteractor.swift in Sources */ = {isa = PBXBuildFile; fileRef = 28C02F8D1C01120700B65478 /* ReadDaysInteractor.swift */; };
		28C02F931C01143C00B65478 /* ReadDayInteractor.swift in Sources */ = {isa = PBXBuildFile; fileRef = 28C02F921C01143C00B65478 /* ReadDayInteractor.swift */; };
		28C02F951C01143C00B65478 /* ReadDayInteractor.swift in Sources */ = {isa = PBXBuildFile; fileRef = 28C02F921C01143C00B65478 /* ReadDayInteractor.swift */; };
		28E57AC31BEC180C00B803E6 /* Wireframe.swift in Sources */ = {isa = PBXBuildFile; fileRef = 28E57AC21BEC180C00B803E6 /* Wireframe.swift */; };
		28E57AD41BF07ABB00B803E6 /* Scrum.swift in Sources */ = {isa = PBXBuildFile; fileRef = 28E57AD31BF07ABB00B803E6 /* Scrum.swift */; };
		28E838FA1AF297FE00602D33 /* Status.png in Resources */ = {isa = PBXBuildFile; fileRef = 28E838F71AF297FE00602D33 /* Status.png */; };
		28E838FB1AF297FE00602D33 /* Status@2x.png in Resources */ = {isa = PBXBuildFile; fileRef = 28E838F81AF297FE00602D33 /* Status@2x.png */; };
		28E838FE1AF401A900602D33 /* DataManagerProtocol.swift in Sources */ = {isa = PBXBuildFile; fileRef = 28E838FD1AF401A900602D33 /* DataManagerProtocol.swift */; };
		28E839011AF402B200602D33 /* NSDateExtensionTests.swift in Sources */ = {isa = PBXBuildFile; fileRef = 28E839001AF402B200602D33 /* NSDateExtensionTests.swift */; };
		28E839061AF4972300602D33 /* libsqlite3.dylib in Frameworks */ = {isa = PBXBuildFile; fileRef = 6D31D08C1AC2EB0D001AC4BA /* libsqlite3.dylib */; };
		28E839071AF4972700602D33 /* libz.dylib in Frameworks */ = {isa = PBXBuildFile; fileRef = 6D31D07D1AC2E8C9001AC4BA /* libz.dylib */; };
		28E839081AF4972B00602D33 /* ApplicationServices.framework in Frameworks */ = {isa = PBXBuildFile; fileRef = 6D31D08E1AC2EB1B001AC4BA /* ApplicationServices.framework */; };
		28E839091AF4972F00602D33 /* CFNetwork.framework in Frameworks */ = {isa = PBXBuildFile; fileRef = 6D31D0771AC2E8AE001AC4BA /* CFNetwork.framework */; };
		28E8390A1AF4973200602D33 /* CoreGraphics.framework in Frameworks */ = {isa = PBXBuildFile; fileRef = 6D31D0791AC2E8B7001AC4BA /* CoreGraphics.framework */; };
		28E8390B1AF4973500602D33 /* CoreLocation.framework in Frameworks */ = {isa = PBXBuildFile; fileRef = 6D31D07B1AC2E8BF001AC4BA /* CoreLocation.framework */; };
		28E8390C1AF4973900602D33 /* QuartzCore.framework in Frameworks */ = {isa = PBXBuildFile; fileRef = 6D31D0811AC2E8ED001AC4BA /* QuartzCore.framework */; };
		28E8390D1AF4973C00602D33 /* Security.framework in Frameworks */ = {isa = PBXBuildFile; fileRef = 6D31D0831AC2E8F8001AC4BA /* Security.framework */; };
		28E8390E1AF4973F00602D33 /* SystemConfiguration.framework in Frameworks */ = {isa = PBXBuildFile; fileRef = 6D31D0871AC2E90B001AC4BA /* SystemConfiguration.framework */; };
		28E839111AF4974D00602D33 /* RCLog.swift in Sources */ = {isa = PBXBuildFile; fileRef = 6D31D0A01AC44785001AC4BA /* RCLog.swift */; };
		28EB905D1AF73FD4008D5337 /* TaskTypeEstimator.swift in Sources */ = {isa = PBXBuildFile; fileRef = 28EB905C1AF73FD4008D5337 /* TaskTypeEstimator.swift */; };
		28EB90631AF948E3008D5337 /* NewDay.swift in Sources */ = {isa = PBXBuildFile; fileRef = 28EB90621AF948E3008D5337 /* NewDay.swift */; };
		28EB90921AF9754A008D5337 /* SettingsViewController.swift in Sources */ = {isa = PBXBuildFile; fileRef = 28EB90901AF9754A008D5337 /* SettingsViewController.swift */; };
		28EB90961AF9D6E9008D5337 /* PredictiveTimeTyping.swift in Sources */ = {isa = PBXBuildFile; fileRef = 28EB90951AF9D6E9008D5337 /* PredictiveTimeTyping.swift */; };
		28F292271B1C57B40015F64F /* CreateReportTests.swift in Sources */ = {isa = PBXBuildFile; fileRef = 28F292261B1C57B40015F64F /* CreateReportTests.swift */; };
		28F51E7A1AC694B000A69CDF /* ReadTasksInteractor.swift in Sources */ = {isa = PBXBuildFile; fileRef = 28F51E791AC694B000A69CDF /* ReadTasksInteractor.swift */; };
		28F51EA81AC6A37C00A69CDF /* MainMenu.xib in Resources */ = {isa = PBXBuildFile; fileRef = 28F51EA71AC6A37C00A69CDF /* MainMenu.xib */; };
		28F51EAA1AC6A3AE00A69CDF /* MenuBarIconView.swift in Sources */ = {isa = PBXBuildFile; fileRef = 28F51EA91AC6A3AE00A69CDF /* MenuBarIconView.swift */; };
		28F51EAF1AC6AB7A00A69CDF /* CreateReport.swift in Sources */ = {isa = PBXBuildFile; fileRef = 28F51EAE1AC6AB7A00A69CDF /* CreateReport.swift */; };
		28F51EB31AC6B6D800A69CDF /* TasksViewController.swift in Sources */ = {isa = PBXBuildFile; fileRef = 28F51EB21AC6B6D800A69CDF /* TasksViewController.swift */; };
		28F51EB51AC6EE5200A69CDF /* TaskCell.swift in Sources */ = {isa = PBXBuildFile; fileRef = 28F51EB41AC6EE5200A69CDF /* TaskCell.swift */; };
		28F51EB71AC6EF1700A69CDF /* TaskCell.xib in Resources */ = {isa = PBXBuildFile; fileRef = 28F51EB61AC6EF1700A69CDF /* TaskCell.xib */; };
		28F51EB91AC6F4FA00A69CDF /* TasksScrollView.swift in Sources */ = {isa = PBXBuildFile; fileRef = 28F51EB81AC6F4FA00A69CDF /* TasksScrollView.swift */; };
		28F51EBB1AC6F5F200A69CDF /* DaysScrollView.swift in Sources */ = {isa = PBXBuildFile; fileRef = 28F51EBA1AC6F5F200A69CDF /* DaysScrollView.swift */; };
		56F88FF31C06166500DC3807 /* main.m in Sources */ = {isa = PBXBuildFile; fileRef = 56F88FF21C06166500DC3807 /* main.m */; };
		6D31D0521AC196BB001AC4BA /* AppDelegate.swift in Sources */ = {isa = PBXBuildFile; fileRef = 6D31D0511AC196BB001AC4BA /* AppDelegate.swift */; };
		6D31D0591AC196BB001AC4BA /* Images.xcassets in Resources */ = {isa = PBXBuildFile; fileRef = 6D31D0581AC196BB001AC4BA /* Images.xcassets */; };
		6D31D05C1AC196BB001AC4BA /* Main.storyboard in Resources */ = {isa = PBXBuildFile; fileRef = 6D31D05A1AC196BB001AC4BA /* Main.storyboard */; };
		6D31D0781AC2E8AE001AC4BA /* CFNetwork.framework in Frameworks */ = {isa = PBXBuildFile; fileRef = 6D31D0771AC2E8AE001AC4BA /* CFNetwork.framework */; };
		6D31D07A1AC2E8B7001AC4BA /* CoreGraphics.framework in Frameworks */ = {isa = PBXBuildFile; fileRef = 6D31D0791AC2E8B7001AC4BA /* CoreGraphics.framework */; };
		6D31D07C1AC2E8BF001AC4BA /* CoreLocation.framework in Frameworks */ = {isa = PBXBuildFile; fileRef = 6D31D07B1AC2E8BF001AC4BA /* CoreLocation.framework */; };
		6D31D07E1AC2E8C9001AC4BA /* libz.dylib in Frameworks */ = {isa = PBXBuildFile; fileRef = 6D31D07D1AC2E8C9001AC4BA /* libz.dylib */; };
		6D31D0821AC2E8ED001AC4BA /* QuartzCore.framework in Frameworks */ = {isa = PBXBuildFile; fileRef = 6D31D0811AC2E8ED001AC4BA /* QuartzCore.framework */; };
		6D31D0841AC2E8F8001AC4BA /* Security.framework in Frameworks */ = {isa = PBXBuildFile; fileRef = 6D31D0831AC2E8F8001AC4BA /* Security.framework */; };
		6D31D0881AC2E90B001AC4BA /* SystemConfiguration.framework in Frameworks */ = {isa = PBXBuildFile; fileRef = 6D31D0871AC2E90B001AC4BA /* SystemConfiguration.framework */; };
		6D31D08D1AC2EB0D001AC4BA /* libsqlite3.dylib in Frameworks */ = {isa = PBXBuildFile; fileRef = 6D31D08C1AC2EB0D001AC4BA /* libsqlite3.dylib */; };
		6D31D08F1AC2EB1B001AC4BA /* ApplicationServices.framework in Frameworks */ = {isa = PBXBuildFile; fileRef = 6D31D08E1AC2EB1B001AC4BA /* ApplicationServices.framework */; };
		6D31D0A11AC44785001AC4BA /* RCLog.swift in Sources */ = {isa = PBXBuildFile; fileRef = 6D31D0A01AC44785001AC4BA /* RCLog.swift */; };
		6D89F7BD1BD5257400A6892B /* UpdateTaskInteractor.swift in Sources */ = {isa = PBXBuildFile; fileRef = 6D89F7BC1BD5257400A6892B /* UpdateTaskInteractor.swift */; };
		6D89F7BE1BD5257400A6892B /* UpdateTaskInteractor.swift in Sources */ = {isa = PBXBuildFile; fileRef = 6D89F7BC1BD5257400A6892B /* UpdateTaskInteractor.swift */; };
/* End PBXBuildFile section */

/* Begin PBXContainerItemProxy section */
		2865852B1B031D3A00352782 /* PBXContainerItemProxy */ = {
			isa = PBXContainerItemProxy;
			containerPortal = 6D31D0441AC196BB001AC4BA /* Project object */;
			proxyType = 1;
			remoteGlobalIDString = 286585131B031D3A00352782;
			remoteInfo = "Jirassic-Scrum";
		};
		6D31D0621AC196BC001AC4BA /* PBXContainerItemProxy */ = {
			isa = PBXContainerItemProxy;
			containerPortal = 6D31D0441AC196BB001AC4BA /* Project object */;
			proxyType = 1;
			remoteGlobalIDString = 6D31D04B1AC196BB001AC4BA;
			remoteInfo = Jirassic;
		};
/* End PBXContainerItemProxy section */

/* Begin PBXCopyFilesBuildPhase section */
		56F88FEE1C06166500DC3807 /* CopyFiles */ = {
			isa = PBXCopyFilesBuildPhase;
			buildActionMask = 2147483647;
			dstPath = /usr/share/man/man1/;
			dstSubfolderSpec = 0;
			files = (
			);
			runOnlyForDeploymentPostprocessing = 1;
		};
		6D31D09D1AC44613001AC4BA /* Embed Frameworks */ = {
			isa = PBXCopyFilesBuildPhase;
			buildActionMask = 2147483647;
			dstPath = "";
			dstSubfolderSpec = 10;
			files = (
				28B1611C1BD2F03300508CF5 /* Parse.framework in Embed Frameworks */,
				28B1611A1BD2F03300508CF5 /* Bolts.framework in Embed Frameworks */,
			);
			name = "Embed Frameworks";
			runOnlyForDeploymentPostprocessing = 0;
		};
/* End PBXCopyFilesBuildPhase section */

/* Begin PBXFileReference section */
		282426751B113D5000211713 /* FlipScreens.swift */ = {isa = PBXFileReference; fileEncoding = 4; lastKnownFileType = sourcecode.swift; path = FlipScreens.swift; sourceTree = "<group>"; };
		282426771B113F6900211713 /* PopoverViewController.swift */ = {isa = PBXFileReference; fileEncoding = 4; lastKnownFileType = sourcecode.swift; path = PopoverViewController.swift; sourceTree = "<group>"; };
		2846C90B1AFF882E00779357 /* Bolts.framework */ = {isa = PBXFileReference; lastKnownFileType = wrapper.framework; path = Bolts.framework; sourceTree = "<group>"; };
		2846C90C1AFF882E00779357 /* Parse.framework */ = {isa = PBXFileReference; lastKnownFileType = wrapper.framework; path = Parse.framework; sourceTree = "<group>"; };
		2846C9161AFF8FB100779357 /* AudioToolbox.framework */ = {isa = PBXFileReference; lastKnownFileType = wrapper.framework; name = AudioToolbox.framework; path = Platforms/iPhoneOS.platform/Developer/SDKs/iPhoneOS8.3.sdk/System/Library/Frameworks/AudioToolbox.framework; sourceTree = DEVELOPER_DIR; };
		2846C91B1AFF8FFA00779357 /* CFNetwork.framework */ = {isa = PBXFileReference; lastKnownFileType = wrapper.framework; name = CFNetwork.framework; path = Platforms/iPhoneOS.platform/Developer/SDKs/iPhoneOS8.3.sdk/System/Library/Frameworks/CFNetwork.framework; sourceTree = DEVELOPER_DIR; };
		2846C91D1AFF900400779357 /* CoreGraphics.framework */ = {isa = PBXFileReference; lastKnownFileType = wrapper.framework; name = CoreGraphics.framework; path = Platforms/iPhoneOS.platform/Developer/SDKs/iPhoneOS8.3.sdk/System/Library/Frameworks/CoreGraphics.framework; sourceTree = DEVELOPER_DIR; };
		2846C91F1AFF901300779357 /* CoreLocation.framework */ = {isa = PBXFileReference; lastKnownFileType = wrapper.framework; name = CoreLocation.framework; path = Platforms/iPhoneOS.platform/Developer/SDKs/iPhoneOS8.3.sdk/System/Library/Frameworks/CoreLocation.framework; sourceTree = DEVELOPER_DIR; };
		2846C9211AFF901C00779357 /* MobileCoreServices.framework */ = {isa = PBXFileReference; lastKnownFileType = wrapper.framework; name = MobileCoreServices.framework; path = Platforms/iPhoneOS.platform/Developer/SDKs/iPhoneOS8.3.sdk/System/Library/Frameworks/MobileCoreServices.framework; sourceTree = DEVELOPER_DIR; };
		2846C9231AFF902600779357 /* QuartzCore.framework */ = {isa = PBXFileReference; lastKnownFileType = wrapper.framework; name = QuartzCore.framework; path = Platforms/iPhoneOS.platform/Developer/SDKs/iPhoneOS8.3.sdk/System/Library/Frameworks/QuartzCore.framework; sourceTree = DEVELOPER_DIR; };
		2846C9251AFF903000779357 /* Security.framework */ = {isa = PBXFileReference; lastKnownFileType = wrapper.framework; name = Security.framework; path = Platforms/iPhoneOS.platform/Developer/SDKs/iPhoneOS8.3.sdk/System/Library/Frameworks/Security.framework; sourceTree = DEVELOPER_DIR; };
		2846C9291AFF904500779357 /* SystemConfiguration.framework */ = {isa = PBXFileReference; lastKnownFileType = wrapper.framework; name = SystemConfiguration.framework; path = Platforms/iPhoneOS.platform/Developer/SDKs/iPhoneOS8.3.sdk/System/Library/Frameworks/SystemConfiguration.framework; sourceTree = DEVELOPER_DIR; };
		2846C92B1AFF905100779357 /* libz.dylib */ = {isa = PBXFileReference; lastKnownFileType = "compiled.mach-o.dylib"; name = libz.dylib; path = Platforms/iPhoneOS.platform/Developer/SDKs/iPhoneOS8.3.sdk/usr/lib/libz.dylib; sourceTree = DEVELOPER_DIR; };
		2846C92D1AFF905D00779357 /* libsqlite3.dylib */ = {isa = PBXFileReference; lastKnownFileType = "compiled.mach-o.dylib"; name = libsqlite3.dylib; path = Platforms/iPhoneOS.platform/Developer/SDKs/iPhoneOS8.3.sdk/usr/lib/libsqlite3.dylib; sourceTree = DEVELOPER_DIR; };
		2851268A1BAB42A100D668F2 /* TaskCellTests.swift */ = {isa = PBXFileReference; fileEncoding = 4; lastKnownFileType = sourcecode.swift; name = TaskCellTests.swift; path = JirassicTests/TaskCellTests.swift; sourceTree = SOURCE_ROOT; };
		2856DF161B13919A00A4D5A4 /* IosLoginViewController.swift */ = {isa = PBXFileReference; fileEncoding = 4; lastKnownFileType = sourcecode.swift; path = IosLoginViewController.swift; sourceTree = "<group>"; };
		286585141B031D3A00352782 /* Jirassic-Scrum.app */ = {isa = PBXFileReference; explicitFileType = wrapper.application; includeInIndex = 0; path = "Jirassic-Scrum.app"; sourceTree = BUILT_PRODUCTS_DIR; };
		286585171B031D3A00352782 /* Info.plist */ = {isa = PBXFileReference; lastKnownFileType = text.plist.xml; path = Info.plist; sourceTree = "<group>"; };
		286585181B031D3A00352782 /* AppDelegate.swift */ = {isa = PBXFileReference; lastKnownFileType = sourcecode.swift; path = AppDelegate.swift; sourceTree = "<group>"; };
		286585211B031D3A00352782 /* Images.xcassets */ = {isa = PBXFileReference; lastKnownFileType = folder.assetcatalog; path = Images.xcassets; sourceTree = "<group>"; };
		286585241B031D3A00352782 /* Base */ = {isa = PBXFileReference; lastKnownFileType = file.xib; name = Base; path = Base.lproj/LaunchScreen.xib; sourceTree = "<group>"; };
		2865852A1B031D3A00352782 /* Jirassic-ScrumTests.xctest */ = {isa = PBXFileReference; explicitFileType = wrapper.cfbundle; includeInIndex = 0; path = "Jirassic-ScrumTests.xctest"; sourceTree = BUILT_PRODUCTS_DIR; };
		2865852F1B031D3A00352782 /* Info.plist */ = {isa = PBXFileReference; lastKnownFileType = text.plist.xml; path = Info.plist; sourceTree = "<group>"; };
		286585301B031D3A00352782 /* Jirassic_ScrumTests.swift */ = {isa = PBXFileReference; lastKnownFileType = sourcecode.swift; path = Jirassic_ScrumTests.swift; sourceTree = "<group>"; };
		2865855D1B03EB0F00352782 /* Jirassic-Scrum-Bridging-Header.h */ = {isa = PBXFileReference; lastKnownFileType = sourcecode.c.h; path = "Jirassic-Scrum-Bridging-Header.h"; sourceTree = "<group>"; };
		286585611B04022800352782 /* icon_120.png */ = {isa = PBXFileReference; lastKnownFileType = image.png; path = icon_120.png; sourceTree = "<group>"; };
		286585641B053BE800352782 /* Base */ = {isa = PBXFileReference; lastKnownFileType = file.storyboard; name = Base; path = Base.lproj/Main.storyboard; sourceTree = "<group>"; };
		286585691B053CD300352782 /* TaskCell.swift */ = {isa = PBXFileReference; fileEncoding = 4; lastKnownFileType = sourcecode.swift; path = TaskCell.swift; sourceTree = "<group>"; };
		2865856B1B054E3500352782 /* NonTaskCell.swift */ = {isa = PBXFileReference; fileEncoding = 4; lastKnownFileType = sourcecode.swift; path = NonTaskCell.swift; sourceTree = "<group>"; };
		28778A571BB9B9A9003E4880 /* TaskTests.swift */ = {isa = PBXFileReference; fileEncoding = 4; lastKnownFileType = sourcecode.swift; name = TaskTests.swift; path = JirassicTests/TaskTests.swift; sourceTree = SOURCE_ROOT; };
		28778A591BB9C70F003E4880 /* Issues.swift */ = {isa = PBXFileReference; fileEncoding = 4; lastKnownFileType = sourcecode.swift; path = Issues.swift; sourceTree = "<group>"; };
		28778A5C1BB9C730003E4880 /* IssuesTests.swift */ = {isa = PBXFileReference; fileEncoding = 4; lastKnownFileType = sourcecode.swift; path = IssuesTests.swift; sourceTree = "<group>"; };
		28778A5E1BB9E29D003E4880 /* PredictiveTimeTypingTests.swift */ = {isa = PBXFileReference; fileEncoding = 4; lastKnownFileType = sourcecode.swift; path = PredictiveTimeTypingTests.swift; sourceTree = "<group>"; };
		289998A11AC2920200706824 /* Popover.swift */ = {isa = PBXFileReference; fileEncoding = 4; lastKnownFileType = sourcecode.swift; path = Popover.swift; sourceTree = "<group>"; };
		289998A81AC3BDF200706824 /* MenuBarController.swift */ = {isa = PBXFileReference; fileEncoding = 4; lastKnownFileType = sourcecode.swift; path = MenuBarController.swift; sourceTree = "<group>"; };
		289E2AC41B2A3AAF003269A3 /* LaunchImage@2x.png */ = {isa = PBXFileReference; lastKnownFileType = image.png; name = "LaunchImage@2x.png"; path = "Resources/LaunchImage@2x.png"; sourceTree = SOURCE_ROOT; };
		289E2AF11B2D6D6E003269A3 /* RegisterUserInteractor.swift */ = {isa = PBXFileReference; fileEncoding = 4; lastKnownFileType = sourcecode.swift; path = RegisterUserInteractor.swift; sourceTree = "<group>"; };
		289E2B441B332C4C003269A3 /* Jirassic.iconset */ = {isa = PBXFileReference; lastKnownFileType = folder.iconset; name = Jirassic.iconset; path = Jirassic/Jirassic.iconset; sourceTree = SOURCE_ROOT; };
		28B161131BD2EE8900508CF5 /* Bolts.framework */ = {isa = PBXFileReference; lastKnownFileType = wrapper.framework; name = Bolts.framework; path = Jirassic/Bolts.framework; sourceTree = SOURCE_ROOT; };
		28B161141BD2EE8900508CF5 /* Parse.framework */ = {isa = PBXFileReference; lastKnownFileType = wrapper.framework; name = Parse.framework; path = Jirassic/Parse.framework; sourceTree = SOURCE_ROOT; };
		28B1F2B31AFAA6C700D61472 /* NoTasksViewController.swift */ = {isa = PBXFileReference; fileEncoding = 4; lastKnownFileType = sourcecode.swift; path = NoTasksViewController.swift; sourceTree = "<group>"; };
		28B1F2B51AFAA6F600D61472 /* NewTaskViewController.swift */ = {isa = PBXFileReference; fileEncoding = 4; lastKnownFileType = sourcecode.swift; path = NewTaskViewController.swift; sourceTree = "<group>"; };
		28B1F2B71AFB11A900D61472 /* LoginViewController.swift */ = {isa = PBXFileReference; fileEncoding = 4; lastKnownFileType = sourcecode.swift; path = LoginViewController.swift; sourceTree = "<group>"; };
		28B1F2B91AFB2BCF00D61472 /* NonTaskCell.swift */ = {isa = PBXFileReference; fileEncoding = 4; lastKnownFileType = sourcecode.swift; path = NonTaskCell.swift; sourceTree = "<group>"; };
		28B1F2BD1AFB2BF500D61472 /* NonTaskCell.xib */ = {isa = PBXFileReference; fileEncoding = 4; lastKnownFileType = file.xib; path = NonTaskCell.xib; sourceTree = "<group>"; };
		28B1F2C11AFF260B00D61472 /* SleepNotifications.swift */ = {isa = PBXFileReference; fileEncoding = 4; lastKnownFileType = sourcecode.swift; path = SleepNotifications.swift; sourceTree = "<group>"; };
		28B1F2C31AFF327D00D61472 /* TaskCellProtocol.swift */ = {isa = PBXFileReference; fileEncoding = 4; lastKnownFileType = sourcecode.swift; path = TaskCellProtocol.swift; sourceTree = "<group>"; };
		28B71CBC1B28EC9400E44161 /* TaskTypeEstimatorTests.swift */ = {isa = PBXFileReference; fileEncoding = 4; lastKnownFileType = sourcecode.swift; name = TaskTypeEstimatorTests.swift; path = JirassicTests/TaskTypeEstimatorTests.swift; sourceTree = SOURCE_ROOT; };
		28C02F451C007E8E00B65478 /* DataManager.swift */ = {isa = PBXFileReference; fileEncoding = 4; lastKnownFileType = sourcecode.swift; path = DataManager.swift; sourceTree = "<group>"; };
		28C02F461C007E8E00B65478 /* InitParse.swift */ = {isa = PBXFileReference; fileEncoding = 4; lastKnownFileType = sourcecode.swift; path = InitParse.swift; sourceTree = "<group>"; };
		28C02F471C007E8E00B65478 /* ParseCredentials.swift */ = {isa = PBXFileReference; fileEncoding = 4; lastKnownFileType = sourcecode.swift; path = ParseCredentials.swift; sourceTree = "<group>"; };
		28C02F481C007E8E00B65478 /* PTask.swift */ = {isa = PBXFileReference; fileEncoding = 4; lastKnownFileType = sourcecode.swift; path = PTask.swift; sourceTree = "<group>"; };
		28C02F491C007E8E00B65478 /* PUser.swift */ = {isa = PBXFileReference; fileEncoding = 4; lastKnownFileType = sourcecode.swift; path = PUser.swift; sourceTree = "<group>"; };
		28C02F551C007F3000B65478 /* MockDataManager.swift */ = {isa = PBXFileReference; fileEncoding = 4; lastKnownFileType = sourcecode.swift; path = MockDataManager.swift; sourceTree = "<group>"; };
		28C02F581C00801A00B65478 /* Task.swift */ = {isa = PBXFileReference; fileEncoding = 4; lastKnownFileType = sourcecode.swift; name = Task.swift; path = App/Entities/Task.swift; sourceTree = "<group>"; };
		28C02F5D1C00803300B65478 /* User.swift */ = {isa = PBXFileReference; fileEncoding = 4; lastKnownFileType = sourcecode.swift; name = User.swift; path = App/Entities/User.swift; sourceTree = "<group>"; };
		28C02F631C0080AD00B65478 /* typealiases.swift */ = {isa = PBXFileReference; fileEncoding = 4; lastKnownFileType = sourcecode.swift; name = typealiases.swift; path = App/Entities/typealiases.swift; sourceTree = "<group>"; };
		28C02F711C009C9700B65478 /* NSDateExtension.swift */ = {isa = PBXFileReference; fileEncoding = 4; lastKnownFileType = sourcecode.swift; name = NSDateExtension.swift; path = App/Extensions/NSDateExtension.swift; sourceTree = SOURCE_ROOT; };
		28C02F721C009C9700B65478 /* NSViewAutolayout.swift */ = {isa = PBXFileReference; fileEncoding = 4; lastKnownFileType = sourcecode.swift; name = NSViewAutolayout.swift; path = App/Extensions/NSViewAutolayout.swift; sourceTree = SOURCE_ROOT; };
		28C02F7F1C00A6C100B65478 /* LoginPresenter.swift */ = {isa = PBXFileReference; fileEncoding = 4; lastKnownFileType = sourcecode.swift; name = LoginPresenter.swift; path = App/LoginPresenter.swift; sourceTree = SOURCE_ROOT; };
		28C02F841C00A6F300B65478 /* LoginInteractor.swift */ = {isa = PBXFileReference; fileEncoding = 4; lastKnownFileType = sourcecode.swift; name = LoginInteractor.swift; path = App/LoginInteractor.swift; sourceTree = SOURCE_ROOT; };
		28C02F8A1C010ABC00B65478 /* PIssue.swift */ = {isa = PBXFileReference; fileEncoding = 4; lastKnownFileType = sourcecode.swift; path = PIssue.swift; sourceTree = "<group>"; };
		28C02F8D1C01120700B65478 /* ReadDaysInteractor.swift */ = {isa = PBXFileReference; fileEncoding = 4; lastKnownFileType = sourcecode.swift; path = ReadDaysInteractor.swift; sourceTree = "<group>"; };
		28C02F921C01143C00B65478 /* ReadDayInteractor.swift */ = {isa = PBXFileReference; fileEncoding = 4; lastKnownFileType = sourcecode.swift; path = ReadDayInteractor.swift; sourceTree = "<group>"; };
		28E57AC21BEC180C00B803E6 /* Wireframe.swift */ = {isa = PBXFileReference; fileEncoding = 4; lastKnownFileType = sourcecode.swift; path = Wireframe.swift; sourceTree = "<group>"; };
		28E57AD31BF07ABB00B803E6 /* Scrum.swift */ = {isa = PBXFileReference; fileEncoding = 4; lastKnownFileType = sourcecode.swift; path = Scrum.swift; sourceTree = "<group>"; };
		28E838F71AF297FE00602D33 /* Status.png */ = {isa = PBXFileReference; lastKnownFileType = image.png; path = Status.png; sourceTree = "<group>"; };
		28E838F81AF297FE00602D33 /* Status@2x.png */ = {isa = PBXFileReference; lastKnownFileType = image.png; path = "Status@2x.png"; sourceTree = "<group>"; };
		28E838FD1AF401A900602D33 /* DataManagerProtocol.swift */ = {isa = PBXFileReference; fileEncoding = 4; lastKnownFileType = sourcecode.swift; name = DataManagerProtocol.swift; path = ../App/DataManagerProtocol.swift; sourceTree = "<group>"; };
		28E839001AF402B200602D33 /* NSDateExtensionTests.swift */ = {isa = PBXFileReference; fileEncoding = 4; lastKnownFileType = sourcecode.swift; name = NSDateExtensionTests.swift; path = JirassicTests/NSDateExtensionTests.swift; sourceTree = SOURCE_ROOT; };
		28EB905C1AF73FD4008D5337 /* TaskTypeEstimator.swift */ = {isa = PBXFileReference; fileEncoding = 4; lastKnownFileType = sourcecode.swift; name = TaskTypeEstimator.swift; path = ../App/TaskTypeEstimator.swift; sourceTree = "<group>"; };
		28EB90621AF948E3008D5337 /* NewDay.swift */ = {isa = PBXFileReference; fileEncoding = 4; lastKnownFileType = sourcecode.swift; name = NewDay.swift; path = ../App/NewDay.swift; sourceTree = "<group>"; };
		28EB906F1AF95C37008D5337 /* DaysViewController.swift */ = {isa = PBXFileReference; lastKnownFileType = sourcecode.swift; path = DaysViewController.swift; sourceTree = "<group>"; };
		28EB90711AF95C37008D5337 /* TasksViewController.swift */ = {isa = PBXFileReference; lastKnownFileType = sourcecode.swift; path = TasksViewController.swift; sourceTree = "<group>"; };
		28EB90901AF9754A008D5337 /* SettingsViewController.swift */ = {isa = PBXFileReference; fileEncoding = 4; lastKnownFileType = sourcecode.swift; path = SettingsViewController.swift; sourceTree = "<group>"; };
		28EB90951AF9D6E9008D5337 /* PredictiveTimeTyping.swift */ = {isa = PBXFileReference; fileEncoding = 4; lastKnownFileType = sourcecode.swift; name = PredictiveTimeTyping.swift; path = ../App/PredictiveTimeTyping.swift; sourceTree = "<group>"; };
		28F292261B1C57B40015F64F /* CreateReportTests.swift */ = {isa = PBXFileReference; fileEncoding = 4; lastKnownFileType = sourcecode.swift; name = CreateReportTests.swift; path = JirassicTests/CreateReportTests.swift; sourceTree = SOURCE_ROOT; };
		28F2922A1B1C843D0015F64F /* JirassicTests-Bridging-Header.h */ = {isa = PBXFileReference; lastKnownFileType = sourcecode.c.h; path = "JirassicTests-Bridging-Header.h"; sourceTree = "<group>"; };
		28F51E791AC694B000A69CDF /* ReadTasksInteractor.swift */ = {isa = PBXFileReference; fileEncoding = 4; lastKnownFileType = sourcecode.swift; name = ReadTasksInteractor.swift; path = ../App/ReadTasksInteractor.swift; sourceTree = "<group>"; };
		28F51EA71AC6A37C00A69CDF /* MainMenu.xib */ = {isa = PBXFileReference; fileEncoding = 4; lastKnownFileType = file.xib; path = MainMenu.xib; sourceTree = "<group>"; };
		28F51EA91AC6A3AE00A69CDF /* MenuBarIconView.swift */ = {isa = PBXFileReference; fileEncoding = 4; lastKnownFileType = sourcecode.swift; path = MenuBarIconView.swift; sourceTree = "<group>"; };
		28F51EAE1AC6AB7A00A69CDF /* CreateReport.swift */ = {isa = PBXFileReference; fileEncoding = 4; lastKnownFileType = sourcecode.swift; name = CreateReport.swift; path = ../App/CreateReport.swift; sourceTree = "<group>"; };
		28F51EB21AC6B6D800A69CDF /* TasksViewController.swift */ = {isa = PBXFileReference; fileEncoding = 4; lastKnownFileType = sourcecode.swift; path = TasksViewController.swift; sourceTree = "<group>"; };
		28F51EB41AC6EE5200A69CDF /* TaskCell.swift */ = {isa = PBXFileReference; fileEncoding = 4; lastKnownFileType = sourcecode.swift; path = TaskCell.swift; sourceTree = "<group>"; };
		28F51EB61AC6EF1700A69CDF /* TaskCell.xib */ = {isa = PBXFileReference; fileEncoding = 4; lastKnownFileType = file.xib; path = TaskCell.xib; sourceTree = "<group>"; };
		28F51EB81AC6F4FA00A69CDF /* TasksScrollView.swift */ = {isa = PBXFileReference; fileEncoding = 4; lastKnownFileType = sourcecode.swift; path = TasksScrollView.swift; sourceTree = "<group>"; };
		28F51EBA1AC6F5F200A69CDF /* DaysScrollView.swift */ = {isa = PBXFileReference; fileEncoding = 4; lastKnownFileType = sourcecode.swift; path = DaysScrollView.swift; sourceTree = "<group>"; };
		56F88FF01C06166500DC3807 /* Jirrasic-Line */ = {isa = PBXFileReference; explicitFileType = "compiled.mach-o.executable"; includeInIndex = 0; path = "Jirrasic-Line"; sourceTree = BUILT_PRODUCTS_DIR; };
		56F88FF21C06166500DC3807 /* main.m */ = {isa = PBXFileReference; lastKnownFileType = sourcecode.c.objc; path = main.m; sourceTree = "<group>"; };
		6D31D04C1AC196BB001AC4BA /* Jirassic.app */ = {isa = PBXFileReference; explicitFileType = wrapper.application; includeInIndex = 0; path = Jirassic.app; sourceTree = BUILT_PRODUCTS_DIR; };
		6D31D0501AC196BB001AC4BA /* Info.plist */ = {isa = PBXFileReference; lastKnownFileType = text.plist.xml; path = Info.plist; sourceTree = "<group>"; };
		6D31D0511AC196BB001AC4BA /* AppDelegate.swift */ = {isa = PBXFileReference; lastKnownFileType = sourcecode.swift; path = AppDelegate.swift; sourceTree = "<group>"; };
		6D31D0581AC196BB001AC4BA /* Images.xcassets */ = {isa = PBXFileReference; lastKnownFileType = folder.assetcatalog; path = Images.xcassets; sourceTree = "<group>"; };
		6D31D05B1AC196BB001AC4BA /* Base */ = {isa = PBXFileReference; lastKnownFileType = file.storyboard; name = Base; path = Base.lproj/Main.storyboard; sourceTree = "<group>"; };
		6D31D0611AC196BC001AC4BA /* JirassicTests.xctest */ = {isa = PBXFileReference; explicitFileType = wrapper.cfbundle; includeInIndex = 0; path = JirassicTests.xctest; sourceTree = BUILT_PRODUCTS_DIR; };
		6D31D0661AC196BC001AC4BA /* Info.plist */ = {isa = PBXFileReference; lastKnownFileType = text.plist.xml; path = Info.plist; sourceTree = "<group>"; };
		6D31D0771AC2E8AE001AC4BA /* CFNetwork.framework */ = {isa = PBXFileReference; lastKnownFileType = wrapper.framework; name = CFNetwork.framework; path = System/Library/Frameworks/CFNetwork.framework; sourceTree = SDKROOT; };
		6D31D0791AC2E8B7001AC4BA /* CoreGraphics.framework */ = {isa = PBXFileReference; lastKnownFileType = wrapper.framework; name = CoreGraphics.framework; path = System/Library/Frameworks/CoreGraphics.framework; sourceTree = SDKROOT; };
		6D31D07B1AC2E8BF001AC4BA /* CoreLocation.framework */ = {isa = PBXFileReference; lastKnownFileType = wrapper.framework; name = CoreLocation.framework; path = System/Library/Frameworks/CoreLocation.framework; sourceTree = SDKROOT; };
		6D31D07D1AC2E8C9001AC4BA /* libz.dylib */ = {isa = PBXFileReference; lastKnownFileType = "compiled.mach-o.dylib"; name = libz.dylib; path = usr/lib/libz.dylib; sourceTree = SDKROOT; };
		6D31D0811AC2E8ED001AC4BA /* QuartzCore.framework */ = {isa = PBXFileReference; lastKnownFileType = wrapper.framework; name = QuartzCore.framework; path = System/Library/Frameworks/QuartzCore.framework; sourceTree = SDKROOT; };
		6D31D0831AC2E8F8001AC4BA /* Security.framework */ = {isa = PBXFileReference; lastKnownFileType = wrapper.framework; name = Security.framework; path = System/Library/Frameworks/Security.framework; sourceTree = SDKROOT; };
		6D31D0871AC2E90B001AC4BA /* SystemConfiguration.framework */ = {isa = PBXFileReference; lastKnownFileType = wrapper.framework; name = SystemConfiguration.framework; path = System/Library/Frameworks/SystemConfiguration.framework; sourceTree = SDKROOT; };
		6D31D08C1AC2EB0D001AC4BA /* libsqlite3.dylib */ = {isa = PBXFileReference; lastKnownFileType = "compiled.mach-o.dylib"; name = libsqlite3.dylib; path = usr/lib/libsqlite3.dylib; sourceTree = SDKROOT; };
		6D31D08E1AC2EB1B001AC4BA /* ApplicationServices.framework */ = {isa = PBXFileReference; lastKnownFileType = wrapper.framework; name = ApplicationServices.framework; path = System/Library/Frameworks/ApplicationServices.framework; sourceTree = SDKROOT; };
		6D31D0A01AC44785001AC4BA /* RCLog.swift */ = {isa = PBXFileReference; fileEncoding = 4; lastKnownFileType = sourcecode.swift; name = RCLog.swift; path = ../Vendor/RCLog.swift; sourceTree = "<group>"; };
		6D89F7BC1BD5257400A6892B /* UpdateTaskInteractor.swift */ = {isa = PBXFileReference; fileEncoding = 4; lastKnownFileType = sourcecode.swift; path = UpdateTaskInteractor.swift; sourceTree = "<group>"; };
/* End PBXFileReference section */

/* Begin PBXFrameworksBuildPhase section */
		286585111B031D3A00352782 /* Frameworks */ = {
			isa = PBXFrameworksBuildPhase;
			buildActionMask = 2147483647;
			files = (
				286585481B03E61E00352782 /* CFNetwork.framework in Frameworks */,
				286585401B03E60000352782 /* QuartzCore.framework in Frameworks */,
				286585381B03E5EA00352782 /* libsqlite3.dylib in Frameworks */,
				2865853C1B03E5F600352782 /* SystemConfiguration.framework in Frameworks */,
				286585421B03E60500352782 /* MobileCoreServices.framework in Frameworks */,
				286585461B03E61800352782 /* CoreGraphics.framework in Frameworks */,
				286585441B03E60B00352782 /* CoreLocation.framework in Frameworks */,
				2865854A1B03E62300352782 /* AudioToolbox.framework in Frameworks */,
				2865854F1B03EA6100352782 /* Bolts.framework in Frameworks */,
				2865853E1B03E5FC00352782 /* Security.framework in Frameworks */,
				286585511B03EA6700352782 /* Parse.framework in Frameworks */,
				2865853A1B03E5F100352782 /* libz.dylib in Frameworks */,
			);
			runOnlyForDeploymentPostprocessing = 0;
		};
		286585271B031D3A00352782 /* Frameworks */ = {
			isa = PBXFrameworksBuildPhase;
			buildActionMask = 2147483647;
			files = (
				286585491B03E61E00352782 /* CFNetwork.framework in Frameworks */,
				286585411B03E60100352782 /* QuartzCore.framework in Frameworks */,
				286585391B03E5ED00352782 /* libsqlite3.dylib in Frameworks */,
				2865853D1B03E5F600352782 /* SystemConfiguration.framework in Frameworks */,
				286585431B03E60600352782 /* MobileCoreServices.framework in Frameworks */,
				286585471B03E61900352782 /* CoreGraphics.framework in Frameworks */,
				286585451B03E60C00352782 /* CoreLocation.framework in Frameworks */,
				2865854B1B03E62400352782 /* AudioToolbox.framework in Frameworks */,
				2865853F1B03E5FC00352782 /* Security.framework in Frameworks */,
				2865853B1B03E5F200352782 /* libz.dylib in Frameworks */,
			);
			runOnlyForDeploymentPostprocessing = 0;
		};
		56F88FED1C06166500DC3807 /* Frameworks */ = {
			isa = PBXFrameworksBuildPhase;
			buildActionMask = 2147483647;
			files = (
			);
			runOnlyForDeploymentPostprocessing = 0;
		};
		6D31D0491AC196BB001AC4BA /* Frameworks */ = {
			isa = PBXFrameworksBuildPhase;
			buildActionMask = 2147483647;
			files = (
				6D31D08F1AC2EB1B001AC4BA /* ApplicationServices.framework in Frameworks */,
				6D31D0781AC2E8AE001AC4BA /* CFNetwork.framework in Frameworks */,
				6D31D07A1AC2E8B7001AC4BA /* CoreGraphics.framework in Frameworks */,
				28B161191BD2F03300508CF5 /* Bolts.framework in Frameworks */,
				6D31D07C1AC2E8BF001AC4BA /* CoreLocation.framework in Frameworks */,
				6D31D0821AC2E8ED001AC4BA /* QuartzCore.framework in Frameworks */,
				28B1611B1BD2F03300508CF5 /* Parse.framework in Frameworks */,
				6D31D0841AC2E8F8001AC4BA /* Security.framework in Frameworks */,
				6D31D0881AC2E90B001AC4BA /* SystemConfiguration.framework in Frameworks */,
				6D31D08D1AC2EB0D001AC4BA /* libsqlite3.dylib in Frameworks */,
				6D31D07E1AC2E8C9001AC4BA /* libz.dylib in Frameworks */,
			);
			runOnlyForDeploymentPostprocessing = 0;
		};
		6D31D05E1AC196BC001AC4BA /* Frameworks */ = {
			isa = PBXFrameworksBuildPhase;
			buildActionMask = 2147483647;
			files = (
				28E8390B1AF4973500602D33 /* CoreLocation.framework in Frameworks */,
				28E8390E1AF4973F00602D33 /* SystemConfiguration.framework in Frameworks */,
				28E839061AF4972300602D33 /* libsqlite3.dylib in Frameworks */,
				28E8390C1AF4973900602D33 /* QuartzCore.framework in Frameworks */,
				28E839081AF4972B00602D33 /* ApplicationServices.framework in Frameworks */,
				28E839091AF4972F00602D33 /* CFNetwork.framework in Frameworks */,
				28E8390A1AF4973200602D33 /* CoreGraphics.framework in Frameworks */,
				28E8390D1AF4973C00602D33 /* Security.framework in Frameworks */,
				28E839071AF4972700602D33 /* libz.dylib in Frameworks */,
			);
			runOnlyForDeploymentPostprocessing = 0;
		};
/* End PBXFrameworksBuildPhase section */

/* Begin PBXGroup section */
		2846C9111AFF8AC800779357 /* parse-ios */ = {
			isa = PBXGroup;
			children = (
				2846C90B1AFF882E00779357 /* Bolts.framework */,
				2846C90C1AFF882E00779357 /* Parse.framework */,
			);
			name = "parse-ios";
			path = ../Scrum;
			sourceTree = "<group>";
		};
		286585151B031D3A00352782 /* IOS */ = {
			isa = PBXGroup;
			children = (
				286585181B031D3A00352782 /* AppDelegate.swift */,
				286585631B053BE800352782 /* Main.storyboard */,
				2856DF161B13919A00A4D5A4 /* IosLoginViewController.swift */,
				28EB906F1AF95C37008D5337 /* DaysViewController.swift */,
				28EB90711AF95C37008D5337 /* TasksViewController.swift */,
				286585691B053CD300352782 /* TaskCell.swift */,
				2865856B1B054E3500352782 /* NonTaskCell.swift */,
				286585211B031D3A00352782 /* Images.xcassets */,
				286585231B031D3A00352782 /* LaunchScreen.xib */,
				286585161B031D3A00352782 /* Supporting Files */,
			);
			name = IOS;
			path = "Jirassic-Scrum";
			sourceTree = SOURCE_ROOT;
		};
		286585161B031D3A00352782 /* Supporting Files */ = {
			isa = PBXGroup;
			children = (
				286585611B04022800352782 /* icon_120.png */,
				289E2AC41B2A3AAF003269A3 /* LaunchImage@2x.png */,
				286585171B031D3A00352782 /* Info.plist */,
				2865855D1B03EB0F00352782 /* Jirassic-Scrum-Bridging-Header.h */,
			);
			name = "Supporting Files";
			sourceTree = "<group>";
		};
		2865852D1B031D3A00352782 /* Jirassic-ScrumTests */ = {
			isa = PBXGroup;
			children = (
				286585301B031D3A00352782 /* Jirassic_ScrumTests.swift */,
				2865852E1B031D3A00352782 /* Supporting Files */,
			);
			path = "Jirassic-ScrumTests";
			sourceTree = "<group>";
		};
		2865852E1B031D3A00352782 /* Supporting Files */ = {
			isa = PBXGroup;
			children = (
				2865852F1B031D3A00352782 /* Info.plist */,
			);
			name = "Supporting Files";
			sourceTree = "<group>";
		};
		289998A61AC3429500706824 /* External */ = {
			isa = PBXGroup;
			children = (
				28E838FD1AF401A900602D33 /* DataManagerProtocol.swift */,
				28C02F541C007F3000B65478 /* InMemoryStorage */,
				28C02F441C007E8E00B65478 /* Parse */,
			);
			name = External;
			path = Jirassic;
			sourceTree = "<group>";
		};
		289998A71AC342AB00706824 /* Login screen */ = {
			isa = PBXGroup;
			children = (
				28B1F2B71AFB11A900D61472 /* LoginViewController.swift */,
			);
			name = "Login screen";
			sourceTree = "<group>";
		};
		289E2AC61B2B6D21003269A3 /* Tasks */ = {
			isa = PBXGroup;
			children = (
				28EB905C1AF73FD4008D5337 /* TaskTypeEstimator.swift */,
				28B71CBC1B28EC9400E44161 /* TaskTypeEstimatorTests.swift */,
				28C02F7B1C009D6400B65478 /* Read */,
				28C02F7E1C00A57F00B65478 /* Write */,
			);
			name = Tasks;
			sourceTree = "<group>";
		};
		289E2AE61B2D6554003269A3 /* OSX */ = {
			isa = PBXGroup;
			children = (
				6D31D0511AC196BB001AC4BA /* AppDelegate.swift */,
				28E57AC21BEC180C00B803E6 /* Wireframe.swift */,
				28F51EA71AC6A37C00A69CDF /* MainMenu.xib */,
				6D31D05A1AC196BB001AC4BA /* Main.storyboard */,
				289998A81AC3BDF200706824 /* MenuBarController.swift */,
				28F51EA91AC6A3AE00A69CDF /* MenuBarIconView.swift */,
				289998A11AC2920200706824 /* Popover.swift */,
				282426771B113F6900211713 /* PopoverViewController.swift */,
				282426751B113D5000211713 /* FlipScreens.swift */,
				28E838FC1AF3372E00602D33 /* Tasks screen */,
				28EB908F1AF974DC008D5337 /* Settings screen */,
				289998A71AC342AB00706824 /* Login screen */,
				6D31D0581AC196BB001AC4BA /* Images.xcassets */,
				28E838F51AF297FE00602D33 /* Resources */,
				6D31D04F1AC196BB001AC4BA /* Supporting Files */,
			);
			name = OSX;
			sourceTree = "<group>";
		};
		289E2AE71B2D687F003269A3 /* Entities */ = {
			isa = PBXGroup;
			children = (
				28C02F631C0080AD00B65478 /* typealiases.swift */,
				28C02F581C00801A00B65478 /* Task.swift */,
				28778A571BB9B9A9003E4880 /* TaskTests.swift */,
				28C02F5D1C00803300B65478 /* User.swift */,
			);
			name = Entities;
			path = ..;
			sourceTree = "<group>";
		};
		289E2AEB1B2D6918003269A3 /* Use cases */ = {
			isa = PBXGroup;
			children = (
				28B1F2C11AFF260B00D61472 /* SleepNotifications.swift */,
				28F51EAE1AC6AB7A00A69CDF /* CreateReport.swift */,
				28F292261B1C57B40015F64F /* CreateReportTests.swift */,
				28E57AD31BF07ABB00B803E6 /* Scrum.swift */,
				28EB90951AF9D6E9008D5337 /* PredictiveTimeTyping.swift */,
				28778A5E1BB9E29D003E4880 /* PredictiveTimeTypingTests.swift */,
				28EB90621AF948E3008D5337 /* NewDay.swift */,
			);
			name = "Use cases";
			sourceTree = "<group>";
		};
		28C02F441C007E8E00B65478 /* Parse */ = {
			isa = PBXGroup;
			children = (
				28C02F451C007E8E00B65478 /* DataManager.swift */,
				28C02F461C007E8E00B65478 /* InitParse.swift */,
				28C02F471C007E8E00B65478 /* ParseCredentials.swift */,
				28C02F481C007E8E00B65478 /* PTask.swift */,
				28C02F491C007E8E00B65478 /* PUser.swift */,
				28C02F8A1C010ABC00B65478 /* PIssue.swift */,
			);
			name = Parse;
			path = ../External/Parse;
			sourceTree = "<group>";
		};
		28C02F541C007F3000B65478 /* InMemoryStorage */ = {
			isa = PBXGroup;
			children = (
				28C02F551C007F3000B65478 /* MockDataManager.swift */,
			);
			name = InMemoryStorage;
			path = ../External/InMemoryStorage;
			sourceTree = "<group>";
		};
		28C02F7B1C009D6400B65478 /* Read */ = {
			isa = PBXGroup;
			children = (
				28F51E791AC694B000A69CDF /* ReadTasksInteractor.swift */,
				28C02F8D1C01120700B65478 /* ReadDaysInteractor.swift */,
				28C02F921C01143C00B65478 /* ReadDayInteractor.swift */,
			);
			name = Read;
			sourceTree = "<group>";
		};
		28C02F7C1C009FB800B65478 /* Issues */ = {
			isa = PBXGroup;
			children = (
				28778A591BB9C70F003E4880 /* Issues.swift */,
				28778A5C1BB9C730003E4880 /* IssuesTests.swift */,
			);
			name = Issues;
			sourceTree = "<group>";
		};
		28C02F7D1C00A11400B65478 /* User */ = {
			isa = PBXGroup;
			children = (
				28C02F841C00A6F300B65478 /* LoginInteractor.swift */,
				28C02F7F1C00A6C100B65478 /* LoginPresenter.swift */,
				289E2AF11B2D6D6E003269A3 /* RegisterUserInteractor.swift */,
			);
			name = User;
			sourceTree = "<group>";
		};
		28C02F7E1C00A57F00B65478 /* Write */ = {
			isa = PBXGroup;
			children = (
				6D89F7BC1BD5257400A6892B /* UpdateTaskInteractor.swift */,
			);
			name = Write;
			sourceTree = "<group>";
		};
		28DB60911BCA5B27003FDE96 /* TasksViewController */ = {
			isa = PBXGroup;
			children = (
				28F51EB21AC6B6D800A69CDF /* TasksViewController.swift */,
				28F51EBA1AC6F5F200A69CDF /* DaysScrollView.swift */,
				28F51EB81AC6F4FA00A69CDF /* TasksScrollView.swift */,
				28F51EB41AC6EE5200A69CDF /* TaskCell.swift */,
				28F51EB61AC6EF1700A69CDF /* TaskCell.xib */,
				2851268A1BAB42A100D668F2 /* TaskCellTests.swift */,
				28B1F2B91AFB2BCF00D61472 /* NonTaskCell.swift */,
				28B1F2BD1AFB2BF500D61472 /* NonTaskCell.xib */,
			);
			name = TasksViewController;
			sourceTree = "<group>";
		};
		28DB60A41BD2E634003FDE96 /* parse-osx */ = {
			isa = PBXGroup;
			children = (
				28B161131BD2EE8900508CF5 /* Bolts.framework */,
				28B161141BD2EE8900508CF5 /* Parse.framework */,
			);
			name = "parse-osx";
			path = "Vendor/parse-osx";
			sourceTree = SOURCE_ROOT;
		};
		28E838F51AF297FE00602D33 /* Resources */ = {
			isa = PBXGroup;
			children = (
				289E2B441B332C4C003269A3 /* Jirassic.iconset */,
				28E838F71AF297FE00602D33 /* Status.png */,
				28E838F81AF297FE00602D33 /* Status@2x.png */,
			);
			path = Resources;
			sourceTree = SOURCE_ROOT;
		};
		28E838FC1AF3372E00602D33 /* Tasks screen */ = {
			isa = PBXGroup;
			children = (
				28DB60911BCA5B27003FDE96 /* TasksViewController */,
				28B1F2B31AFAA6C700D61472 /* NoTasksViewController.swift */,
				28B1F2B51AFAA6F600D61472 /* NewTaskViewController.swift */,
				28B1F2C31AFF327D00D61472 /* TaskCellProtocol.swift */,
			);
			name = "Tasks screen";
			sourceTree = "<group>";
		};
		28EB908F1AF974DC008D5337 /* Settings screen */ = {
			isa = PBXGroup;
			children = (
				28EB90901AF9754A008D5337 /* SettingsViewController.swift */,
			);
			name = "Settings screen";
			sourceTree = "<group>";
		};
		28F51E6C1AC68E6D00A69CDF /* App */ = {
			isa = PBXGroup;
			children = (
				289E2AE71B2D687F003269A3 /* Entities */,
				289E2AEB1B2D6918003269A3 /* Use cases */,
				28C02F7D1C00A11400B65478 /* User */,
				28C02F7C1C009FB800B65478 /* Issues */,
				289E2AC61B2B6D21003269A3 /* Tasks */,
				28F51EC41AC8059400A69CDF /* Extensions */,
			);
			name = App;
			path = Jirassic;
			sourceTree = "<group>";
		};
		28F51EC41AC8059400A69CDF /* Extensions */ = {
			isa = PBXGroup;
			children = (
				28C02F711C009C9700B65478 /* NSDateExtension.swift */,
				28E839001AF402B200602D33 /* NSDateExtensionTests.swift */,
				28C02F721C009C9700B65478 /* NSViewAutolayout.swift */,
			);
			name = Extensions;
			sourceTree = "<group>";
		};
		56F88FF11C06166500DC3807 /* Jirrasic-Line */ = {
			isa = PBXGroup;
			children = (
				56F88FF21C06166500DC3807 /* main.m */,
			);
			name = "Jirrasic-Line";
			path = "../Jirrasic-Line";
			sourceTree = "<group>";
		};
		6D31D0431AC196BB001AC4BA = {
			isa = PBXGroup;
			children = (
				28F51E6C1AC68E6D00A69CDF /* App */,
				6D31D04E1AC196BB001AC4BA /* Delivery */,
				289998A61AC3429500706824 /* External */,
				6D31D0641AC196BC001AC4BA /* JirassicTests */,
				2865852D1B031D3A00352782 /* Jirassic-ScrumTests */,
				6D31D0A21AC448FF001AC4BA /* Vendor */,
				6D31D0741AC2E439001AC4BA /* Frameworks */,
				6D31D04D1AC196BB001AC4BA /* Products */,
			);
			sourceTree = "<group>";
		};
		6D31D04D1AC196BB001AC4BA /* Products */ = {
			isa = PBXGroup;
			children = (
				6D31D04C1AC196BB001AC4BA /* Jirassic.app */,
				6D31D0611AC196BC001AC4BA /* JirassicTests.xctest */,
				286585141B031D3A00352782 /* Jirassic-Scrum.app */,
				2865852A1B031D3A00352782 /* Jirassic-ScrumTests.xctest */,
				56F88FF01C06166500DC3807 /* Jirrasic-Line */,
			);
			name = Products;
			sourceTree = "<group>";
		};
		6D31D04E1AC196BB001AC4BA /* Delivery */ = {
			isa = PBXGroup;
			children = (
				289E2AE61B2D6554003269A3 /* OSX */,
				286585151B031D3A00352782 /* IOS */,
				56F88FF11C06166500DC3807 /* Jirrasic-Line */,
			);
			name = Delivery;
			path = Jirassic;
			sourceTree = "<group>";
		};
		6D31D04F1AC196BB001AC4BA /* Supporting Files */ = {
			isa = PBXGroup;
			children = (
				6D31D0501AC196BB001AC4BA /* Info.plist */,
			);
			name = "Supporting Files";
			sourceTree = "<group>";
		};
		6D31D0641AC196BC001AC4BA /* JirassicTests */ = {
			isa = PBXGroup;
			children = (
				6D31D0651AC196BC001AC4BA /* Supporting Files */,
			);
			path = JirassicTests;
			sourceTree = "<group>";
		};
		6D31D0651AC196BC001AC4BA /* Supporting Files */ = {
			isa = PBXGroup;
			children = (
				28F2922A1B1C843D0015F64F /* JirassicTests-Bridging-Header.h */,
				6D31D0661AC196BC001AC4BA /* Info.plist */,
			);
			name = "Supporting Files";
			sourceTree = "<group>";
		};
		6D31D0741AC2E439001AC4BA /* Frameworks */ = {
			isa = PBXGroup;
			children = (
				2846C92D1AFF905D00779357 /* libsqlite3.dylib */,
				2846C92B1AFF905100779357 /* libz.dylib */,
				2846C9291AFF904500779357 /* SystemConfiguration.framework */,
				2846C9251AFF903000779357 /* Security.framework */,
				2846C9231AFF902600779357 /* QuartzCore.framework */,
				2846C9211AFF901C00779357 /* MobileCoreServices.framework */,
				2846C91F1AFF901300779357 /* CoreLocation.framework */,
				2846C91D1AFF900400779357 /* CoreGraphics.framework */,
				2846C91B1AFF8FFA00779357 /* CFNetwork.framework */,
				2846C9161AFF8FB100779357 /* AudioToolbox.framework */,
				6D31D08C1AC2EB0D001AC4BA /* libsqlite3.dylib */,
				6D31D07D1AC2E8C9001AC4BA /* libz.dylib */,
				6D31D08E1AC2EB1B001AC4BA /* ApplicationServices.framework */,
				6D31D0771AC2E8AE001AC4BA /* CFNetwork.framework */,
				6D31D0791AC2E8B7001AC4BA /* CoreGraphics.framework */,
				6D31D07B1AC2E8BF001AC4BA /* CoreLocation.framework */,
				6D31D0811AC2E8ED001AC4BA /* QuartzCore.framework */,
				6D31D0831AC2E8F8001AC4BA /* Security.framework */,
				6D31D0871AC2E90B001AC4BA /* SystemConfiguration.framework */,
			);
			name = Frameworks;
			path = Jirassic;
			sourceTree = "<group>";
		};
		6D31D0A21AC448FF001AC4BA /* Vendor */ = {
			isa = PBXGroup;
			children = (
				28DB60A41BD2E634003FDE96 /* parse-osx */,
				2846C9111AFF8AC800779357 /* parse-ios */,
				6D31D0A01AC44785001AC4BA /* RCLog.swift */,
			);
			name = Vendor;
			path = Jirassic;
			sourceTree = "<group>";
		};
/* End PBXGroup section */

/* Begin PBXNativeTarget section */
		286585131B031D3A00352782 /* Jirassic-Scrum */ = {
			isa = PBXNativeTarget;
			buildConfigurationList = 286585321B031D3A00352782 /* Build configuration list for PBXNativeTarget "Jirassic-Scrum" */;
			buildPhases = (
				286585101B031D3A00352782 /* Sources */,
				286585111B031D3A00352782 /* Frameworks */,
				286585121B031D3A00352782 /* Resources */,
			);
			buildRules = (
			);
			dependencies = (
			);
			name = "Jirassic-Scrum";
			productName = "Jirassic-Scrum";
			productReference = 286585141B031D3A00352782 /* Jirassic-Scrum.app */;
			productType = "com.apple.product-type.application";
		};
		286585291B031D3A00352782 /* Jirassic-ScrumTests */ = {
			isa = PBXNativeTarget;
			buildConfigurationList = 286585351B031D3A00352782 /* Build configuration list for PBXNativeTarget "Jirassic-ScrumTests" */;
			buildPhases = (
				286585261B031D3A00352782 /* Sources */,
				286585271B031D3A00352782 /* Frameworks */,
				286585281B031D3A00352782 /* Resources */,
			);
			buildRules = (
			);
			dependencies = (
				2865852C1B031D3A00352782 /* PBXTargetDependency */,
			);
			name = "Jirassic-ScrumTests";
			productName = "Jirassic-ScrumTests";
			productReference = 2865852A1B031D3A00352782 /* Jirassic-ScrumTests.xctest */;
			productType = "com.apple.product-type.bundle.unit-test";
		};
		56F88FEF1C06166500DC3807 /* Jirrasic-Line */ = {
			isa = PBXNativeTarget;
			buildConfigurationList = 56F88FF41C06166500DC3807 /* Build configuration list for PBXNativeTarget "Jirrasic-Line" */;
			buildPhases = (
				56F88FEC1C06166500DC3807 /* Sources */,
				56F88FED1C06166500DC3807 /* Frameworks */,
				56F88FEE1C06166500DC3807 /* CopyFiles */,
			);
			buildRules = (
			);
			dependencies = (
			);
			name = "Jirrasic-Line";
			productName = "Jirrasic-Line";
			productReference = 56F88FF01C06166500DC3807 /* Jirrasic-Line */;
			productType = "com.apple.product-type.tool";
		};
		6D31D04B1AC196BB001AC4BA /* Jirassic */ = {
			isa = PBXNativeTarget;
			buildConfigurationList = 6D31D06B1AC196BC001AC4BA /* Build configuration list for PBXNativeTarget "Jirassic" */;
			buildPhases = (
				6D31D0481AC196BB001AC4BA /* Sources */,
				6D31D0491AC196BB001AC4BA /* Frameworks */,
				6D31D04A1AC196BB001AC4BA /* Resources */,
				6D31D09D1AC44613001AC4BA /* Embed Frameworks */,
			);
			buildRules = (
			);
			dependencies = (
			);
			name = Jirassic;
			productName = Jirassic;
			productReference = 6D31D04C1AC196BB001AC4BA /* Jirassic.app */;
			productType = "com.apple.product-type.application";
		};
		6D31D0601AC196BC001AC4BA /* JirassicTests */ = {
			isa = PBXNativeTarget;
			buildConfigurationList = 6D31D06E1AC196BC001AC4BA /* Build configuration list for PBXNativeTarget "JirassicTests" */;
			buildPhases = (
				6D31D05D1AC196BC001AC4BA /* Sources */,
				6D31D05E1AC196BC001AC4BA /* Frameworks */,
				6D31D05F1AC196BC001AC4BA /* Resources */,
			);
			buildRules = (
			);
			dependencies = (
				6D31D0631AC196BC001AC4BA /* PBXTargetDependency */,
			);
			name = JirassicTests;
			productName = JirassicTests;
			productReference = 6D31D0611AC196BC001AC4BA /* JirassicTests.xctest */;
			productType = "com.apple.product-type.bundle.unit-test";
		};
/* End PBXNativeTarget section */

/* Begin PBXProject section */
		6D31D0441AC196BB001AC4BA /* Project object */ = {
			isa = PBXProject;
			attributes = {
				LastSwiftUpdateCheck = 0710;
				LastUpgradeCheck = 0710;
				ORGANIZATIONNAME = "Cristian Baluta";
				TargetAttributes = {
					286585131B031D3A00352782 = {
						CreatedOnToolsVersion = 6.3.1;
						DevelopmentTeam = 5NHDC5EV44;
					};
					286585291B031D3A00352782 = {
						CreatedOnToolsVersion = 6.3.1;
						DevelopmentTeam = 5NHDC5EV44;
						TestTargetID = 286585131B031D3A00352782;
					};
					56F88FEF1C06166500DC3807 = {
						CreatedOnToolsVersion = 7.1.1;
					};
					6D31D04B1AC196BB001AC4BA = {
						CreatedOnToolsVersion = 6.2;
					};
					6D31D0601AC196BC001AC4BA = {
						CreatedOnToolsVersion = 6.2;
						TestTargetID = 6D31D04B1AC196BB001AC4BA;
					};
				};
			};
			buildConfigurationList = 6D31D0471AC196BB001AC4BA /* Build configuration list for PBXProject "Jirassic" */;
			compatibilityVersion = "Xcode 3.2";
			developmentRegion = English;
			hasScannedForEncodings = 0;
			knownRegions = (
				en,
				Base,
			);
			mainGroup = 6D31D0431AC196BB001AC4BA;
			productRefGroup = 6D31D04D1AC196BB001AC4BA /* Products */;
			projectDirPath = "";
			projectRoot = "";
			targets = (
				6D31D04B1AC196BB001AC4BA /* Jirassic */,
				6D31D0601AC196BC001AC4BA /* JirassicTests */,
				286585131B031D3A00352782 /* Jirassic-Scrum */,
				286585291B031D3A00352782 /* Jirassic-ScrumTests */,
				56F88FEF1C06166500DC3807 /* Jirrasic-Line */,
			);
		};
/* End PBXProject section */

/* Begin PBXResourcesBuildPhase section */
		286585121B031D3A00352782 /* Resources */ = {
			isa = PBXResourcesBuildPhase;
			buildActionMask = 2147483647;
			files = (
				286585251B031D3A00352782 /* LaunchScreen.xib in Resources */,
				286585621B04022800352782 /* icon_120.png in Resources */,
				286585221B031D3A00352782 /* Images.xcassets in Resources */,
				286585651B053BE800352782 /* Main.storyboard in Resources */,
				289E2AC51B2A3AAF003269A3 /* LaunchImage@2x.png in Resources */,
			);
			runOnlyForDeploymentPostprocessing = 0;
		};
		286585281B031D3A00352782 /* Resources */ = {
			isa = PBXResourcesBuildPhase;
			buildActionMask = 2147483647;
			files = (
			);
			runOnlyForDeploymentPostprocessing = 0;
		};
		6D31D04A1AC196BB001AC4BA /* Resources */ = {
			isa = PBXResourcesBuildPhase;
			buildActionMask = 2147483647;
			files = (
				28B1F2BE1AFB2BF500D61472 /* NonTaskCell.xib in Resources */,
				6D31D0591AC196BB001AC4BA /* Images.xcassets in Resources */,
				6D31D05C1AC196BB001AC4BA /* Main.storyboard in Resources */,
				289E2B451B332C4C003269A3 /* Jirassic.iconset in Resources */,
				28F51EA81AC6A37C00A69CDF /* MainMenu.xib in Resources */,
				28E838FA1AF297FE00602D33 /* Status.png in Resources */,
				28E838FB1AF297FE00602D33 /* Status@2x.png in Resources */,
				28F51EB71AC6EF1700A69CDF /* TaskCell.xib in Resources */,
			);
			runOnlyForDeploymentPostprocessing = 0;
		};
		6D31D05F1AC196BC001AC4BA /* Resources */ = {
			isa = PBXResourcesBuildPhase;
			buildActionMask = 2147483647;
			files = (
				289E2B1F1B31420F003269A3 /* NonTaskCell.xib in Resources */,
				289E2B1D1B314207003269A3 /* TaskCell.xib in Resources */,
			);
			runOnlyForDeploymentPostprocessing = 0;
		};
/* End PBXResourcesBuildPhase section */

/* Begin PBXSourcesBuildPhase section */
		286585101B031D3A00352782 /* Sources */ = {
			isa = PBXSourcesBuildPhase;
			buildActionMask = 2147483647;
			files = (
				286585191B031D3A00352782 /* AppDelegate.swift in Sources */,
				2865856C1B054E3500352782 /* NonTaskCell.swift in Sources */,
				28C02F6B1C0080AD00B65478 /* typealiases.swift in Sources */,
				28C02F821C00A6C100B65478 /* LoginPresenter.swift in Sources */,
				28C02F871C00A6F300B65478 /* LoginInteractor.swift in Sources */,
				28C02F4B1C007E8E00B65478 /* DataManager.swift in Sources */,
				28C02F901C01120700B65478 /* ReadDaysInteractor.swift in Sources */,
				28C02F511C007E8E00B65478 /* PTask.swift in Sources */,
				2856DF171B13919A00A4D5A4 /* IosLoginViewController.swift in Sources */,
				2865856A1B053CD300352782 /* TaskCell.swift in Sources */,
				28C02F5B1C00801B00B65478 /* Task.swift in Sources */,
				28C02F601C00803300B65478 /* User.swift in Sources */,
				286585571B03EABA00352782 /* DataManagerProtocol.swift in Sources */,
				286585531B03EA6B00352782 /* RCLog.swift in Sources */,
				28C02F4D1C007E8E00B65478 /* InitParse.swift in Sources */,
				28C02F531C007E8E00B65478 /* PUser.swift in Sources */,
				28C02F4F1C007E8E00B65478 /* ParseCredentials.swift in Sources */,
				2865854C1B03E6CD00352782 /* DaysViewController.swift in Sources */,
				28C02F751C009C9700B65478 /* NSDateExtension.swift in Sources */,
				28C02F8C1C010ABC00B65478 /* PIssue.swift in Sources */,
				2894F1CB1B076EAE0095DD17 /* ReadTasksInteractor.swift in Sources */,
				2865854D1B03E6D100352782 /* TasksViewController.swift in Sources */,
				28C02F791C009C9700B65478 /* NSViewAutolayout.swift in Sources */,
				28C02F951C01143C00B65478 /* ReadDayInteractor.swift in Sources */,
			);
			runOnlyForDeploymentPostprocessing = 0;
		};
		286585261B031D3A00352782 /* Sources */ = {
			isa = PBXSourcesBuildPhase;
			buildActionMask = 2147483647;
			files = (
				286585311B031D3A00352782 /* Jirassic_ScrumTests.swift in Sources */,
				28C02F371C006AA600B65478 /* NSDateExtensionTests.swift in Sources */,
				286585541B03EA6C00352782 /* RCLog.swift in Sources */,
				28C02F571C007F3000B65478 /* MockDataManager.swift in Sources */,
			);
			runOnlyForDeploymentPostprocessing = 0;
		};
		56F88FEC1C06166500DC3807 /* Sources */ = {
			isa = PBXSourcesBuildPhase;
			buildActionMask = 2147483647;
			files = (
				56F88FF31C06166500DC3807 /* main.m in Sources */,
			);
			runOnlyForDeploymentPostprocessing = 0;
		};
		6D31D0481AC196BB001AC4BA /* Sources */ = {
			isa = PBXSourcesBuildPhase;
			buildActionMask = 2147483647;
			files = (
				28E838FE1AF401A900602D33 /* DataManagerProtocol.swift in Sources */,
				28C02F4A1C007E8E00B65478 /* DataManager.swift in Sources */,
				28C02F591C00801A00B65478 /* Task.swift in Sources */,
				28C02F801C00A6C100B65478 /* LoginPresenter.swift in Sources */,
				28C02F771C009C9700B65478 /* NSViewAutolayout.swift in Sources */,
				28EB90631AF948E3008D5337 /* NewDay.swift in Sources */,
				28EB90961AF9D6E9008D5337 /* PredictiveTimeTyping.swift in Sources */,
				28C02F8B1C010ABC00B65478 /* PIssue.swift in Sources */,
				28C02F851C00A6F300B65478 /* LoginInteractor.swift in Sources */,
				28C02F731C009C9700B65478 /* NSDateExtension.swift in Sources */,
				28B1F2C21AFF260B00D61472 /* SleepNotifications.swift in Sources */,
				28C02F8E1C01120700B65478 /* ReadDaysInteractor.swift in Sources */,
				28F51EB51AC6EE5200A69CDF /* TaskCell.swift in Sources */,
				28B1F2B61AFAA6F600D61472 /* NewTaskViewController.swift in Sources */,
				6D89F7BD1BD5257400A6892B /* UpdateTaskInteractor.swift in Sources */,
				28EB905D1AF73FD4008D5337 /* TaskTypeEstimator.swift in Sources */,
				289E2AF21B2D6D6E003269A3 /* RegisterUserInteractor.swift in Sources */,
				28F51EAF1AC6AB7A00A69CDF /* CreateReport.swift in Sources */,
				28F51E7A1AC694B000A69CDF /* ReadTasksInteractor.swift in Sources */,
				28C02F501C007E8E00B65478 /* PTask.swift in Sources */,
				28E57AC31BEC180C00B803E6 /* Wireframe.swift in Sources */,
				28C02F4E1C007E8E00B65478 /* ParseCredentials.swift in Sources */,
				28F51EB31AC6B6D800A69CDF /* TasksViewController.swift in Sources */,
				28F51EBB1AC6F5F200A69CDF /* DaysScrollView.swift in Sources */,
				28C02F521C007E8E00B65478 /* PUser.swift in Sources */,
				28C02F5E1C00803300B65478 /* User.swift in Sources */,
				289998A21AC2920200706824 /* Popover.swift in Sources */,
				28C02F4C1C007E8E00B65478 /* InitParse.swift in Sources */,
				28B1F2B81AFB11A900D61472 /* LoginViewController.swift in Sources */,
				28C02F691C0080AD00B65478 /* typealiases.swift in Sources */,
				28F51EAA1AC6A3AE00A69CDF /* MenuBarIconView.swift in Sources */,
				28C02F931C01143C00B65478 /* ReadDayInteractor.swift in Sources */,
				28778A5A1BB9C70F003E4880 /* Issues.swift in Sources */,
				6D31D0521AC196BB001AC4BA /* AppDelegate.swift in Sources */,
				28B1F2C41AFF327D00D61472 /* TaskCellProtocol.swift in Sources */,
				282426761B113D5000211713 /* FlipScreens.swift in Sources */,
				282426781B113F6900211713 /* PopoverViewController.swift in Sources */,
				28B1F2BA1AFB2BCF00D61472 /* NonTaskCell.swift in Sources */,
				28E57AD41BF07ABB00B803E6 /* Scrum.swift in Sources */,
				6D31D0A11AC44785001AC4BA /* RCLog.swift in Sources */,
				28F51EB91AC6F4FA00A69CDF /* TasksScrollView.swift in Sources */,
				28B1F2B41AFAA6C700D61472 /* NoTasksViewController.swift in Sources */,
				28EB90921AF9754A008D5337 /* SettingsViewController.swift in Sources */,
				289998A91AC3BDF200706824 /* MenuBarController.swift in Sources */,
			);
			runOnlyForDeploymentPostprocessing = 0;
		};
		6D31D05D1AC196BC001AC4BA /* Sources */ = {
			isa = PBXSourcesBuildPhase;
			buildActionMask = 2147483647;
			files = (
				28B71CBD1B28EC9400E44161 /* TaskTypeEstimatorTests.swift in Sources */,
				28778A5F1BB9E29D003E4880 /* PredictiveTimeTypingTests.swift in Sources */,
				28778A581BB9B9A9003E4880 /* TaskTests.swift in Sources */,
				6D89F7BE1BD5257400A6892B /* UpdateTaskInteractor.swift in Sources */,
				2851268B1BAB42A100D668F2 /* TaskCellTests.swift in Sources */,
				28F292271B1C57B40015F64F /* CreateReportTests.swift in Sources */,
				28E839111AF4974D00602D33 /* RCLog.swift in Sources */,
				28C02F561C007F3000B65478 /* MockDataManager.swift in Sources */,
				28E839011AF402B200602D33 /* NSDateExtensionTests.swift in Sources */,
				28778A5D1BB9C730003E4880 /* IssuesTests.swift in Sources */,
			);
			runOnlyForDeploymentPostprocessing = 0;
		};
/* End PBXSourcesBuildPhase section */

/* Begin PBXTargetDependency section */
		2865852C1B031D3A00352782 /* PBXTargetDependency */ = {
			isa = PBXTargetDependency;
			target = 286585131B031D3A00352782 /* Jirassic-Scrum */;
			targetProxy = 2865852B1B031D3A00352782 /* PBXContainerItemProxy */;
		};
		6D31D0631AC196BC001AC4BA /* PBXTargetDependency */ = {
			isa = PBXTargetDependency;
			target = 6D31D04B1AC196BB001AC4BA /* Jirassic */;
			targetProxy = 6D31D0621AC196BC001AC4BA /* PBXContainerItemProxy */;
		};
/* End PBXTargetDependency section */

/* Begin PBXVariantGroup section */
		286585231B031D3A00352782 /* LaunchScreen.xib */ = {
			isa = PBXVariantGroup;
			children = (
				286585241B031D3A00352782 /* Base */,
			);
			name = LaunchScreen.xib;
			sourceTree = "<group>";
		};
		286585631B053BE800352782 /* Main.storyboard */ = {
			isa = PBXVariantGroup;
			children = (
				286585641B053BE800352782 /* Base */,
			);
			name = Main.storyboard;
			sourceTree = "<group>";
		};
		6D31D05A1AC196BB001AC4BA /* Main.storyboard */ = {
			isa = PBXVariantGroup;
			children = (
				6D31D05B1AC196BB001AC4BA /* Base */,
			);
			name = Main.storyboard;
			sourceTree = "<group>";
		};
/* End PBXVariantGroup section */

/* Begin XCBuildConfiguration section */
		286585331B031D3A00352782 /* Debug */ = {
			isa = XCBuildConfiguration;
			buildSettings = {
				ASSETCATALOG_COMPILER_APPICON_NAME = AppIcon;
				CLANG_ENABLE_MODULES = YES;
				CODE_SIGN_IDENTITY = "iPhone Developer: Baluta Cristian (53NTS244G5)";
				"CODE_SIGN_IDENTITY[sdk=iphoneos*]" = "iPhone Developer: Baluta Cristian (53NTS244G5)";
				DEBUG_INFORMATION_FORMAT = "dwarf-with-dsym";
				FRAMEWORK_SEARCH_PATHS = (
					"$(inherited)",
					"$(PROJECT_DIR)/Scrum",
				);
				GCC_NO_COMMON_BLOCKS = YES;
				GCC_PREPROCESSOR_DEFINITIONS = (
					"DEBUG=1",
					"$(inherited)",
				);
				INFOPLIST_FILE = "Jirassic-Scrum/Info.plist";
				IPHONEOS_DEPLOYMENT_TARGET = 7.0;
				LD_RUNPATH_SEARCH_PATHS = "$(inherited) @executable_path/Frameworks";
				PRODUCT_NAME = "$(TARGET_NAME)";
				PROVISIONING_PROFILE = "";
				SDKROOT = iphoneos;
				SWIFT_OBJC_BRIDGING_HEADER = "Jirassic-Scrum/Jirassic-Scrum-Bridging-Header.h";
				SWIFT_OPTIMIZATION_LEVEL = "-Onone";
			};
			name = Debug;
		};
		286585341B031D3A00352782 /* Release */ = {
			isa = XCBuildConfiguration;
			buildSettings = {
				ASSETCATALOG_COMPILER_APPICON_NAME = AppIcon;
				CLANG_ENABLE_MODULES = YES;
				CODE_SIGN_IDENTITY = "iPhone Developer: Baluta Cristian (53NTS244G5)";
				"CODE_SIGN_IDENTITY[sdk=iphoneos*]" = "iPhone Developer: Baluta Cristian (53NTS244G5)";
				FRAMEWORK_SEARCH_PATHS = (
					"$(inherited)",
					"$(PROJECT_DIR)/Scrum",
				);
				GCC_NO_COMMON_BLOCKS = YES;
				INFOPLIST_FILE = "Jirassic-Scrum/Info.plist";
				IPHONEOS_DEPLOYMENT_TARGET = 7.0;
				LD_RUNPATH_SEARCH_PATHS = "$(inherited) @executable_path/Frameworks";
				PRODUCT_NAME = "$(TARGET_NAME)";
				PROVISIONING_PROFILE = "";
				SDKROOT = iphoneos;
				SWIFT_OBJC_BRIDGING_HEADER = "Jirassic-Scrum/Jirassic-Scrum-Bridging-Header.h";
				VALIDATE_PRODUCT = YES;
			};
			name = Release;
		};
		286585361B031D3A00352782 /* Debug */ = {
			isa = XCBuildConfiguration;
			buildSettings = {
				BUNDLE_LOADER = "$(TEST_HOST)";
				CODE_SIGN_IDENTITY = "iPhone Developer";
				"CODE_SIGN_IDENTITY[sdk=iphoneos*]" = "iPhone Developer";
				DEBUG_INFORMATION_FORMAT = "dwarf-with-dsym";
				FRAMEWORK_SEARCH_PATHS = (
					"$(SDKROOT)/Developer/Library/Frameworks",
					"$(inherited)",
					"$(PROJECT_DIR)/Scrum",
				);
				GCC_NO_COMMON_BLOCKS = YES;
				GCC_PREPROCESSOR_DEFINITIONS = (
					"DEBUG=1",
					"$(inherited)",
				);
				INFOPLIST_FILE = "Jirassic-ScrumTests/Info.plist";
				IPHONEOS_DEPLOYMENT_TARGET = 8.3;
				LD_RUNPATH_SEARCH_PATHS = "$(inherited) @executable_path/Frameworks @loader_path/Frameworks";
				PRODUCT_NAME = "$(TARGET_NAME)";
				PROVISIONING_PROFILE = "";
				SDKROOT = iphoneos;
				TEST_HOST = "$(BUILT_PRODUCTS_DIR)/Jirassic-Scrum.app/Jirassic-Scrum";
			};
			name = Debug;
		};
		286585371B031D3A00352782 /* Release */ = {
			isa = XCBuildConfiguration;
			buildSettings = {
				BUNDLE_LOADER = "$(TEST_HOST)";
				CODE_SIGN_IDENTITY = "iPhone Developer";
				"CODE_SIGN_IDENTITY[sdk=iphoneos*]" = "iPhone Developer";
				FRAMEWORK_SEARCH_PATHS = (
					"$(SDKROOT)/Developer/Library/Frameworks",
					"$(inherited)",
					"$(PROJECT_DIR)/Scrum",
				);
				GCC_NO_COMMON_BLOCKS = YES;
				INFOPLIST_FILE = "Jirassic-ScrumTests/Info.plist";
				IPHONEOS_DEPLOYMENT_TARGET = 8.3;
				LD_RUNPATH_SEARCH_PATHS = "$(inherited) @executable_path/Frameworks @loader_path/Frameworks";
				PRODUCT_NAME = "$(TARGET_NAME)";
				PROVISIONING_PROFILE = "";
				SDKROOT = iphoneos;
				TEST_HOST = "$(BUILT_PRODUCTS_DIR)/Jirassic-Scrum.app/Jirassic-Scrum";
				VALIDATE_PRODUCT = YES;
			};
			name = Release;
		};
		56F88FF51C06166500DC3807 /* Debug */ = {
			isa = XCBuildConfiguration;
			buildSettings = {
				DEBUG_INFORMATION_FORMAT = dwarf;
				GCC_NO_COMMON_BLOCKS = YES;
				MACOSX_DEPLOYMENT_TARGET = 10.11;
				PRODUCT_NAME = "$(TARGET_NAME)";
			};
			name = Debug;
		};
		56F88FF61C06166500DC3807 /* Release */ = {
			isa = XCBuildConfiguration;
			buildSettings = {
				GCC_NO_COMMON_BLOCKS = YES;
				MACOSX_DEPLOYMENT_TARGET = 10.11;
				PRODUCT_NAME = "$(TARGET_NAME)";
			};
			name = Release;
		};
		6D31D0691AC196BC001AC4BA /* Debug */ = {
			isa = XCBuildConfiguration;
			buildSettings = {
				ALWAYS_SEARCH_USER_PATHS = NO;
				CLANG_CXX_LANGUAGE_STANDARD = "gnu++0x";
				CLANG_CXX_LIBRARY = "libc++";
				CLANG_ENABLE_MODULES = YES;
				CLANG_ENABLE_OBJC_ARC = YES;
				CLANG_WARN_BOOL_CONVERSION = YES;
				CLANG_WARN_CONSTANT_CONVERSION = YES;
				CLANG_WARN_DIRECT_OBJC_ISA_USAGE = YES_ERROR;
				CLANG_WARN_EMPTY_BODY = YES;
				CLANG_WARN_ENUM_CONVERSION = YES;
				CLANG_WARN_INT_CONVERSION = YES;
				CLANG_WARN_OBJC_ROOT_CLASS = YES_ERROR;
				CLANG_WARN_UNREACHABLE_CODE = YES;
				CLANG_WARN__DUPLICATE_METHOD_MATCH = YES;
				CODE_SIGN_IDENTITY = "-";
				COPY_PHASE_STRIP = NO;
				ENABLE_STRICT_OBJC_MSGSEND = YES;
				ENABLE_TESTABILITY = YES;
				GCC_C_LANGUAGE_STANDARD = gnu99;
				GCC_DYNAMIC_NO_PIC = NO;
				GCC_OPTIMIZATION_LEVEL = 0;
				GCC_PREPROCESSOR_DEFINITIONS = (
					"DEBUG=1",
					"$(inherited)",
				);
				GCC_SYMBOLS_PRIVATE_EXTERN = NO;
				GCC_WARN_64_TO_32_BIT_CONVERSION = YES;
				GCC_WARN_ABOUT_RETURN_TYPE = YES_ERROR;
				GCC_WARN_UNDECLARED_SELECTOR = YES;
				GCC_WARN_UNINITIALIZED_AUTOS = YES_AGGRESSIVE;
				GCC_WARN_UNUSED_FUNCTION = YES;
				GCC_WARN_UNUSED_VARIABLE = YES;
				MACOSX_DEPLOYMENT_TARGET = 10.10;
				MTL_ENABLE_DEBUG_INFO = YES;
				ONLY_ACTIVE_ARCH = YES;
				SDKROOT = macosx;
				SWIFT_OPTIMIZATION_LEVEL = "-Onone";
			};
			name = Debug;
		};
		6D31D06A1AC196BC001AC4BA /* Release */ = {
			isa = XCBuildConfiguration;
			buildSettings = {
				ALWAYS_SEARCH_USER_PATHS = NO;
				CLANG_CXX_LANGUAGE_STANDARD = "gnu++0x";
				CLANG_CXX_LIBRARY = "libc++";
				CLANG_ENABLE_MODULES = YES;
				CLANG_ENABLE_OBJC_ARC = YES;
				CLANG_WARN_BOOL_CONVERSION = YES;
				CLANG_WARN_CONSTANT_CONVERSION = YES;
				CLANG_WARN_DIRECT_OBJC_ISA_USAGE = YES_ERROR;
				CLANG_WARN_EMPTY_BODY = YES;
				CLANG_WARN_ENUM_CONVERSION = YES;
				CLANG_WARN_INT_CONVERSION = YES;
				CLANG_WARN_OBJC_ROOT_CLASS = YES_ERROR;
				CLANG_WARN_UNREACHABLE_CODE = YES;
				CLANG_WARN__DUPLICATE_METHOD_MATCH = YES;
				CODE_SIGN_IDENTITY = "-";
				COPY_PHASE_STRIP = NO;
				DEBUG_INFORMATION_FORMAT = "dwarf-with-dsym";
				ENABLE_NS_ASSERTIONS = NO;
				ENABLE_STRICT_OBJC_MSGSEND = YES;
				GCC_C_LANGUAGE_STANDARD = gnu99;
				GCC_WARN_64_TO_32_BIT_CONVERSION = YES;
				GCC_WARN_ABOUT_RETURN_TYPE = YES_ERROR;
				GCC_WARN_UNDECLARED_SELECTOR = YES;
				GCC_WARN_UNINITIALIZED_AUTOS = YES_AGGRESSIVE;
				GCC_WARN_UNUSED_FUNCTION = YES;
				GCC_WARN_UNUSED_VARIABLE = YES;
				MACOSX_DEPLOYMENT_TARGET = 10.10;
				MTL_ENABLE_DEBUG_INFO = NO;
				SDKROOT = macosx;
			};
			name = Release;
		};
		6D31D06C1AC196BC001AC4BA /* Debug */ = {
			isa = XCBuildConfiguration;
			buildSettings = {
				ASSETCATALOG_COMPILER_APPICON_NAME = AppIcon;
				CLANG_ENABLE_MODULES = YES;
				COMBINE_HIDPI_IMAGES = YES;
				DEFINES_MODULE = YES;
				ENABLE_TESTABILITY = YES;
				FRAMEWORK_SEARCH_PATHS = (
					"$(inherited)",
					"$(PROJECT_DIR)/Jirassic",
					"$(PROJECT_DIR)/Vendor/**",
					"$(PROJECT_DIR)/Vendor/parse-osx",
				);
				HEADER_SEARCH_PATHS = (
					"$(inherited)",
					/Applications/Xcode.app/Contents/Developer/Toolchains/XcodeDefault.xctoolchain/usr/include,
					"$(PROJECT_DIR)/Vendor/**",
				);
				INFOPLIST_FILE = Jirassic/Info.plist;
				LD_RUNPATH_SEARCH_PATHS = "$(inherited) @executable_path/../Frameworks";
				PRODUCT_BUNDLE_IDENTIFIER = com.ralcr.jirassic;
				PRODUCT_NAME = Jirassic;
				SWIFT_OBJC_BRIDGING_HEADER = "";
				SWIFT_OPTIMIZATION_LEVEL = "-Onone";
			};
			name = Debug;
		};
		6D31D06D1AC196BC001AC4BA /* Release */ = {
			isa = XCBuildConfiguration;
			buildSettings = {
				ASSETCATALOG_COMPILER_APPICON_NAME = AppIcon;
				CLANG_ENABLE_MODULES = YES;
				COMBINE_HIDPI_IMAGES = YES;
				DEFINES_MODULE = YES;
				ENABLE_TESTABILITY = YES;
				FRAMEWORK_SEARCH_PATHS = (
					"$(inherited)",
					"$(PROJECT_DIR)/Jirassic",
					"$(PROJECT_DIR)/Vendor/**",
					"$(PROJECT_DIR)/Vendor/parse-osx",
				);
				HEADER_SEARCH_PATHS = (
					"$(inherited)",
					/Applications/Xcode.app/Contents/Developer/Toolchains/XcodeDefault.xctoolchain/usr/include,
					"$(PROJECT_DIR)/Vendor/**",
				);
				INFOPLIST_FILE = Jirassic/Info.plist;
				LD_RUNPATH_SEARCH_PATHS = "$(inherited) @executable_path/../Frameworks";
				PRODUCT_BUNDLE_IDENTIFIER = com.ralcr.jirassic;
				PRODUCT_NAME = Jirassic;
				SWIFT_OBJC_BRIDGING_HEADER = "";
			};
			name = Release;
		};
		6D31D06F1AC196BC001AC4BA /* Debug */ = {
			isa = XCBuildConfiguration;
			buildSettings = {
				BUNDLE_LOADER = "$(TEST_HOST)";
				CLANG_ENABLE_MODULES = YES;
				COMBINE_HIDPI_IMAGES = YES;
				FRAMEWORK_SEARCH_PATHS = (
					"$(DEVELOPER_FRAMEWORKS_DIR)",
					"$(inherited)",
					"$(PROJECT_DIR)/Jirassic",
					"$(PROJECT_DIR)/Vendor/parse-osx",
				);
				GCC_PREPROCESSOR_DEFINITIONS = (
					"DEBUG=1",
					"$(inherited)",
				);
				INFOPLIST_FILE = JirassicTests/Info.plist;
				LD_RUNPATH_SEARCH_PATHS = "$(inherited) @executable_path/../Frameworks @loader_path/../Frameworks";
				PRODUCT_NAME = JirassicTests;
				SWIFT_OBJC_BRIDGING_HEADER = "";
				SWIFT_OPTIMIZATION_LEVEL = "-Onone";
				TEST_HOST = "$(BUILT_PRODUCTS_DIR)/Jirassic.app/Contents/MacOS/Jirassic";
			};
			name = Debug;
		};
		6D31D0701AC196BC001AC4BA /* Release */ = {
			isa = XCBuildConfiguration;
			buildSettings = {
				BUNDLE_LOADER = "$(TEST_HOST)";
				CLANG_ENABLE_MODULES = YES;
				COMBINE_HIDPI_IMAGES = YES;
				FRAMEWORK_SEARCH_PATHS = (
					"$(DEVELOPER_FRAMEWORKS_DIR)",
					"$(inherited)",
					"$(PROJECT_DIR)/Jirassic",
					"$(PROJECT_DIR)/Vendor/parse-osx",
				);
				INFOPLIST_FILE = JirassicTests/Info.plist;
				LD_RUNPATH_SEARCH_PATHS = "$(inherited) @executable_path/../Frameworks @loader_path/../Frameworks";
				PRODUCT_NAME = JirassicTests;
				SWIFT_OBJC_BRIDGING_HEADER = "";
				TEST_HOST = "$(BUILT_PRODUCTS_DIR)/Jirassic.app/Contents/MacOS/Jirassic";
			};
			name = Release;
		};
/* End XCBuildConfiguration section */

/* Begin XCConfigurationList section */
		286585321B031D3A00352782 /* Build configuration list for PBXNativeTarget "Jirassic-Scrum" */ = {
			isa = XCConfigurationList;
			buildConfigurations = (
				286585331B031D3A00352782 /* Debug */,
				286585341B031D3A00352782 /* Release */,
			);
			defaultConfigurationIsVisible = 0;
			defaultConfigurationName = Release;
		};
		286585351B031D3A00352782 /* Build configuration list for PBXNativeTarget "Jirassic-ScrumTests" */ = {
			isa = XCConfigurationList;
			buildConfigurations = (
				286585361B031D3A00352782 /* Debug */,
				286585371B031D3A00352782 /* Release */,
			);
			defaultConfigurationIsVisible = 0;
			defaultConfigurationName = Release;
		};
		56F88FF41C06166500DC3807 /* Build configuration list for PBXNativeTarget "Jirrasic-Line" */ = {
			isa = XCConfigurationList;
			buildConfigurations = (
				56F88FF51C06166500DC3807 /* Debug */,
				56F88FF61C06166500DC3807 /* Release */,
			);
			defaultConfigurationIsVisible = 0;
		};
		6D31D0471AC196BB001AC4BA /* Build configuration list for PBXProject "Jirassic" */ = {
			isa = XCConfigurationList;
			buildConfigurations = (
				6D31D0691AC196BC001AC4BA /* Debug */,
				6D31D06A1AC196BC001AC4BA /* Release */,
			);
			defaultConfigurationIsVisible = 0;
			defaultConfigurationName = Release;
		};
		6D31D06B1AC196BC001AC4BA /* Build configuration list for PBXNativeTarget "Jirassic" */ = {
			isa = XCConfigurationList;
			buildConfigurations = (
				6D31D06C1AC196BC001AC4BA /* Debug */,
				6D31D06D1AC196BC001AC4BA /* Release */,
			);
			defaultConfigurationIsVisible = 0;
			defaultConfigurationName = Release;
		};
		6D31D06E1AC196BC001AC4BA /* Build configuration list for PBXNativeTarget "JirassicTests" */ = {
			isa = XCConfigurationList;
			buildConfigurations = (
				6D31D06F1AC196BC001AC4BA /* Debug */,
				6D31D0701AC196BC001AC4BA /* Release */,
			);
			defaultConfigurationIsVisible = 0;
			defaultConfigurationName = Release;
		};
/* End XCConfigurationList section */
	};
	rootObject = 6D31D0441AC196BB001AC4BA /* Project object */;
}
