// !$*UTF8*$!
{
	archiveVersion = 1;
	classes = {
	};
	objectVersion = 46;
	objects = {

/* Begin PBXBuildFile section */
		2814EEB81B37721D0031D870 /* JRUserProtocol.swift in Sources */ = {isa = PBXBuildFile; fileRef = 289E2AF51B2D71FD003269A3 /* JRUserProtocol.swift */; };
		2814EEB91B37721E0031D870 /* JRUserProtocol.swift in Sources */ = {isa = PBXBuildFile; fileRef = 289E2AF51B2D71FD003269A3 /* JRUserProtocol.swift */; };
		2814EEBA1B3772290031D870 /* typealiases.swift in Sources */ = {isa = PBXBuildFile; fileRef = 289E2AFC1B2D8C31003269A3 /* typealiases.swift */; };
		282426761B113D5000211713 /* FlipScreens.swift in Sources */ = {isa = PBXBuildFile; fileRef = 282426751B113D5000211713 /* FlipScreens.swift */; };
		282426781B113F6900211713 /* PopoverViewController.swift in Sources */ = {isa = PBXBuildFile; fileRef = 282426771B113F6900211713 /* PopoverViewController.swift */; };
		2856DF171B13919A00A4D5A4 /* IosLoginViewController.swift in Sources */ = {isa = PBXBuildFile; fileRef = 2856DF161B13919A00A4D5A4 /* IosLoginViewController.swift */; };
		2856DF1A1B13C8FB00A4D5A4 /* JiraLogin.swift in Sources */ = {isa = PBXBuildFile; fileRef = 2856DF191B13C8FB00A4D5A4 /* JiraLogin.swift */; };
		2856DF1B1B13C8FB00A4D5A4 /* JiraLogin.swift in Sources */ = {isa = PBXBuildFile; fileRef = 2856DF191B13C8FB00A4D5A4 /* JiraLogin.swift */; };
		2856DF1D1B13C95200A4D5A4 /* JiraTrackWork.swift in Sources */ = {isa = PBXBuildFile; fileRef = 2856DF1C1B13C95200A4D5A4 /* JiraTrackWork.swift */; };
		2856DF1E1B13C95200A4D5A4 /* JiraTrackWork.swift in Sources */ = {isa = PBXBuildFile; fileRef = 2856DF1C1B13C95200A4D5A4 /* JiraTrackWork.swift */; };
		286585191B031D3A00352782 /* AppDelegate.swift in Sources */ = {isa = PBXBuildFile; fileRef = 286585181B031D3A00352782 /* AppDelegate.swift */; };
		286585221B031D3A00352782 /* Images.xcassets in Resources */ = {isa = PBXBuildFile; fileRef = 286585211B031D3A00352782 /* Images.xcassets */; };
		286585251B031D3A00352782 /* LaunchScreen.xib in Resources */ = {isa = PBXBuildFile; fileRef = 286585231B031D3A00352782 /* LaunchScreen.xib */; };
		286585311B031D3A00352782 /* Jirassic_ScrumTests.swift in Sources */ = {isa = PBXBuildFile; fileRef = 286585301B031D3A00352782 /* Jirassic_ScrumTests.swift */; };
		286585381B03E5EA00352782 /* libsqlite3.dylib in Frameworks */ = {isa = PBXBuildFile; fileRef = 2846C92D1AFF905D00779357 /* libsqlite3.dylib */; };
		286585391B03E5ED00352782 /* libsqlite3.dylib in Frameworks */ = {isa = PBXBuildFile; fileRef = 2846C92D1AFF905D00779357 /* libsqlite3.dylib */; };
		2865853A1B03E5F100352782 /* libz.dylib in Frameworks */ = {isa = PBXBuildFile; fileRef = 2846C92B1AFF905100779357 /* libz.dylib */; };
		2865853B1B03E5F200352782 /* libz.dylib in Frameworks */ = {isa = PBXBuildFile; fileRef = 2846C92B1AFF905100779357 /* libz.dylib */; };
		2865853C1B03E5F600352782 /* SystemConfiguration.framework in Frameworks */ = {isa = PBXBuildFile; fileRef = 2846C9291AFF904500779357 /* SystemConfiguration.framework */; };
		2865853D1B03E5F600352782 /* SystemConfiguration.framework in Frameworks */ = {isa = PBXBuildFile; fileRef = 2846C9291AFF904500779357 /* SystemConfiguration.framework */; };
		2865853E1B03E5FC00352782 /* Security.framework in Frameworks */ = {isa = PBXBuildFile; fileRef = 2846C9251AFF903000779357 /* Security.framework */; };
		2865853F1B03E5FC00352782 /* Security.framework in Frameworks */ = {isa = PBXBuildFile; fileRef = 2846C9251AFF903000779357 /* Security.framework */; };
		286585401B03E60000352782 /* QuartzCore.framework in Frameworks */ = {isa = PBXBuildFile; fileRef = 2846C9231AFF902600779357 /* QuartzCore.framework */; };
		286585411B03E60100352782 /* QuartzCore.framework in Frameworks */ = {isa = PBXBuildFile; fileRef = 2846C9231AFF902600779357 /* QuartzCore.framework */; };
		286585421B03E60500352782 /* MobileCoreServices.framework in Frameworks */ = {isa = PBXBuildFile; fileRef = 2846C9211AFF901C00779357 /* MobileCoreServices.framework */; };
		286585431B03E60600352782 /* MobileCoreServices.framework in Frameworks */ = {isa = PBXBuildFile; fileRef = 2846C9211AFF901C00779357 /* MobileCoreServices.framework */; };
		286585441B03E60B00352782 /* CoreLocation.framework in Frameworks */ = {isa = PBXBuildFile; fileRef = 2846C91F1AFF901300779357 /* CoreLocation.framework */; };
		286585451B03E60C00352782 /* CoreLocation.framework in Frameworks */ = {isa = PBXBuildFile; fileRef = 2846C91F1AFF901300779357 /* CoreLocation.framework */; };
		286585461B03E61800352782 /* CoreGraphics.framework in Frameworks */ = {isa = PBXBuildFile; fileRef = 2846C91D1AFF900400779357 /* CoreGraphics.framework */; };
		286585471B03E61900352782 /* CoreGraphics.framework in Frameworks */ = {isa = PBXBuildFile; fileRef = 2846C91D1AFF900400779357 /* CoreGraphics.framework */; };
		286585481B03E61E00352782 /* CFNetwork.framework in Frameworks */ = {isa = PBXBuildFile; fileRef = 2846C91B1AFF8FFA00779357 /* CFNetwork.framework */; };
		286585491B03E61E00352782 /* CFNetwork.framework in Frameworks */ = {isa = PBXBuildFile; fileRef = 2846C91B1AFF8FFA00779357 /* CFNetwork.framework */; };
		2865854A1B03E62300352782 /* AudioToolbox.framework in Frameworks */ = {isa = PBXBuildFile; fileRef = 2846C9161AFF8FB100779357 /* AudioToolbox.framework */; };
		2865854B1B03E62400352782 /* AudioToolbox.framework in Frameworks */ = {isa = PBXBuildFile; fileRef = 2846C9161AFF8FB100779357 /* AudioToolbox.framework */; };
		2865854C1B03E6CD00352782 /* DaysViewController.swift in Sources */ = {isa = PBXBuildFile; fileRef = 28EB906F1AF95C37008D5337 /* DaysViewController.swift */; };
		2865854D1B03E6D100352782 /* TasksViewController.swift in Sources */ = {isa = PBXBuildFile; fileRef = 28EB90711AF95C37008D5337 /* TasksViewController.swift */; };
		2865854F1B03EA6100352782 /* Bolts.framework in Frameworks */ = {isa = PBXBuildFile; fileRef = 2846C90B1AFF882E00779357 /* Bolts.framework */; };
		286585501B03EA6200352782 /* Bolts.framework in Frameworks */ = {isa = PBXBuildFile; fileRef = 2846C90B1AFF882E00779357 /* Bolts.framework */; };
		286585511B03EA6700352782 /* Parse.framework in Frameworks */ = {isa = PBXBuildFile; fileRef = 2846C90C1AFF882E00779357 /* Parse.framework */; };
		286585521B03EA6700352782 /* Parse.framework in Frameworks */ = {isa = PBXBuildFile; fileRef = 2846C90C1AFF882E00779357 /* Parse.framework */; };
		286585531B03EA6B00352782 /* RCLog.swift in Sources */ = {isa = PBXBuildFile; fileRef = 6D31D0A01AC44785001AC4BA /* RCLog.swift */; };
		286585541B03EA6C00352782 /* RCLog.swift in Sources */ = {isa = PBXBuildFile; fileRef = 6D31D0A01AC44785001AC4BA /* RCLog.swift */; };
		286585551B03EAA900352782 /* InitParse.swift in Sources */ = {isa = PBXBuildFile; fileRef = 28F51EAB1AC6A4F000A69CDF /* InitParse.swift */; };
		286585561B03EAB600352782 /* ParseCredentials.swift in Sources */ = {isa = PBXBuildFile; fileRef = 28EB901E1AF5E9B0008D5337 /* ParseCredentials.swift */; };
		286585571B03EABA00352782 /* DataManagerProtocol.swift in Sources */ = {isa = PBXBuildFile; fileRef = 28E838FD1AF401A900602D33 /* DataManagerProtocol.swift */; };
		286585581B03EABE00352782 /* DataManager.swift in Sources */ = {isa = PBXBuildFile; fileRef = 28E839021AF4035900602D33 /* DataManager.swift */; };
		286585591B03EAC200352782 /* Task.swift in Sources */ = {isa = PBXBuildFile; fileRef = 289998A31AC3354900706824 /* Task.swift */; };
		2865855A1B03EAC700352782 /* NSDateExtension.swift in Sources */ = {isa = PBXBuildFile; fileRef = 28F51EC51AC805B000A69CDF /* NSDateExtension.swift */; };
		2865855B1B03EAC900352782 /* NSDateExtension.swift in Sources */ = {isa = PBXBuildFile; fileRef = 28F51EC51AC805B000A69CDF /* NSDateExtension.swift */; };
		286585621B04022800352782 /* icon_120.png in Resources */ = {isa = PBXBuildFile; fileRef = 286585611B04022800352782 /* icon_120.png */; };
		286585651B053BE800352782 /* Main.storyboard in Resources */ = {isa = PBXBuildFile; fileRef = 286585631B053BE800352782 /* Main.storyboard */; };
		2865856A1B053CD300352782 /* TaskCell.swift in Sources */ = {isa = PBXBuildFile; fileRef = 286585691B053CD300352782 /* TaskCell.swift */; };
		2865856C1B054E3500352782 /* NonTaskCell.swift in Sources */ = {isa = PBXBuildFile; fileRef = 2865856B1B054E3500352782 /* NonTaskCell.swift */; };
		2894F1CB1B076EAE0095DD17 /* ReadTasks.swift in Sources */ = {isa = PBXBuildFile; fileRef = 28F51E791AC694B000A69CDF /* ReadTasks.swift */; };
		289998A21AC2920200706824 /* Popover.swift in Sources */ = {isa = PBXBuildFile; fileRef = 289998A11AC2920200706824 /* Popover.swift */; };
		289998A41AC3354900706824 /* Task.swift in Sources */ = {isa = PBXBuildFile; fileRef = 289998A31AC3354900706824 /* Task.swift */; };
		289998A91AC3BDF200706824 /* MenuBarController.swift in Sources */ = {isa = PBXBuildFile; fileRef = 289998A81AC3BDF200706824 /* MenuBarController.swift */; };
		289E2AC51B2A3AAF003269A3 /* LaunchImage@2x.png in Resources */ = {isa = PBXBuildFile; fileRef = 289E2AC41B2A3AAF003269A3 /* LaunchImage@2x.png */; };
		289E2AD01B2B776A003269A3 /* Login.swift in Sources */ = {isa = PBXBuildFile; fileRef = 289E2ACF1B2B776A003269A3 /* Login.swift */; };
		289E2AD11B2B776A003269A3 /* Login.swift in Sources */ = {isa = PBXBuildFile; fileRef = 289E2ACF1B2B776A003269A3 /* Login.swift */; };
		289E2AD71B2B8688003269A3 /* LoginViewController.swift in Sources */ = {isa = PBXBuildFile; fileRef = 28B1F2B71AFB11A900D61472 /* LoginViewController.swift */; };
		289E2AE01B2D46E0003269A3 /* TasksViewController.swift in Sources */ = {isa = PBXBuildFile; fileRef = 28F51EB21AC6B6D800A69CDF /* TasksViewController.swift */; };
		289E2AE11B2D4999003269A3 /* DrawerState.swift in Sources */ = {isa = PBXBuildFile; fileRef = 28D21F7C1B014C41005D3C94 /* DrawerState.swift */; };
		289E2AE21B2D49A3003269A3 /* TaskCellProtocol.swift in Sources */ = {isa = PBXBuildFile; fileRef = 28B1F2C31AFF327D00D61472 /* TaskCellProtocol.swift */; };
		289E2AE91B2D68E2003269A3 /* TaskProtocol.swift in Sources */ = {isa = PBXBuildFile; fileRef = 289E2AE81B2D68E2003269A3 /* TaskProtocol.swift */; };
		289E2AEA1B2D68E2003269A3 /* TaskProtocol.swift in Sources */ = {isa = PBXBuildFile; fileRef = 289E2AE81B2D68E2003269A3 /* TaskProtocol.swift */; };
		289E2AEC1B2D6B0B003269A3 /* TaskProtocol.swift in Sources */ = {isa = PBXBuildFile; fileRef = 289E2AE81B2D68E2003269A3 /* TaskProtocol.swift */; };
		289E2AED1B2D6B0D003269A3 /* TaskProtocol.swift in Sources */ = {isa = PBXBuildFile; fileRef = 289E2AE81B2D68E2003269A3 /* TaskProtocol.swift */; };
		289E2AEF1B2D6D56003269A3 /* Logout.swift in Sources */ = {isa = PBXBuildFile; fileRef = 289E2AEE1B2D6D56003269A3 /* Logout.swift */; };
		289E2AF01B2D6D56003269A3 /* Logout.swift in Sources */ = {isa = PBXBuildFile; fileRef = 289E2AEE1B2D6D56003269A3 /* Logout.swift */; };
		289E2AF21B2D6D6E003269A3 /* RegisterUser.swift in Sources */ = {isa = PBXBuildFile; fileRef = 289E2AF11B2D6D6E003269A3 /* RegisterUser.swift */; };
		289E2AF31B2D6D6E003269A3 /* RegisterUser.swift in Sources */ = {isa = PBXBuildFile; fileRef = 289E2AF11B2D6D6E003269A3 /* RegisterUser.swift */; };
		289E2AF61B2D71FD003269A3 /* JRUserProtocol.swift in Sources */ = {isa = PBXBuildFile; fileRef = 289E2AF51B2D71FD003269A3 /* JRUserProtocol.swift */; };
		289E2AF71B2D71FD003269A3 /* JRUserProtocol.swift in Sources */ = {isa = PBXBuildFile; fileRef = 289E2AF51B2D71FD003269A3 /* JRUserProtocol.swift */; };
		289E2AF91B2D8AD6003269A3 /* JRUser.swift in Sources */ = {isa = PBXBuildFile; fileRef = 289E2AF81B2D8AD6003269A3 /* JRUser.swift */; };
		289E2AFA1B2D8AD6003269A3 /* JRUser.swift in Sources */ = {isa = PBXBuildFile; fileRef = 289E2AF81B2D8AD6003269A3 /* JRUser.swift */; };
		289E2AFB1B2D8ADC003269A3 /* JRUser.swift in Sources */ = {isa = PBXBuildFile; fileRef = 289E2AF81B2D8AD6003269A3 /* JRUser.swift */; };
		289E2AFD1B2D8C31003269A3 /* typealiases.swift in Sources */ = {isa = PBXBuildFile; fileRef = 289E2AFC1B2D8C31003269A3 /* typealiases.swift */; };
		289E2AFE1B2D8C31003269A3 /* typealiases.swift in Sources */ = {isa = PBXBuildFile; fileRef = 289E2AFC1B2D8C31003269A3 /* typealiases.swift */; };
		289E2AFF1B2D8C31003269A3 /* typealiases.swift in Sources */ = {isa = PBXBuildFile; fileRef = 289E2AFC1B2D8C31003269A3 /* typealiases.swift */; };
		289E2B181B3141F4003269A3 /* DaysScrollView.swift in Sources */ = {isa = PBXBuildFile; fileRef = 28F51EBA1AC6F5F200A69CDF /* DaysScrollView.swift */; };
		289E2B191B3141F8003269A3 /* TasksScrollView.swift in Sources */ = {isa = PBXBuildFile; fileRef = 28F51EB81AC6F4FA00A69CDF /* TasksScrollView.swift */; };
		289E2B1A1B3141FA003269A3 /* NoTasksViewController.swift in Sources */ = {isa = PBXBuildFile; fileRef = 28B1F2B31AFAA6C700D61472 /* NoTasksViewController.swift */; };
		289E2B1B1B3141FE003269A3 /* NewTaskViewController.swift in Sources */ = {isa = PBXBuildFile; fileRef = 28B1F2B51AFAA6F600D61472 /* NewTaskViewController.swift */; };
		289E2B1C1B314203003269A3 /* TaskCell.swift in Sources */ = {isa = PBXBuildFile; fileRef = 28F51EB41AC6EE5200A69CDF /* TaskCell.swift */; };
		289E2B1D1B314207003269A3 /* TaskCell.xib in Resources */ = {isa = PBXBuildFile; fileRef = 28F51EB61AC6EF1700A69CDF /* TaskCell.xib */; };
		289E2B1E1B31420B003269A3 /* NonTaskCell.swift in Sources */ = {isa = PBXBuildFile; fileRef = 28B1F2B91AFB2BCF00D61472 /* NonTaskCell.swift */; };
		289E2B1F1B31420F003269A3 /* NonTaskCell.xib in Resources */ = {isa = PBXBuildFile; fileRef = 28B1F2BD1AFB2BF500D61472 /* NonTaskCell.xib */; };
		289E2B201B31428E003269A3 /* DataManager.swift in Sources */ = {isa = PBXBuildFile; fileRef = 28E839021AF4035900602D33 /* DataManager.swift */; };
		289E2B211B314297003269A3 /* DataManagerProtocol.swift in Sources */ = {isa = PBXBuildFile; fileRef = 28E838FD1AF401A900602D33 /* DataManagerProtocol.swift */; };
		289E2B221B31429F003269A3 /* ParseCredentials.swift in Sources */ = {isa = PBXBuildFile; fileRef = 28EB901E1AF5E9B0008D5337 /* ParseCredentials.swift */; };
		289E2B231B3142A6003269A3 /* InitParse.swift in Sources */ = {isa = PBXBuildFile; fileRef = 28F51EAB1AC6A4F000A69CDF /* InitParse.swift */; };
		289E2B411B328588003269A3 /* ReadTasks.swift in Sources */ = {isa = PBXBuildFile; fileRef = 28F51E791AC694B000A69CDF /* ReadTasks.swift */; };
		289E2B421B328598003269A3 /* FlipScreens.swift in Sources */ = {isa = PBXBuildFile; fileRef = 282426751B113D5000211713 /* FlipScreens.swift */; };
		289E2B431B3285A3003269A3 /* SleepNotifications.swift in Sources */ = {isa = PBXBuildFile; fileRef = 28B1F2C11AFF260B00D61472 /* SleepNotifications.swift */; };
		289E2B451B332C4C003269A3 /* Jirassic.iconset in Resources */ = {isa = PBXBuildFile; fileRef = 289E2B441B332C4C003269A3 /* Jirassic.iconset */; };
		28B1F2B41AFAA6C700D61472 /* NoTasksViewController.swift in Sources */ = {isa = PBXBuildFile; fileRef = 28B1F2B31AFAA6C700D61472 /* NoTasksViewController.swift */; };
		28B1F2B61AFAA6F600D61472 /* NewTaskViewController.swift in Sources */ = {isa = PBXBuildFile; fileRef = 28B1F2B51AFAA6F600D61472 /* NewTaskViewController.swift */; };
		28B1F2B81AFB11A900D61472 /* LoginViewController.swift in Sources */ = {isa = PBXBuildFile; fileRef = 28B1F2B71AFB11A900D61472 /* LoginViewController.swift */; };
		28B1F2BA1AFB2BCF00D61472 /* NonTaskCell.swift in Sources */ = {isa = PBXBuildFile; fileRef = 28B1F2B91AFB2BCF00D61472 /* NonTaskCell.swift */; };
		28B1F2BE1AFB2BF500D61472 /* NonTaskCell.xib in Resources */ = {isa = PBXBuildFile; fileRef = 28B1F2BD1AFB2BF500D61472 /* NonTaskCell.xib */; };
		28B1F2C21AFF260B00D61472 /* SleepNotifications.swift in Sources */ = {isa = PBXBuildFile; fileRef = 28B1F2C11AFF260B00D61472 /* SleepNotifications.swift */; };
		28B1F2C41AFF327D00D61472 /* TaskCellProtocol.swift in Sources */ = {isa = PBXBuildFile; fileRef = 28B1F2C31AFF327D00D61472 /* TaskCellProtocol.swift */; };
		28B71CBD1B28EC9400E44161 /* TaskTypeEstimatorTests.swift in Sources */ = {isa = PBXBuildFile; fileRef = 28B71CBC1B28EC9400E44161 /* TaskTypeEstimatorTests.swift */; };
		28D21F7D1B014C41005D3C94 /* DrawerState.swift in Sources */ = {isa = PBXBuildFile; fileRef = 28D21F7C1B014C41005D3C94 /* DrawerState.swift */; };
		28E838FA1AF297FE00602D33 /* Status.png in Resources */ = {isa = PBXBuildFile; fileRef = 28E838F71AF297FE00602D33 /* Status.png */; };
		28E838FB1AF297FE00602D33 /* Status@2x.png in Resources */ = {isa = PBXBuildFile; fileRef = 28E838F81AF297FE00602D33 /* Status@2x.png */; };
		28E838FE1AF401A900602D33 /* DataManagerProtocol.swift in Sources */ = {isa = PBXBuildFile; fileRef = 28E838FD1AF401A900602D33 /* DataManagerProtocol.swift */; };
		28E839011AF402B200602D33 /* DateTests.swift in Sources */ = {isa = PBXBuildFile; fileRef = 28E839001AF402B200602D33 /* DateTests.swift */; };
		28E839031AF4035900602D33 /* DataManager.swift in Sources */ = {isa = PBXBuildFile; fileRef = 28E839021AF4035900602D33 /* DataManager.swift */; };
		28E839061AF4972300602D33 /* libsqlite3.dylib in Frameworks */ = {isa = PBXBuildFile; fileRef = 6D31D08C1AC2EB0D001AC4BA /* libsqlite3.dylib */; };
		28E839071AF4972700602D33 /* libz.dylib in Frameworks */ = {isa = PBXBuildFile; fileRef = 6D31D07D1AC2E8C9001AC4BA /* libz.dylib */; };
		28E839081AF4972B00602D33 /* ApplicationServices.framework in Frameworks */ = {isa = PBXBuildFile; fileRef = 6D31D08E1AC2EB1B001AC4BA /* ApplicationServices.framework */; };
		28E839091AF4972F00602D33 /* CFNetwork.framework in Frameworks */ = {isa = PBXBuildFile; fileRef = 6D31D0771AC2E8AE001AC4BA /* CFNetwork.framework */; };
		28E8390A1AF4973200602D33 /* CoreGraphics.framework in Frameworks */ = {isa = PBXBuildFile; fileRef = 6D31D0791AC2E8B7001AC4BA /* CoreGraphics.framework */; };
		28E8390B1AF4973500602D33 /* CoreLocation.framework in Frameworks */ = {isa = PBXBuildFile; fileRef = 6D31D07B1AC2E8BF001AC4BA /* CoreLocation.framework */; };
		28E8390C1AF4973900602D33 /* QuartzCore.framework in Frameworks */ = {isa = PBXBuildFile; fileRef = 6D31D0811AC2E8ED001AC4BA /* QuartzCore.framework */; };
		28E8390D1AF4973C00602D33 /* Security.framework in Frameworks */ = {isa = PBXBuildFile; fileRef = 6D31D0831AC2E8F8001AC4BA /* Security.framework */; };
		28E8390E1AF4973F00602D33 /* SystemConfiguration.framework in Frameworks */ = {isa = PBXBuildFile; fileRef = 6D31D0871AC2E90B001AC4BA /* SystemConfiguration.framework */; };
		28E8390F1AF4974600602D33 /* Bolts.framework in Frameworks */ = {isa = PBXBuildFile; fileRef = 6D31D0971AC445CA001AC4BA /* Bolts.framework */; };
		28E839101AF4974A00602D33 /* ParseOSX.framework in Frameworks */ = {isa = PBXBuildFile; fileRef = 6D31D0981AC445CA001AC4BA /* ParseOSX.framework */; };
		28E839111AF4974D00602D33 /* RCLog.swift in Sources */ = {isa = PBXBuildFile; fileRef = 6D31D0A01AC44785001AC4BA /* RCLog.swift */; };
		28EB901F1AF5E9B0008D5337 /* ParseCredentials.swift in Sources */ = {isa = PBXBuildFile; fileRef = 28EB901E1AF5E9B0008D5337 /* ParseCredentials.swift */; };
		28EB90211AF60234008D5337 /* NoTasks.swift in Sources */ = {isa = PBXBuildFile; fileRef = 28EB90201AF60234008D5337 /* NoTasks.swift */; };
		28EB90221AF60234008D5337 /* NoTasks.swift in Sources */ = {isa = PBXBuildFile; fileRef = 28EB90201AF60234008D5337 /* NoTasks.swift */; };
		28EB90241AF60250008D5337 /* NoTasksTests.swift in Sources */ = {isa = PBXBuildFile; fileRef = 28EB90231AF60250008D5337 /* NoTasksTests.swift */; };
		28EB90261AF6027D008D5337 /* MockDataManager.swift in Sources */ = {isa = PBXBuildFile; fileRef = 28EB90251AF6027D008D5337 /* MockDataManager.swift */; };
		28EB90271AF6027D008D5337 /* MockDataManager.swift in Sources */ = {isa = PBXBuildFile; fileRef = 28EB90251AF6027D008D5337 /* MockDataManager.swift */; };
		28EB905D1AF73FD4008D5337 /* TaskTypeEstimator.swift in Sources */ = {isa = PBXBuildFile; fileRef = 28EB905C1AF73FD4008D5337 /* TaskTypeEstimator.swift */; };
		28EB905E1AF73FD4008D5337 /* TaskTypeEstimator.swift in Sources */ = {isa = PBXBuildFile; fileRef = 28EB905C1AF73FD4008D5337 /* TaskTypeEstimator.swift */; };
		28EB90631AF948E3008D5337 /* NewDay.swift in Sources */ = {isa = PBXBuildFile; fileRef = 28EB90621AF948E3008D5337 /* NewDay.swift */; };
		28EB90641AF948E3008D5337 /* NewDay.swift in Sources */ = {isa = PBXBuildFile; fileRef = 28EB90621AF948E3008D5337 /* NewDay.swift */; };
		28EB90921AF9754A008D5337 /* SettingsViewController.swift in Sources */ = {isa = PBXBuildFile; fileRef = 28EB90901AF9754A008D5337 /* SettingsViewController.swift */; };
		28EB90961AF9D6E9008D5337 /* PredictiveTimeTyping.swift in Sources */ = {isa = PBXBuildFile; fileRef = 28EB90951AF9D6E9008D5337 /* PredictiveTimeTyping.swift */; };
		28EB90971AF9D6E9008D5337 /* PredictiveTimeTyping.swift in Sources */ = {isa = PBXBuildFile; fileRef = 28EB90951AF9D6E9008D5337 /* PredictiveTimeTyping.swift */; };
		28F292271B1C57B40015F64F /* CreateReportTests.swift in Sources */ = {isa = PBXBuildFile; fileRef = 28F292261B1C57B40015F64F /* CreateReportTests.swift */; };
		28F292281B1C72720015F64F /* CreateReport.swift in Sources */ = {isa = PBXBuildFile; fileRef = 28F51EAE1AC6AB7A00A69CDF /* CreateReport.swift */; };
		28F292291B1C75960015F64F /* Task.swift in Sources */ = {isa = PBXBuildFile; fileRef = 289998A31AC3354900706824 /* Task.swift */; };
		28F51E7A1AC694B000A69CDF /* ReadTasks.swift in Sources */ = {isa = PBXBuildFile; fileRef = 28F51E791AC694B000A69CDF /* ReadTasks.swift */; };
		28F51EA81AC6A37C00A69CDF /* MainMenu.xib in Resources */ = {isa = PBXBuildFile; fileRef = 28F51EA71AC6A37C00A69CDF /* MainMenu.xib */; };
		28F51EAA1AC6A3AE00A69CDF /* IconView.swift in Sources */ = {isa = PBXBuildFile; fileRef = 28F51EA91AC6A3AE00A69CDF /* IconView.swift */; };
		28F51EAC1AC6A4F000A69CDF /* InitParse.swift in Sources */ = {isa = PBXBuildFile; fileRef = 28F51EAB1AC6A4F000A69CDF /* InitParse.swift */; };
		28F51EAF1AC6AB7A00A69CDF /* CreateReport.swift in Sources */ = {isa = PBXBuildFile; fileRef = 28F51EAE1AC6AB7A00A69CDF /* CreateReport.swift */; };
		28F51EB31AC6B6D800A69CDF /* TasksViewController.swift in Sources */ = {isa = PBXBuildFile; fileRef = 28F51EB21AC6B6D800A69CDF /* TasksViewController.swift */; };
		28F51EB51AC6EE5200A69CDF /* TaskCell.swift in Sources */ = {isa = PBXBuildFile; fileRef = 28F51EB41AC6EE5200A69CDF /* TaskCell.swift */; };
		28F51EB71AC6EF1700A69CDF /* TaskCell.xib in Resources */ = {isa = PBXBuildFile; fileRef = 28F51EB61AC6EF1700A69CDF /* TaskCell.xib */; };
		28F51EB91AC6F4FA00A69CDF /* TasksScrollView.swift in Sources */ = {isa = PBXBuildFile; fileRef = 28F51EB81AC6F4FA00A69CDF /* TasksScrollView.swift */; };
		28F51EBB1AC6F5F200A69CDF /* DaysScrollView.swift in Sources */ = {isa = PBXBuildFile; fileRef = 28F51EBA1AC6F5F200A69CDF /* DaysScrollView.swift */; };
		28F51EC61AC805B000A69CDF /* NSDateExtension.swift in Sources */ = {isa = PBXBuildFile; fileRef = 28F51EC51AC805B000A69CDF /* NSDateExtension.swift */; };
		28F51EC71AC805B000A69CDF /* NSDateExtension.swift in Sources */ = {isa = PBXBuildFile; fileRef = 28F51EC51AC805B000A69CDF /* NSDateExtension.swift */; };
		6D31D0521AC196BB001AC4BA /* AppDelegate.swift in Sources */ = {isa = PBXBuildFile; fileRef = 6D31D0511AC196BB001AC4BA /* AppDelegate.swift */; };
		6D31D0591AC196BB001AC4BA /* Images.xcassets in Resources */ = {isa = PBXBuildFile; fileRef = 6D31D0581AC196BB001AC4BA /* Images.xcassets */; };
		6D31D05C1AC196BB001AC4BA /* Main.storyboard in Resources */ = {isa = PBXBuildFile; fileRef = 6D31D05A1AC196BB001AC4BA /* Main.storyboard */; };
		6D31D0781AC2E8AE001AC4BA /* CFNetwork.framework in Frameworks */ = {isa = PBXBuildFile; fileRef = 6D31D0771AC2E8AE001AC4BA /* CFNetwork.framework */; };
		6D31D07A1AC2E8B7001AC4BA /* CoreGraphics.framework in Frameworks */ = {isa = PBXBuildFile; fileRef = 6D31D0791AC2E8B7001AC4BA /* CoreGraphics.framework */; };
		6D31D07C1AC2E8BF001AC4BA /* CoreLocation.framework in Frameworks */ = {isa = PBXBuildFile; fileRef = 6D31D07B1AC2E8BF001AC4BA /* CoreLocation.framework */; };
		6D31D07E1AC2E8C9001AC4BA /* libz.dylib in Frameworks */ = {isa = PBXBuildFile; fileRef = 6D31D07D1AC2E8C9001AC4BA /* libz.dylib */; };
		6D31D0821AC2E8ED001AC4BA /* QuartzCore.framework in Frameworks */ = {isa = PBXBuildFile; fileRef = 6D31D0811AC2E8ED001AC4BA /* QuartzCore.framework */; };
		6D31D0841AC2E8F8001AC4BA /* Security.framework in Frameworks */ = {isa = PBXBuildFile; fileRef = 6D31D0831AC2E8F8001AC4BA /* Security.framework */; };
		6D31D0881AC2E90B001AC4BA /* SystemConfiguration.framework in Frameworks */ = {isa = PBXBuildFile; fileRef = 6D31D0871AC2E90B001AC4BA /* SystemConfiguration.framework */; };
		6D31D08D1AC2EB0D001AC4BA /* libsqlite3.dylib in Frameworks */ = {isa = PBXBuildFile; fileRef = 6D31D08C1AC2EB0D001AC4BA /* libsqlite3.dylib */; };
		6D31D08F1AC2EB1B001AC4BA /* ApplicationServices.framework in Frameworks */ = {isa = PBXBuildFile; fileRef = 6D31D08E1AC2EB1B001AC4BA /* ApplicationServices.framework */; };
		6D31D0991AC445CA001AC4BA /* Bolts.framework in Frameworks */ = {isa = PBXBuildFile; fileRef = 6D31D0971AC445CA001AC4BA /* Bolts.framework */; };
		6D31D09C1AC44613001AC4BA /* Bolts.framework in Embed Frameworks */ = {isa = PBXBuildFile; fileRef = 6D31D0971AC445CA001AC4BA /* Bolts.framework */; settings = {ATTRIBUTES = (CodeSignOnCopy, RemoveHeadersOnCopy, ); }; };
		6D31D09E1AC44619001AC4BA /* ParseOSX.framework in Frameworks */ = {isa = PBXBuildFile; fileRef = 6D31D0981AC445CA001AC4BA /* ParseOSX.framework */; };
		6D31D09F1AC44619001AC4BA /* ParseOSX.framework in Embed Frameworks */ = {isa = PBXBuildFile; fileRef = 6D31D0981AC445CA001AC4BA /* ParseOSX.framework */; settings = {ATTRIBUTES = (CodeSignOnCopy, RemoveHeadersOnCopy, ); }; };
		6D31D0A11AC44785001AC4BA /* RCLog.swift in Sources */ = {isa = PBXBuildFile; fileRef = 6D31D0A01AC44785001AC4BA /* RCLog.swift */; };
/* End PBXBuildFile section */

/* Begin PBXContainerItemProxy section */
		2865852B1B031D3A00352782 /* PBXContainerItemProxy */ = {
			isa = PBXContainerItemProxy;
			containerPortal = 6D31D0441AC196BB001AC4BA /* Project object */;
			proxyType = 1;
			remoteGlobalIDString = 286585131B031D3A00352782;
			remoteInfo = "Jirassic-Scrum";
		};
		6D31D0621AC196BC001AC4BA /* PBXContainerItemProxy */ = {
			isa = PBXContainerItemProxy;
			containerPortal = 6D31D0441AC196BB001AC4BA /* Project object */;
			proxyType = 1;
			remoteGlobalIDString = 6D31D04B1AC196BB001AC4BA;
			remoteInfo = Jirassic;
		};
/* End PBXContainerItemProxy section */

/* Begin PBXCopyFilesBuildPhase section */
		6D31D09D1AC44613001AC4BA /* Embed Frameworks */ = {
			isa = PBXCopyFilesBuildPhase;
			buildActionMask = 2147483647;
			dstPath = "";
			dstSubfolderSpec = 10;
			files = (
				6D31D09C1AC44613001AC4BA /* Bolts.framework in Embed Frameworks */,
				6D31D09F1AC44619001AC4BA /* ParseOSX.framework in Embed Frameworks */,
			);
			name = "Embed Frameworks";
			runOnlyForDeploymentPostprocessing = 0;
		};
/* End PBXCopyFilesBuildPhase section */

/* Begin PBXFileReference section */
		282426751B113D5000211713 /* FlipScreens.swift */ = {isa = PBXFileReference; fileEncoding = 4; lastKnownFileType = sourcecode.swift; path = FlipScreens.swift; sourceTree = "<group>"; };
		282426771B113F6900211713 /* PopoverViewController.swift */ = {isa = PBXFileReference; fileEncoding = 4; lastKnownFileType = sourcecode.swift; path = PopoverViewController.swift; sourceTree = "<group>"; };
		2846C90B1AFF882E00779357 /* Bolts.framework */ = {isa = PBXFileReference; lastKnownFileType = wrapper.framework; path = Bolts.framework; sourceTree = "<group>"; };
		2846C90C1AFF882E00779357 /* Parse.framework */ = {isa = PBXFileReference; lastKnownFileType = wrapper.framework; path = Parse.framework; sourceTree = "<group>"; };
		2846C9161AFF8FB100779357 /* AudioToolbox.framework */ = {isa = PBXFileReference; lastKnownFileType = wrapper.framework; name = AudioToolbox.framework; path = Platforms/iPhoneOS.platform/Developer/SDKs/iPhoneOS8.3.sdk/System/Library/Frameworks/AudioToolbox.framework; sourceTree = DEVELOPER_DIR; };
		2846C91B1AFF8FFA00779357 /* CFNetwork.framework */ = {isa = PBXFileReference; lastKnownFileType = wrapper.framework; name = CFNetwork.framework; path = Platforms/iPhoneOS.platform/Developer/SDKs/iPhoneOS8.3.sdk/System/Library/Frameworks/CFNetwork.framework; sourceTree = DEVELOPER_DIR; };
		2846C91D1AFF900400779357 /* CoreGraphics.framework */ = {isa = PBXFileReference; lastKnownFileType = wrapper.framework; name = CoreGraphics.framework; path = Platforms/iPhoneOS.platform/Developer/SDKs/iPhoneOS8.3.sdk/System/Library/Frameworks/CoreGraphics.framework; sourceTree = DEVELOPER_DIR; };
		2846C91F1AFF901300779357 /* CoreLocation.framework */ = {isa = PBXFileReference; lastKnownFileType = wrapper.framework; name = CoreLocation.framework; path = Platforms/iPhoneOS.platform/Developer/SDKs/iPhoneOS8.3.sdk/System/Library/Frameworks/CoreLocation.framework; sourceTree = DEVELOPER_DIR; };
		2846C9211AFF901C00779357 /* MobileCoreServices.framework */ = {isa = PBXFileReference; lastKnownFileType = wrapper.framework; name = MobileCoreServices.framework; path = Platforms/iPhoneOS.platform/Developer/SDKs/iPhoneOS8.3.sdk/System/Library/Frameworks/MobileCoreServices.framework; sourceTree = DEVELOPER_DIR; };
		2846C9231AFF902600779357 /* QuartzCore.framework */ = {isa = PBXFileReference; lastKnownFileType = wrapper.framework; name = QuartzCore.framework; path = Platforms/iPhoneOS.platform/Developer/SDKs/iPhoneOS8.3.sdk/System/Library/Frameworks/QuartzCore.framework; sourceTree = DEVELOPER_DIR; };
		2846C9251AFF903000779357 /* Security.framework */ = {isa = PBXFileReference; lastKnownFileType = wrapper.framework; name = Security.framework; path = Platforms/iPhoneOS.platform/Developer/SDKs/iPhoneOS8.3.sdk/System/Library/Frameworks/Security.framework; sourceTree = DEVELOPER_DIR; };
		2846C9291AFF904500779357 /* SystemConfiguration.framework */ = {isa = PBXFileReference; lastKnownFileType = wrapper.framework; name = SystemConfiguration.framework; path = Platforms/iPhoneOS.platform/Developer/SDKs/iPhoneOS8.3.sdk/System/Library/Frameworks/SystemConfiguration.framework; sourceTree = DEVELOPER_DIR; };
		2846C92B1AFF905100779357 /* libz.dylib */ = {isa = PBXFileReference; lastKnownFileType = "compiled.mach-o.dylib"; name = libz.dylib; path = Platforms/iPhoneOS.platform/Developer/SDKs/iPhoneOS8.3.sdk/usr/lib/libz.dylib; sourceTree = DEVELOPER_DIR; };
		2846C92D1AFF905D00779357 /* libsqlite3.dylib */ = {isa = PBXFileReference; lastKnownFileType = "compiled.mach-o.dylib"; name = libsqlite3.dylib; path = Platforms/iPhoneOS.platform/Developer/SDKs/iPhoneOS8.3.sdk/usr/lib/libsqlite3.dylib; sourceTree = DEVELOPER_DIR; };
		2856DF161B13919A00A4D5A4 /* IosLoginViewController.swift */ = {isa = PBXFileReference; fileEncoding = 4; lastKnownFileType = sourcecode.swift; path = IosLoginViewController.swift; sourceTree = "<group>"; };
		2856DF191B13C8FB00A4D5A4 /* JiraLogin.swift */ = {isa = PBXFileReference; fileEncoding = 4; lastKnownFileType = sourcecode.swift; name = JiraLogin.swift; path = App/JiraLogin.swift; sourceTree = SOURCE_ROOT; };
		2856DF1C1B13C95200A4D5A4 /* JiraTrackWork.swift */ = {isa = PBXFileReference; fileEncoding = 4; lastKnownFileType = sourcecode.swift; name = JiraTrackWork.swift; path = App/JiraTrackWork.swift; sourceTree = SOURCE_ROOT; };
		286585141B031D3A00352782 /* Jirassic-Scrum.app */ = {isa = PBXFileReference; explicitFileType = wrapper.application; includeInIndex = 0; path = "Jirassic-Scrum.app"; sourceTree = BUILT_PRODUCTS_DIR; };
		286585171B031D3A00352782 /* Info.plist */ = {isa = PBXFileReference; lastKnownFileType = text.plist.xml; path = Info.plist; sourceTree = "<group>"; };
		286585181B031D3A00352782 /* AppDelegate.swift */ = {isa = PBXFileReference; lastKnownFileType = sourcecode.swift; path = AppDelegate.swift; sourceTree = "<group>"; };
		286585211B031D3A00352782 /* Images.xcassets */ = {isa = PBXFileReference; lastKnownFileType = folder.assetcatalog; path = Images.xcassets; sourceTree = "<group>"; };
		286585241B031D3A00352782 /* Base */ = {isa = PBXFileReference; lastKnownFileType = file.xib; name = Base; path = Base.lproj/LaunchScreen.xib; sourceTree = "<group>"; };
		2865852A1B031D3A00352782 /* Jirassic-ScrumTests.xctest */ = {isa = PBXFileReference; explicitFileType = wrapper.cfbundle; includeInIndex = 0; path = "Jirassic-ScrumTests.xctest"; sourceTree = BUILT_PRODUCTS_DIR; };
		2865852F1B031D3A00352782 /* Info.plist */ = {isa = PBXFileReference; lastKnownFileType = text.plist.xml; path = Info.plist; sourceTree = "<group>"; };
		286585301B031D3A00352782 /* Jirassic_ScrumTests.swift */ = {isa = PBXFileReference; lastKnownFileType = sourcecode.swift; path = Jirassic_ScrumTests.swift; sourceTree = "<group>"; };
		2865855D1B03EB0F00352782 /* Jirassic-Scrum-Bridging-Header.h */ = {isa = PBXFileReference; lastKnownFileType = sourcecode.c.h; path = "Jirassic-Scrum-Bridging-Header.h"; sourceTree = "<group>"; };
		286585611B04022800352782 /* icon_120.png */ = {isa = PBXFileReference; lastKnownFileType = image.png; path = icon_120.png; sourceTree = "<group>"; };
		286585641B053BE800352782 /* Base */ = {isa = PBXFileReference; lastKnownFileType = file.storyboard; name = Base; path = Base.lproj/Main.storyboard; sourceTree = "<group>"; };
		286585691B053CD300352782 /* TaskCell.swift */ = {isa = PBXFileReference; fileEncoding = 4; lastKnownFileType = sourcecode.swift; path = TaskCell.swift; sourceTree = "<group>"; };
		2865856B1B054E3500352782 /* NonTaskCell.swift */ = {isa = PBXFileReference; fileEncoding = 4; lastKnownFileType = sourcecode.swift; path = NonTaskCell.swift; sourceTree = "<group>"; };
		289998A11AC2920200706824 /* Popover.swift */ = {isa = PBXFileReference; fileEncoding = 4; lastKnownFileType = sourcecode.swift; path = Popover.swift; sourceTree = "<group>"; };
		289998A31AC3354900706824 /* Task.swift */ = {isa = PBXFileReference; fileEncoding = 4; lastKnownFileType = sourcecode.swift; name = Task.swift; path = ../App/Task.swift; sourceTree = "<group>"; };
		289998A81AC3BDF200706824 /* MenuBarController.swift */ = {isa = PBXFileReference; fileEncoding = 4; lastKnownFileType = sourcecode.swift; path = MenuBarController.swift; sourceTree = "<group>"; };
		289E2AC41B2A3AAF003269A3 /* LaunchImage@2x.png */ = {isa = PBXFileReference; lastKnownFileType = image.png; name = "LaunchImage@2x.png"; path = "Resources/LaunchImage@2x.png"; sourceTree = SOURCE_ROOT; };
		289E2ACF1B2B776A003269A3 /* Login.swift */ = {isa = PBXFileReference; fileEncoding = 4; lastKnownFileType = sourcecode.swift; path = Login.swift; sourceTree = "<group>"; };
		289E2AE81B2D68E2003269A3 /* TaskProtocol.swift */ = {isa = PBXFileReference; fileEncoding = 4; lastKnownFileType = sourcecode.swift; name = TaskProtocol.swift; path = App/TaskProtocol.swift; sourceTree = "<group>"; };
		289E2AEE1B2D6D56003269A3 /* Logout.swift */ = {isa = PBXFileReference; fileEncoding = 4; lastKnownFileType = sourcecode.swift; name = Logout.swift; path = App/Logout.swift; sourceTree = SOURCE_ROOT; };
		289E2AF11B2D6D6E003269A3 /* RegisterUser.swift */ = {isa = PBXFileReference; fileEncoding = 4; lastKnownFileType = sourcecode.swift; path = RegisterUser.swift; sourceTree = "<group>"; };
		289E2AF51B2D71FD003269A3 /* JRUserProtocol.swift */ = {isa = PBXFileReference; fileEncoding = 4; lastKnownFileType = sourcecode.swift; name = JRUserProtocol.swift; path = App/JRUserProtocol.swift; sourceTree = "<group>"; };
		289E2AF81B2D8AD6003269A3 /* JRUser.swift */ = {isa = PBXFileReference; fileEncoding = 4; lastKnownFileType = sourcecode.swift; name = JRUser.swift; path = App/JRUser.swift; sourceTree = SOURCE_ROOT; };
		289E2AFC1B2D8C31003269A3 /* typealiases.swift */ = {isa = PBXFileReference; fileEncoding = 4; lastKnownFileType = sourcecode.swift; name = typealiases.swift; path = App/typealiases.swift; sourceTree = "<group>"; };
		289E2B441B332C4C003269A3 /* Jirassic.iconset */ = {isa = PBXFileReference; lastKnownFileType = folder.iconset; name = Jirassic.iconset; path = Jirassic/Jirassic.iconset; sourceTree = SOURCE_ROOT; };
		28B1F2AF1AFA78AA00D61472 /* Jirassic-Bridging-Header.h */ = {isa = PBXFileReference; lastKnownFileType = sourcecode.c.h; path = "Jirassic-Bridging-Header.h"; sourceTree = "<group>"; };
		28B1F2B31AFAA6C700D61472 /* NoTasksViewController.swift */ = {isa = PBXFileReference; fileEncoding = 4; lastKnownFileType = sourcecode.swift; path = NoTasksViewController.swift; sourceTree = "<group>"; };
		28B1F2B51AFAA6F600D61472 /* NewTaskViewController.swift */ = {isa = PBXFileReference; fileEncoding = 4; lastKnownFileType = sourcecode.swift; path = NewTaskViewController.swift; sourceTree = "<group>"; };
		28B1F2B71AFB11A900D61472 /* LoginViewController.swift */ = {isa = PBXFileReference; fileEncoding = 4; lastKnownFileType = sourcecode.swift; path = LoginViewController.swift; sourceTree = "<group>"; };
		28B1F2B91AFB2BCF00D61472 /* NonTaskCell.swift */ = {isa = PBXFileReference; fileEncoding = 4; lastKnownFileType = sourcecode.swift; path = NonTaskCell.swift; sourceTree = "<group>"; };
		28B1F2BD1AFB2BF500D61472 /* NonTaskCell.xib */ = {isa = PBXFileReference; fileEncoding = 4; lastKnownFileType = file.xib; path = NonTaskCell.xib; sourceTree = "<group>"; };
		28B1F2C11AFF260B00D61472 /* SleepNotifications.swift */ = {isa = PBXFileReference; fileEncoding = 4; lastKnownFileType = sourcecode.swift; path = SleepNotifications.swift; sourceTree = "<group>"; };
		28B1F2C31AFF327D00D61472 /* TaskCellProtocol.swift */ = {isa = PBXFileReference; fileEncoding = 4; lastKnownFileType = sourcecode.swift; path = TaskCellProtocol.swift; sourceTree = "<group>"; };
		28B71CBC1B28EC9400E44161 /* TaskTypeEstimatorTests.swift */ = {isa = PBXFileReference; fileEncoding = 4; lastKnownFileType = sourcecode.swift; name = TaskTypeEstimatorTests.swift; path = JirassicTests/TaskTypeEstimatorTests.swift; sourceTree = SOURCE_ROOT; };
		28D21F7C1B014C41005D3C94 /* DrawerState.swift */ = {isa = PBXFileReference; fileEncoding = 4; lastKnownFileType = sourcecode.swift; path = DrawerState.swift; sourceTree = "<group>"; };
		28E838F71AF297FE00602D33 /* Status.png */ = {isa = PBXFileReference; lastKnownFileType = image.png; path = Status.png; sourceTree = "<group>"; };
		28E838F81AF297FE00602D33 /* Status@2x.png */ = {isa = PBXFileReference; lastKnownFileType = image.png; path = "Status@2x.png"; sourceTree = "<group>"; };
		28E838FD1AF401A900602D33 /* DataManagerProtocol.swift */ = {isa = PBXFileReference; fileEncoding = 4; lastKnownFileType = sourcecode.swift; name = DataManagerProtocol.swift; path = ../App/DataManagerProtocol.swift; sourceTree = "<group>"; };
		28E839001AF402B200602D33 /* DateTests.swift */ = {isa = PBXFileReference; fileEncoding = 4; lastKnownFileType = sourcecode.swift; name = DateTests.swift; path = JirassicTests/DateTests.swift; sourceTree = SOURCE_ROOT; };
		28E839021AF4035900602D33 /* DataManager.swift */ = {isa = PBXFileReference; fileEncoding = 4; lastKnownFileType = sourcecode.swift; name = DataManager.swift; path = ../App/DataManager.swift; sourceTree = "<group>"; };
		28EB901E1AF5E9B0008D5337 /* ParseCredentials.swift */ = {isa = PBXFileReference; fileEncoding = 4; lastKnownFileType = sourcecode.swift; name = ParseCredentials.swift; path = ../App/ParseCredentials.swift; sourceTree = "<group>"; };
		28EB90201AF60234008D5337 /* NoTasks.swift */ = {isa = PBXFileReference; fileEncoding = 4; lastKnownFileType = sourcecode.swift; name = NoTasks.swift; path = ../App/NoTasks.swift; sourceTree = "<group>"; };
		28EB90231AF60250008D5337 /* NoTasksTests.swift */ = {isa = PBXFileReference; fileEncoding = 4; lastKnownFileType = sourcecode.swift; name = NoTasksTests.swift; path = JirassicTests/NoTasksTests.swift; sourceTree = SOURCE_ROOT; };
		28EB90251AF6027D008D5337 /* MockDataManager.swift */ = {isa = PBXFileReference; fileEncoding = 4; lastKnownFileType = sourcecode.swift; name = MockDataManager.swift; path = JirassicTests/MockDataManager.swift; sourceTree = SOURCE_ROOT; };
		28EB905C1AF73FD4008D5337 /* TaskTypeEstimator.swift */ = {isa = PBXFileReference; fileEncoding = 4; lastKnownFileType = sourcecode.swift; name = TaskTypeEstimator.swift; path = ../App/TaskTypeEstimator.swift; sourceTree = "<group>"; };
		28EB90621AF948E3008D5337 /* NewDay.swift */ = {isa = PBXFileReference; fileEncoding = 4; lastKnownFileType = sourcecode.swift; name = NewDay.swift; path = ../App/NewDay.swift; sourceTree = "<group>"; };
		28EB906F1AF95C37008D5337 /* DaysViewController.swift */ = {isa = PBXFileReference; lastKnownFileType = sourcecode.swift; path = DaysViewController.swift; sourceTree = "<group>"; };
		28EB90711AF95C37008D5337 /* TasksViewController.swift */ = {isa = PBXFileReference; lastKnownFileType = sourcecode.swift; path = TasksViewController.swift; sourceTree = "<group>"; };
		28EB90901AF9754A008D5337 /* SettingsViewController.swift */ = {isa = PBXFileReference; fileEncoding = 4; lastKnownFileType = sourcecode.swift; path = SettingsViewController.swift; sourceTree = "<group>"; };
		28EB90951AF9D6E9008D5337 /* PredictiveTimeTyping.swift */ = {isa = PBXFileReference; fileEncoding = 4; lastKnownFileType = sourcecode.swift; name = PredictiveTimeTyping.swift; path = ../App/PredictiveTimeTyping.swift; sourceTree = "<group>"; };
		28F292261B1C57B40015F64F /* CreateReportTests.swift */ = {isa = PBXFileReference; fileEncoding = 4; lastKnownFileType = sourcecode.swift; name = CreateReportTests.swift; path = JirassicTests/CreateReportTests.swift; sourceTree = SOURCE_ROOT; };
		28F2922A1B1C843D0015F64F /* JirassicTests-Bridging-Header.h */ = {isa = PBXFileReference; lastKnownFileType = sourcecode.c.h; path = "JirassicTests-Bridging-Header.h"; sourceTree = "<group>"; };
		28F51E791AC694B000A69CDF /* ReadTasks.swift */ = {isa = PBXFileReference; fileEncoding = 4; lastKnownFileType = sourcecode.swift; name = ReadTasks.swift; path = ../App/ReadTasks.swift; sourceTree = "<group>"; };
		28F51EA71AC6A37C00A69CDF /* MainMenu.xib */ = {isa = PBXFileReference; fileEncoding = 4; lastKnownFileType = file.xib; path = MainMenu.xib; sourceTree = "<group>"; };
		28F51EA91AC6A3AE00A69CDF /* IconView.swift */ = {isa = PBXFileReference; fileEncoding = 4; lastKnownFileType = sourcecode.swift; path = IconView.swift; sourceTree = "<group>"; };
		28F51EAB1AC6A4F000A69CDF /* InitParse.swift */ = {isa = PBXFileReference; fileEncoding = 4; lastKnownFileType = sourcecode.swift; name = InitParse.swift; path = ../App/InitParse.swift; sourceTree = "<group>"; };
		28F51EAE1AC6AB7A00A69CDF /* CreateReport.swift */ = {isa = PBXFileReference; fileEncoding = 4; lastKnownFileType = sourcecode.swift; name = CreateReport.swift; path = ../App/CreateReport.swift; sourceTree = "<group>"; };
		28F51EB21AC6B6D800A69CDF /* TasksViewController.swift */ = {isa = PBXFileReference; fileEncoding = 4; lastKnownFileType = sourcecode.swift; path = TasksViewController.swift; sourceTree = "<group>"; };
		28F51EB41AC6EE5200A69CDF /* TaskCell.swift */ = {isa = PBXFileReference; fileEncoding = 4; lastKnownFileType = sourcecode.swift; path = TaskCell.swift; sourceTree = "<group>"; };
		28F51EB61AC6EF1700A69CDF /* TaskCell.xib */ = {isa = PBXFileReference; fileEncoding = 4; lastKnownFileType = file.xib; path = TaskCell.xib; sourceTree = "<group>"; };
		28F51EB81AC6F4FA00A69CDF /* TasksScrollView.swift */ = {isa = PBXFileReference; fileEncoding = 4; lastKnownFileType = sourcecode.swift; path = TasksScrollView.swift; sourceTree = "<group>"; };
		28F51EBA1AC6F5F200A69CDF /* DaysScrollView.swift */ = {isa = PBXFileReference; fileEncoding = 4; lastKnownFileType = sourcecode.swift; path = DaysScrollView.swift; sourceTree = "<group>"; };
		28F51EC51AC805B000A69CDF /* NSDateExtension.swift */ = {isa = PBXFileReference; fileEncoding = 4; lastKnownFileType = sourcecode.swift; name = NSDateExtension.swift; path = ../App/NSDateExtension.swift; sourceTree = "<group>"; };
		6D31D04C1AC196BB001AC4BA /* Jirassic.app */ = {isa = PBXFileReference; explicitFileType = wrapper.application; includeInIndex = 0; path = Jirassic.app; sourceTree = BUILT_PRODUCTS_DIR; };
		6D31D0501AC196BB001AC4BA /* Info.plist */ = {isa = PBXFileReference; lastKnownFileType = text.plist.xml; path = Info.plist; sourceTree = "<group>"; };
		6D31D0511AC196BB001AC4BA /* AppDelegate.swift */ = {isa = PBXFileReference; lastKnownFileType = sourcecode.swift; path = AppDelegate.swift; sourceTree = "<group>"; };
		6D31D0581AC196BB001AC4BA /* Images.xcassets */ = {isa = PBXFileReference; lastKnownFileType = folder.assetcatalog; path = Images.xcassets; sourceTree = "<group>"; };
		6D31D05B1AC196BB001AC4BA /* Base */ = {isa = PBXFileReference; lastKnownFileType = file.storyboard; name = Base; path = Base.lproj/Main.storyboard; sourceTree = "<group>"; };
		6D31D0611AC196BC001AC4BA /* JirassicTests.xctest */ = {isa = PBXFileReference; explicitFileType = wrapper.cfbundle; includeInIndex = 0; path = JirassicTests.xctest; sourceTree = BUILT_PRODUCTS_DIR; };
		6D31D0661AC196BC001AC4BA /* Info.plist */ = {isa = PBXFileReference; lastKnownFileType = text.plist.xml; path = Info.plist; sourceTree = "<group>"; };
		6D31D0771AC2E8AE001AC4BA /* CFNetwork.framework */ = {isa = PBXFileReference; lastKnownFileType = wrapper.framework; name = CFNetwork.framework; path = System/Library/Frameworks/CFNetwork.framework; sourceTree = SDKROOT; };
		6D31D0791AC2E8B7001AC4BA /* CoreGraphics.framework */ = {isa = PBXFileReference; lastKnownFileType = wrapper.framework; name = CoreGraphics.framework; path = System/Library/Frameworks/CoreGraphics.framework; sourceTree = SDKROOT; };
		6D31D07B1AC2E8BF001AC4BA /* CoreLocation.framework */ = {isa = PBXFileReference; lastKnownFileType = wrapper.framework; name = CoreLocation.framework; path = System/Library/Frameworks/CoreLocation.framework; sourceTree = SDKROOT; };
		6D31D07D1AC2E8C9001AC4BA /* libz.dylib */ = {isa = PBXFileReference; lastKnownFileType = "compiled.mach-o.dylib"; name = libz.dylib; path = usr/lib/libz.dylib; sourceTree = SDKROOT; };
		6D31D0811AC2E8ED001AC4BA /* QuartzCore.framework */ = {isa = PBXFileReference; lastKnownFileType = wrapper.framework; name = QuartzCore.framework; path = System/Library/Frameworks/QuartzCore.framework; sourceTree = SDKROOT; };
		6D31D0831AC2E8F8001AC4BA /* Security.framework */ = {isa = PBXFileReference; lastKnownFileType = wrapper.framework; name = Security.framework; path = System/Library/Frameworks/Security.framework; sourceTree = SDKROOT; };
		6D31D0871AC2E90B001AC4BA /* SystemConfiguration.framework */ = {isa = PBXFileReference; lastKnownFileType = wrapper.framework; name = SystemConfiguration.framework; path = System/Library/Frameworks/SystemConfiguration.framework; sourceTree = SDKROOT; };
		6D31D08C1AC2EB0D001AC4BA /* libsqlite3.dylib */ = {isa = PBXFileReference; lastKnownFileType = "compiled.mach-o.dylib"; name = libsqlite3.dylib; path = usr/lib/libsqlite3.dylib; sourceTree = SDKROOT; };
		6D31D08E1AC2EB1B001AC4BA /* ApplicationServices.framework */ = {isa = PBXFileReference; lastKnownFileType = wrapper.framework; name = ApplicationServices.framework; path = System/Library/Frameworks/ApplicationServices.framework; sourceTree = SDKROOT; };
		6D31D0971AC445CA001AC4BA /* Bolts.framework */ = {isa = PBXFileReference; lastKnownFileType = wrapper.framework; path = Bolts.framework; sourceTree = "<group>"; };
		6D31D0981AC445CA001AC4BA /* ParseOSX.framework */ = {isa = PBXFileReference; lastKnownFileType = wrapper.framework; path = ParseOSX.framework; sourceTree = "<group>"; };
		6D31D0A01AC44785001AC4BA /* RCLog.swift */ = {isa = PBXFileReference; fileEncoding = 4; lastKnownFileType = sourcecode.swift; name = RCLog.swift; path = ../Vendor/RCLog.swift; sourceTree = "<group>"; };
/* End PBXFileReference section */

/* Begin PBXFrameworksBuildPhase section */
		286585111B031D3A00352782 /* Frameworks */ = {
			isa = PBXFrameworksBuildPhase;
			buildActionMask = 2147483647;
			files = (
				286585481B03E61E00352782 /* CFNetwork.framework in Frameworks */,
				286585401B03E60000352782 /* QuartzCore.framework in Frameworks */,
				286585381B03E5EA00352782 /* libsqlite3.dylib in Frameworks */,
				2865853C1B03E5F600352782 /* SystemConfiguration.framework in Frameworks */,
				286585421B03E60500352782 /* MobileCoreServices.framework in Frameworks */,
				286585461B03E61800352782 /* CoreGraphics.framework in Frameworks */,
				286585441B03E60B00352782 /* CoreLocation.framework in Frameworks */,
				2865854A1B03E62300352782 /* AudioToolbox.framework in Frameworks */,
				2865854F1B03EA6100352782 /* Bolts.framework in Frameworks */,
				2865853E1B03E5FC00352782 /* Security.framework in Frameworks */,
				286585511B03EA6700352782 /* Parse.framework in Frameworks */,
				2865853A1B03E5F100352782 /* libz.dylib in Frameworks */,
			);
			runOnlyForDeploymentPostprocessing = 0;
		};
		286585271B031D3A00352782 /* Frameworks */ = {
			isa = PBXFrameworksBuildPhase;
			buildActionMask = 2147483647;
			files = (
				286585491B03E61E00352782 /* CFNetwork.framework in Frameworks */,
				286585411B03E60100352782 /* QuartzCore.framework in Frameworks */,
				286585391B03E5ED00352782 /* libsqlite3.dylib in Frameworks */,
				2865853D1B03E5F600352782 /* SystemConfiguration.framework in Frameworks */,
				286585431B03E60600352782 /* MobileCoreServices.framework in Frameworks */,
				286585471B03E61900352782 /* CoreGraphics.framework in Frameworks */,
				286585451B03E60C00352782 /* CoreLocation.framework in Frameworks */,
				2865854B1B03E62400352782 /* AudioToolbox.framework in Frameworks */,
				286585501B03EA6200352782 /* Bolts.framework in Frameworks */,
				2865853F1B03E5FC00352782 /* Security.framework in Frameworks */,
				286585521B03EA6700352782 /* Parse.framework in Frameworks */,
				2865853B1B03E5F200352782 /* libz.dylib in Frameworks */,
			);
			runOnlyForDeploymentPostprocessing = 0;
		};
		6D31D0491AC196BB001AC4BA /* Frameworks */ = {
			isa = PBXFrameworksBuildPhase;
			buildActionMask = 2147483647;
			files = (
				6D31D08F1AC2EB1B001AC4BA /* ApplicationServices.framework in Frameworks */,
				6D31D0781AC2E8AE001AC4BA /* CFNetwork.framework in Frameworks */,
				6D31D07A1AC2E8B7001AC4BA /* CoreGraphics.framework in Frameworks */,
				6D31D07C1AC2E8BF001AC4BA /* CoreLocation.framework in Frameworks */,
				6D31D0821AC2E8ED001AC4BA /* QuartzCore.framework in Frameworks */,
				6D31D0841AC2E8F8001AC4BA /* Security.framework in Frameworks */,
				6D31D0991AC445CA001AC4BA /* Bolts.framework in Frameworks */,
				6D31D09E1AC44619001AC4BA /* ParseOSX.framework in Frameworks */,
				6D31D0881AC2E90B001AC4BA /* SystemConfiguration.framework in Frameworks */,
				6D31D08D1AC2EB0D001AC4BA /* libsqlite3.dylib in Frameworks */,
				6D31D07E1AC2E8C9001AC4BA /* libz.dylib in Frameworks */,
			);
			runOnlyForDeploymentPostprocessing = 0;
		};
		6D31D05E1AC196BC001AC4BA /* Frameworks */ = {
			isa = PBXFrameworksBuildPhase;
			buildActionMask = 2147483647;
			files = (
				28E8390B1AF4973500602D33 /* CoreLocation.framework in Frameworks */,
				28E8390E1AF4973F00602D33 /* SystemConfiguration.framework in Frameworks */,
				28E839061AF4972300602D33 /* libsqlite3.dylib in Frameworks */,
				28E8390C1AF4973900602D33 /* QuartzCore.framework in Frameworks */,
				28E839081AF4972B00602D33 /* ApplicationServices.framework in Frameworks */,
				28E8390F1AF4974600602D33 /* Bolts.framework in Frameworks */,
				28E839091AF4972F00602D33 /* CFNetwork.framework in Frameworks */,
				28E8390A1AF4973200602D33 /* CoreGraphics.framework in Frameworks */,
				28E839101AF4974A00602D33 /* ParseOSX.framework in Frameworks */,
				28E8390D1AF4973C00602D33 /* Security.framework in Frameworks */,
				28E839071AF4972700602D33 /* libz.dylib in Frameworks */,
			);
			runOnlyForDeploymentPostprocessing = 0;
		};
/* End PBXFrameworksBuildPhase section */

/* Begin PBXGroup section */
		2846C9101AFF8ABB00779357 /* parse-osx */ = {
			isa = PBXGroup;
			children = (
				6D31D0971AC445CA001AC4BA /* Bolts.framework */,
				6D31D0981AC445CA001AC4BA /* ParseOSX.framework */,
			);
			name = "parse-osx";
			sourceTree = "<group>";
		};
		2846C9111AFF8AC800779357 /* parse-ios */ = {
			isa = PBXGroup;
			children = (
				2846C90B1AFF882E00779357 /* Bolts.framework */,
				2846C90C1AFF882E00779357 /* Parse.framework */,
			);
			name = "parse-ios";
			path = ../Scrum;
			sourceTree = "<group>";
		};
		2856DF181B13C5D200A4D5A4 /* Services */ = {
			isa = PBXGroup;
			children = (
				2856DF191B13C8FB00A4D5A4 /* JiraLogin.swift */,
				2856DF1C1B13C95200A4D5A4 /* JiraTrackWork.swift */,
			);
			name = Services;
			path = Jirassic;
			sourceTree = "<group>";
		};
		286585151B031D3A00352782 /* IOS */ = {
			isa = PBXGroup;
			children = (
				286585181B031D3A00352782 /* AppDelegate.swift */,
				286585631B053BE800352782 /* Main.storyboard */,
				2856DF161B13919A00A4D5A4 /* IosLoginViewController.swift */,
				28EB906F1AF95C37008D5337 /* DaysViewController.swift */,
				28EB90711AF95C37008D5337 /* TasksViewController.swift */,
				286585691B053CD300352782 /* TaskCell.swift */,
				2865856B1B054E3500352782 /* NonTaskCell.swift */,
				286585211B031D3A00352782 /* Images.xcassets */,
				286585231B031D3A00352782 /* LaunchScreen.xib */,
				286585161B031D3A00352782 /* Supporting Files */,
			);
			name = IOS;
			path = "Jirassic-Scrum";
			sourceTree = SOURCE_ROOT;
		};
		286585161B031D3A00352782 /* Supporting Files */ = {
			isa = PBXGroup;
			children = (
				286585611B04022800352782 /* icon_120.png */,
				289E2AC41B2A3AAF003269A3 /* LaunchImage@2x.png */,
				286585171B031D3A00352782 /* Info.plist */,
				2865855D1B03EB0F00352782 /* Jirassic-Scrum-Bridging-Header.h */,
			);
			name = "Supporting Files";
			sourceTree = "<group>";
		};
		2865852D1B031D3A00352782 /* Jirassic-ScrumTests */ = {
			isa = PBXGroup;
			children = (
				286585301B031D3A00352782 /* Jirassic_ScrumTests.swift */,
				2865852E1B031D3A00352782 /* Supporting Files */,
			);
			path = "Jirassic-ScrumTests";
			sourceTree = "<group>";
		};
		2865852E1B031D3A00352782 /* Supporting Files */ = {
			isa = PBXGroup;
			children = (
				2865852F1B031D3A00352782 /* Info.plist */,
			);
			name = "Supporting Files";
			sourceTree = "<group>";
		};
		289998A61AC3429500706824 /* External */ = {
			isa = PBXGroup;
			children = (
				28F51EAB1AC6A4F000A69CDF /* InitParse.swift */,
				28EB901E1AF5E9B0008D5337 /* ParseCredentials.swift */,
				28E838FD1AF401A900602D33 /* DataManagerProtocol.swift */,
				28E839021AF4035900602D33 /* DataManager.swift */,
				28EB90251AF6027D008D5337 /* MockDataManager.swift */,
				289998A31AC3354900706824 /* Task.swift */,
				289E2AF81B2D8AD6003269A3 /* JRUser.swift */,
			);
			name = External;
			path = Jirassic;
			sourceTree = "<group>";
		};
		289998A71AC342AB00706824 /* Login */ = {
			isa = PBXGroup;
			children = (
				28B1F2B71AFB11A900D61472 /* LoginViewController.swift */,
			);
			name = Login;
			sourceTree = "<group>";
		};
		289E2AC61B2B6D21003269A3 /* Tasks */ = {
			isa = PBXGroup;
			children = (
				28EB90201AF60234008D5337 /* NoTasks.swift */,
				28EB90231AF60250008D5337 /* NoTasksTests.swift */,
				28EB90621AF948E3008D5337 /* NewDay.swift */,
				28B1F2C31AFF327D00D61472 /* TaskCellProtocol.swift */,
			);
			name = Tasks;
			sourceTree = "<group>";
		};
		289E2AE61B2D6554003269A3 /* OSX */ = {
			isa = PBXGroup;
			children = (
				6D31D0511AC196BB001AC4BA /* AppDelegate.swift */,
				28F51EA71AC6A37C00A69CDF /* MainMenu.xib */,
				6D31D05A1AC196BB001AC4BA /* Main.storyboard */,
				289998A81AC3BDF200706824 /* MenuBarController.swift */,
				289998A11AC2920200706824 /* Popover.swift */,
				282426771B113F6900211713 /* PopoverViewController.swift */,
				282426751B113D5000211713 /* FlipScreens.swift */,
				28F51EA91AC6A3AE00A69CDF /* IconView.swift */,
				28E838FC1AF3372E00602D33 /* Tasks */,
				28EB908F1AF974DC008D5337 /* Settings */,
				289998A71AC342AB00706824 /* Login */,
				6D31D0581AC196BB001AC4BA /* Images.xcassets */,
				28E838F51AF297FE00602D33 /* Resources */,
				6D31D04F1AC196BB001AC4BA /* Supporting Files */,
			);
			name = OSX;
			sourceTree = "<group>";
		};
		289E2AE71B2D687F003269A3 /* Entities */ = {
			isa = PBXGroup;
			children = (
				289E2AE81B2D68E2003269A3 /* TaskProtocol.swift */,
				289E2AF51B2D71FD003269A3 /* JRUserProtocol.swift */,
				289E2AFC1B2D8C31003269A3 /* typealiases.swift */,
			);
			name = Entities;
			path = ..;
			sourceTree = "<group>";
		};
		289E2AEB1B2D6918003269A3 /* Actions */ = {
			isa = PBXGroup;
			children = (
				28F51E791AC694B000A69CDF /* ReadTasks.swift */,
				28F51EAE1AC6AB7A00A69CDF /* CreateReport.swift */,
				28F292261B1C57B40015F64F /* CreateReportTests.swift */,
				289E2ACF1B2B776A003269A3 /* Login.swift */,
				289E2AEE1B2D6D56003269A3 /* Logout.swift */,
				289E2AF11B2D6D6E003269A3 /* RegisterUser.swift */,
				28D21F7C1B014C41005D3C94 /* DrawerState.swift */,
			);
			name = Actions;
			sourceTree = "<group>";
		};
		28E838F51AF297FE00602D33 /* Resources */ = {
			isa = PBXGroup;
			children = (
				289E2B441B332C4C003269A3 /* Jirassic.iconset */,
				28E838F71AF297FE00602D33 /* Status.png */,
				28E838F81AF297FE00602D33 /* Status@2x.png */,
			);
			path = Resources;
			sourceTree = SOURCE_ROOT;
		};
		28E838FC1AF3372E00602D33 /* Tasks */ = {
			isa = PBXGroup;
			children = (
				28F51EB21AC6B6D800A69CDF /* TasksViewController.swift */,
				28F51EBA1AC6F5F200A69CDF /* DaysScrollView.swift */,
				28F51EB81AC6F4FA00A69CDF /* TasksScrollView.swift */,
				28B1F2B31AFAA6C700D61472 /* NoTasksViewController.swift */,
				28B1F2B51AFAA6F600D61472 /* NewTaskViewController.swift */,
				28F51EB41AC6EE5200A69CDF /* TaskCell.swift */,
				28F51EB61AC6EF1700A69CDF /* TaskCell.xib */,
				28B1F2B91AFB2BCF00D61472 /* NonTaskCell.swift */,
				28B1F2BD1AFB2BF500D61472 /* NonTaskCell.xib */,
			);
			name = Tasks;
			sourceTree = "<group>";
		};
		28EB908F1AF974DC008D5337 /* Settings */ = {
			isa = PBXGroup;
			children = (
				28EB90901AF9754A008D5337 /* SettingsViewController.swift */,
			);
			name = Settings;
			sourceTree = "<group>";
		};
		28F51E6C1AC68E6D00A69CDF /* App */ = {
			isa = PBXGroup;
			children = (
				289E2AE71B2D687F003269A3 /* Entities */,
				289E2AEB1B2D6918003269A3 /* Actions */,
				28B1F2C11AFF260B00D61472 /* SleepNotifications.swift */,
				28EB905C1AF73FD4008D5337 /* TaskTypeEstimator.swift */,
				28B71CBC1B28EC9400E44161 /* TaskTypeEstimatorTests.swift */,
				28EB90951AF9D6E9008D5337 /* PredictiveTimeTyping.swift */,
				289E2AC61B2B6D21003269A3 /* Tasks */,
			);
			name = App;
			path = Jirassic;
			sourceTree = "<group>";
		};
		28F51EC41AC8059400A69CDF /* Extensions */ = {
			isa = PBXGroup;
			children = (
				28F51EC51AC805B000A69CDF /* NSDateExtension.swift */,
				28E839001AF402B200602D33 /* DateTests.swift */,
			);
			name = Extensions;
			path = Jirassic;
			sourceTree = "<group>";
		};
		6D31D0431AC196BB001AC4BA = {
			isa = PBXGroup;
			children = (
				28F51E6C1AC68E6D00A69CDF /* App */,
				6D31D04E1AC196BB001AC4BA /* Delivery */,
				289998A61AC3429500706824 /* External */,
				2856DF181B13C5D200A4D5A4 /* Services */,
				28F51EC41AC8059400A69CDF /* Extensions */,
				6D31D0641AC196BC001AC4BA /* JirassicTests */,
				2865852D1B031D3A00352782 /* Jirassic-ScrumTests */,
				6D31D0A21AC448FF001AC4BA /* Vendor */,
				6D31D0741AC2E439001AC4BA /* Frameworks */,
				6D31D04D1AC196BB001AC4BA /* Products */,
			);
			sourceTree = "<group>";
		};
		6D31D04D1AC196BB001AC4BA /* Products */ = {
			isa = PBXGroup;
			children = (
				6D31D04C1AC196BB001AC4BA /* Jirassic.app */,
				6D31D0611AC196BC001AC4BA /* JirassicTests.xctest */,
				286585141B031D3A00352782 /* Jirassic-Scrum.app */,
				2865852A1B031D3A00352782 /* Jirassic-ScrumTests.xctest */,
			);
			name = Products;
			sourceTree = "<group>";
		};
		6D31D04E1AC196BB001AC4BA /* Delivery */ = {
			isa = PBXGroup;
			children = (
				289E2AE61B2D6554003269A3 /* OSX */,
				286585151B031D3A00352782 /* IOS */,
			);
			name = Delivery;
			path = Jirassic;
			sourceTree = "<group>";
		};
		6D31D04F1AC196BB001AC4BA /* Supporting Files */ = {
			isa = PBXGroup;
			children = (
				6D31D0501AC196BB001AC4BA /* Info.plist */,
				28B1F2AF1AFA78AA00D61472 /* Jirassic-Bridging-Header.h */,
			);
			name = "Supporting Files";
			sourceTree = "<group>";
		};
		6D31D0641AC196BC001AC4BA /* JirassicTests */ = {
			isa = PBXGroup;
			children = (
				6D31D0651AC196BC001AC4BA /* Supporting Files */,
			);
			path = JirassicTests;
			sourceTree = "<group>";
		};
		6D31D0651AC196BC001AC4BA /* Supporting Files */ = {
			isa = PBXGroup;
			children = (
				28F2922A1B1C843D0015F64F /* JirassicTests-Bridging-Header.h */,
				6D31D0661AC196BC001AC4BA /* Info.plist */,
			);
			name = "Supporting Files";
			sourceTree = "<group>";
		};
		6D31D0741AC2E439001AC4BA /* Frameworks */ = {
			isa = PBXGroup;
			children = (
				2846C92D1AFF905D00779357 /* libsqlite3.dylib */,
				2846C92B1AFF905100779357 /* libz.dylib */,
				2846C9291AFF904500779357 /* SystemConfiguration.framework */,
				2846C9251AFF903000779357 /* Security.framework */,
				2846C9231AFF902600779357 /* QuartzCore.framework */,
				2846C9211AFF901C00779357 /* MobileCoreServices.framework */,
				2846C91F1AFF901300779357 /* CoreLocation.framework */,
				2846C91D1AFF900400779357 /* CoreGraphics.framework */,
				2846C91B1AFF8FFA00779357 /* CFNetwork.framework */,
				2846C9161AFF8FB100779357 /* AudioToolbox.framework */,
				6D31D08C1AC2EB0D001AC4BA /* libsqlite3.dylib */,
				6D31D07D1AC2E8C9001AC4BA /* libz.dylib */,
				6D31D08E1AC2EB1B001AC4BA /* ApplicationServices.framework */,
				6D31D0771AC2E8AE001AC4BA /* CFNetwork.framework */,
				6D31D0791AC2E8B7001AC4BA /* CoreGraphics.framework */,
				6D31D07B1AC2E8BF001AC4BA /* CoreLocation.framework */,
				6D31D0811AC2E8ED001AC4BA /* QuartzCore.framework */,
				6D31D0831AC2E8F8001AC4BA /* Security.framework */,
				6D31D0871AC2E90B001AC4BA /* SystemConfiguration.framework */,
			);
			name = Frameworks;
			path = Jirassic;
			sourceTree = "<group>";
		};
		6D31D0A21AC448FF001AC4BA /* Vendor */ = {
			isa = PBXGroup;
			children = (
				2846C9101AFF8ABB00779357 /* parse-osx */,
				2846C9111AFF8AC800779357 /* parse-ios */,
				6D31D0A01AC44785001AC4BA /* RCLog.swift */,
			);
			name = Vendor;
			path = Jirassic;
			sourceTree = "<group>";
		};
/* End PBXGroup section */

/* Begin PBXNativeTarget section */
		286585131B031D3A00352782 /* Jirassic-Scrum */ = {
			isa = PBXNativeTarget;
			buildConfigurationList = 286585321B031D3A00352782 /* Build configuration list for PBXNativeTarget "Jirassic-Scrum" */;
			buildPhases = (
				286585101B031D3A00352782 /* Sources */,
				286585111B031D3A00352782 /* Frameworks */,
				286585121B031D3A00352782 /* Resources */,
			);
			buildRules = (
			);
			dependencies = (
			);
			name = "Jirassic-Scrum";
			productName = "Jirassic-Scrum";
			productReference = 286585141B031D3A00352782 /* Jirassic-Scrum.app */;
			productType = "com.apple.product-type.application";
		};
		286585291B031D3A00352782 /* Jirassic-ScrumTests */ = {
			isa = PBXNativeTarget;
			buildConfigurationList = 286585351B031D3A00352782 /* Build configuration list for PBXNativeTarget "Jirassic-ScrumTests" */;
			buildPhases = (
				286585261B031D3A00352782 /* Sources */,
				286585271B031D3A00352782 /* Frameworks */,
				286585281B031D3A00352782 /* Resources */,
			);
			buildRules = (
			);
			dependencies = (
				2865852C1B031D3A00352782 /* PBXTargetDependency */,
			);
			name = "Jirassic-ScrumTests";
			productName = "Jirassic-ScrumTests";
			productReference = 2865852A1B031D3A00352782 /* Jirassic-ScrumTests.xctest */;
			productType = "com.apple.product-type.bundle.unit-test";
		};
		6D31D04B1AC196BB001AC4BA /* Jirassic */ = {
			isa = PBXNativeTarget;
			buildConfigurationList = 6D31D06B1AC196BC001AC4BA /* Build configuration list for PBXNativeTarget "Jirassic" */;
			buildPhases = (
				6D31D0481AC196BB001AC4BA /* Sources */,
				6D31D0491AC196BB001AC4BA /* Frameworks */,
				6D31D04A1AC196BB001AC4BA /* Resources */,
				6D31D09D1AC44613001AC4BA /* Embed Frameworks */,
			);
			buildRules = (
			);
			dependencies = (
			);
			name = Jirassic;
			productName = Jirassic;
			productReference = 6D31D04C1AC196BB001AC4BA /* Jirassic.app */;
			productType = "com.apple.product-type.application";
		};
		6D31D0601AC196BC001AC4BA /* JirassicTests */ = {
			isa = PBXNativeTarget;
			buildConfigurationList = 6D31D06E1AC196BC001AC4BA /* Build configuration list for PBXNativeTarget "JirassicTests" */;
			buildPhases = (
				6D31D05D1AC196BC001AC4BA /* Sources */,
				6D31D05E1AC196BC001AC4BA /* Frameworks */,
				6D31D05F1AC196BC001AC4BA /* Resources */,
			);
			buildRules = (
			);
			dependencies = (
				6D31D0631AC196BC001AC4BA /* PBXTargetDependency */,
			);
			name = JirassicTests;
			productName = JirassicTests;
			productReference = 6D31D0611AC196BC001AC4BA /* JirassicTests.xctest */;
			productType = "com.apple.product-type.bundle.unit-test";
		};
/* End PBXNativeTarget section */

/* Begin PBXProject section */
		6D31D0441AC196BB001AC4BA /* Project object */ = {
			isa = PBXProject;
			attributes = {
				LastUpgradeCheck = 0620;
				ORGANIZATIONNAME = "Cristian Baluta";
				TargetAttributes = {
					286585131B031D3A00352782 = {
						CreatedOnToolsVersion = 6.3.1;
						DevelopmentTeam = 5NHDC5EV44;
					};
					286585291B031D3A00352782 = {
						CreatedOnToolsVersion = 6.3.1;
						DevelopmentTeam = 5NHDC5EV44;
						TestTargetID = 286585131B031D3A00352782;
					};
					6D31D04B1AC196BB001AC4BA = {
						CreatedOnToolsVersion = 6.2;
					};
					6D31D0601AC196BC001AC4BA = {
						CreatedOnToolsVersion = 6.2;
						TestTargetID = 6D31D04B1AC196BB001AC4BA;
					};
				};
			};
			buildConfigurationList = 6D31D0471AC196BB001AC4BA /* Build configuration list for PBXProject "Jirassic" */;
			compatibilityVersion = "Xcode 3.2";
			developmentRegion = English;
			hasScannedForEncodings = 0;
			knownRegions = (
				en,
				Base,
			);
			mainGroup = 6D31D0431AC196BB001AC4BA;
			productRefGroup = 6D31D04D1AC196BB001AC4BA /* Products */;
			projectDirPath = "";
			projectRoot = "";
			targets = (
				6D31D04B1AC196BB001AC4BA /* Jirassic */,
				6D31D0601AC196BC001AC4BA /* JirassicTests */,
				286585131B031D3A00352782 /* Jirassic-Scrum */,
				286585291B031D3A00352782 /* Jirassic-ScrumTests */,
			);
		};
/* End PBXProject section */

/* Begin PBXResourcesBuildPhase section */
		286585121B031D3A00352782 /* Resources */ = {
			isa = PBXResourcesBuildPhase;
			buildActionMask = 2147483647;
			files = (
				286585251B031D3A00352782 /* LaunchScreen.xib in Resources */,
				286585621B04022800352782 /* icon_120.png in Resources */,
				286585221B031D3A00352782 /* Images.xcassets in Resources */,
				286585651B053BE800352782 /* Main.storyboard in Resources */,
				289E2AC51B2A3AAF003269A3 /* LaunchImage@2x.png in Resources */,
			);
			runOnlyForDeploymentPostprocessing = 0;
		};
		286585281B031D3A00352782 /* Resources */ = {
			isa = PBXResourcesBuildPhase;
			buildActionMask = 2147483647;
			files = (
			);
			runOnlyForDeploymentPostprocessing = 0;
		};
		6D31D04A1AC196BB001AC4BA /* Resources */ = {
			isa = PBXResourcesBuildPhase;
			buildActionMask = 2147483647;
			files = (
				28B1F2BE1AFB2BF500D61472 /* NonTaskCell.xib in Resources */,
				6D31D0591AC196BB001AC4BA /* Images.xcassets in Resources */,
				6D31D05C1AC196BB001AC4BA /* Main.storyboard in Resources */,
				289E2B451B332C4C003269A3 /* Jirassic.iconset in Resources */,
				28F51EA81AC6A37C00A69CDF /* MainMenu.xib in Resources */,
				28E838FA1AF297FE00602D33 /* Status.png in Resources */,
				28E838FB1AF297FE00602D33 /* Status@2x.png in Resources */,
				28F51EB71AC6EF1700A69CDF /* TaskCell.xib in Resources */,
			);
			runOnlyForDeploymentPostprocessing = 0;
		};
		6D31D05F1AC196BC001AC4BA /* Resources */ = {
			isa = PBXResourcesBuildPhase;
			buildActionMask = 2147483647;
			files = (
				289E2B1F1B31420F003269A3 /* NonTaskCell.xib in Resources */,
				289E2B1D1B314207003269A3 /* TaskCell.xib in Resources */,
			);
			runOnlyForDeploymentPostprocessing = 0;
		};
/* End PBXResourcesBuildPhase section */

/* Begin PBXSourcesBuildPhase section */
		286585101B031D3A00352782 /* Sources */ = {
			isa = PBXSourcesBuildPhase;
			buildActionMask = 2147483647;
			files = (
				289E2AEC1B2D6B0B003269A3 /* TaskProtocol.swift in Sources */,
				2856DF1E1B13C95200A4D5A4 /* JiraTrackWork.swift in Sources */,
				286585191B031D3A00352782 /* AppDelegate.swift in Sources */,
				286585581B03EABE00352782 /* DataManager.swift in Sources */,
				2865856C1B054E3500352782 /* NonTaskCell.swift in Sources */,
				2856DF171B13919A00A4D5A4 /* IosLoginViewController.swift in Sources */,
				2865856A1B053CD300352782 /* TaskCell.swift in Sources */,
				286585571B03EABA00352782 /* DataManagerProtocol.swift in Sources */,
				286585531B03EA6B00352782 /* RCLog.swift in Sources */,
				289E2AFF1B2D8C31003269A3 /* typealiases.swift in Sources */,
				2865854C1B03E6CD00352782 /* DaysViewController.swift in Sources */,
				2856DF1B1B13C8FB00A4D5A4 /* JiraLogin.swift in Sources */,
				286585551B03EAA900352782 /* InitParse.swift in Sources */,
				2865855A1B03EAC700352782 /* NSDateExtension.swift in Sources */,
				286585561B03EAB600352782 /* ParseCredentials.swift in Sources */,
				289E2AFB1B2D8ADC003269A3 /* JRUser.swift in Sources */,
				2894F1CB1B076EAE0095DD17 /* ReadTasks.swift in Sources */,
				286585591B03EAC200352782 /* Task.swift in Sources */,
				2814EEB81B37721D0031D870 /* JRUserProtocol.swift in Sources */,
				2865854D1B03E6D100352782 /* TasksViewController.swift in Sources */,
			);
			runOnlyForDeploymentPostprocessing = 0;
		};
		286585261B031D3A00352782 /* Sources */ = {
			isa = PBXSourcesBuildPhase;
			buildActionMask = 2147483647;
			files = (
				2814EEBA1B3772290031D870 /* typealiases.swift in Sources */,
				2865855B1B03EAC900352782 /* NSDateExtension.swift in Sources */,
				286585311B031D3A00352782 /* Jirassic_ScrumTests.swift in Sources */,
				289E2AED1B2D6B0D003269A3 /* TaskProtocol.swift in Sources */,
				2814EEB91B37721E0031D870 /* JRUserProtocol.swift in Sources */,
				286585541B03EA6C00352782 /* RCLog.swift in Sources */,
			);
			runOnlyForDeploymentPostprocessing = 0;
		};
		6D31D0481AC196BB001AC4BA /* Sources */ = {
			isa = PBXSourcesBuildPhase;
			buildActionMask = 2147483647;
			files = (
				28E838FE1AF401A900602D33 /* DataManagerProtocol.swift in Sources */,
				28E839031AF4035900602D33 /* DataManager.swift in Sources */,
				289E2AD01B2B776A003269A3 /* Login.swift in Sources */,
				28D21F7D1B014C41005D3C94 /* DrawerState.swift in Sources */,
				28EB90631AF948E3008D5337 /* NewDay.swift in Sources */,
				289998A41AC3354900706824 /* Task.swift in Sources */,
				28EB90961AF9D6E9008D5337 /* PredictiveTimeTyping.swift in Sources */,
				28B1F2C21AFF260B00D61472 /* SleepNotifications.swift in Sources */,
				28F51EB51AC6EE5200A69CDF /* TaskCell.swift in Sources */,
				28B1F2B61AFAA6F600D61472 /* NewTaskViewController.swift in Sources */,
				2856DF1A1B13C8FB00A4D5A4 /* JiraLogin.swift in Sources */,
				28EB905D1AF73FD4008D5337 /* TaskTypeEstimator.swift in Sources */,
				289E2AF21B2D6D6E003269A3 /* RegisterUser.swift in Sources */,
				28F51EAF1AC6AB7A00A69CDF /* CreateReport.swift in Sources */,
				28F51E7A1AC694B000A69CDF /* ReadTasks.swift in Sources */,
				289E2AF61B2D71FD003269A3 /* JRUserProtocol.swift in Sources */,
				28F51EB31AC6B6D800A69CDF /* TasksViewController.swift in Sources */,
				28F51EBB1AC6F5F200A69CDF /* DaysScrollView.swift in Sources */,
				289E2AFD1B2D8C31003269A3 /* typealiases.swift in Sources */,
				289998A21AC2920200706824 /* Popover.swift in Sources */,
				289E2AF91B2D8AD6003269A3 /* JRUser.swift in Sources */,
				28EB901F1AF5E9B0008D5337 /* ParseCredentials.swift in Sources */,
				28F51EAC1AC6A4F000A69CDF /* InitParse.swift in Sources */,
				289E2AE91B2D68E2003269A3 /* TaskProtocol.swift in Sources */,
				28EB90261AF6027D008D5337 /* MockDataManager.swift in Sources */,
				2856DF1D1B13C95200A4D5A4 /* JiraTrackWork.swift in Sources */,
				28B1F2B81AFB11A900D61472 /* LoginViewController.swift in Sources */,
				28EB90211AF60234008D5337 /* NoTasks.swift in Sources */,
				28F51EAA1AC6A3AE00A69CDF /* IconView.swift in Sources */,
				6D31D0521AC196BB001AC4BA /* AppDelegate.swift in Sources */,
				28B1F2C41AFF327D00D61472 /* TaskCellProtocol.swift in Sources */,
				282426761B113D5000211713 /* FlipScreens.swift in Sources */,
				289E2AEF1B2D6D56003269A3 /* Logout.swift in Sources */,
				282426781B113F6900211713 /* PopoverViewController.swift in Sources */,
				28F51EC61AC805B000A69CDF /* NSDateExtension.swift in Sources */,
				28B1F2BA1AFB2BCF00D61472 /* NonTaskCell.swift in Sources */,
				6D31D0A11AC44785001AC4BA /* RCLog.swift in Sources */,
				28F51EB91AC6F4FA00A69CDF /* TasksScrollView.swift in Sources */,
				28B1F2B41AFAA6C700D61472 /* NoTasksViewController.swift in Sources */,
				28EB90921AF9754A008D5337 /* SettingsViewController.swift in Sources */,
				289998A91AC3BDF200706824 /* MenuBarController.swift in Sources */,
			);
			runOnlyForDeploymentPostprocessing = 0;
		};
		6D31D05D1AC196BC001AC4BA /* Sources */ = {
			isa = PBXSourcesBuildPhase;
			buildActionMask = 2147483647;
			files = (
				289E2B431B3285A3003269A3 /* SleepNotifications.swift in Sources */,
				289E2AD11B2B776A003269A3 /* Login.swift in Sources */,
				28B71CBD1B28EC9400E44161 /* TaskTypeEstimatorTests.swift in Sources */,
				28EB90221AF60234008D5337 /* NoTasks.swift in Sources */,
				289E2AF01B2D6D56003269A3 /* Logout.swift in Sources */,
				289E2AFE1B2D8C31003269A3 /* typealiases.swift in Sources */,
				289E2B1C1B314203003269A3 /* TaskCell.swift in Sources */,
				289E2AE21B2D49A3003269A3 /* TaskCellProtocol.swift in Sources */,
				28EB90271AF6027D008D5337 /* MockDataManager.swift in Sources */,
				289E2AD71B2B8688003269A3 /* LoginViewController.swift in Sources */,
				289E2AE01B2D46E0003269A3 /* TasksViewController.swift in Sources */,
				289E2B421B328598003269A3 /* FlipScreens.swift in Sources */,
				28F292271B1C57B40015F64F /* CreateReportTests.swift in Sources */,
				28F51EC71AC805B000A69CDF /* NSDateExtension.swift in Sources */,
				289E2AEA1B2D68E2003269A3 /* TaskProtocol.swift in Sources */,
				289E2B231B3142A6003269A3 /* InitParse.swift in Sources */,
				28E839111AF4974D00602D33 /* RCLog.swift in Sources */,
				289E2B1E1B31420B003269A3 /* NonTaskCell.swift in Sources */,
				28EB90971AF9D6E9008D5337 /* PredictiveTimeTyping.swift in Sources */,
				28F292281B1C72720015F64F /* CreateReport.swift in Sources */,
				289E2B201B31428E003269A3 /* DataManager.swift in Sources */,
				289E2AF71B2D71FD003269A3 /* JRUserProtocol.swift in Sources */,
				28E839011AF402B200602D33 /* DateTests.swift in Sources */,
				28EB90641AF948E3008D5337 /* NewDay.swift in Sources */,
				289E2B411B328588003269A3 /* ReadTasks.swift in Sources */,
				28EB905E1AF73FD4008D5337 /* TaskTypeEstimator.swift in Sources */,
				289E2AE11B2D4999003269A3 /* DrawerState.swift in Sources */,
				28F292291B1C75960015F64F /* Task.swift in Sources */,
				289E2AF31B2D6D6E003269A3 /* RegisterUser.swift in Sources */,
				289E2B1B1B3141FE003269A3 /* NewTaskViewController.swift in Sources */,
				28EB90241AF60250008D5337 /* NoTasksTests.swift in Sources */,
				289E2B211B314297003269A3 /* DataManagerProtocol.swift in Sources */,
				289E2B221B31429F003269A3 /* ParseCredentials.swift in Sources */,
				289E2B1A1B3141FA003269A3 /* NoTasksViewController.swift in Sources */,
				289E2AFA1B2D8AD6003269A3 /* JRUser.swift in Sources */,
				289E2B191B3141F8003269A3 /* TasksScrollView.swift in Sources */,
				289E2B181B3141F4003269A3 /* DaysScrollView.swift in Sources */,
			);
			runOnlyForDeploymentPostprocessing = 0;
		};
/* End PBXSourcesBuildPhase section */

/* Begin PBXTargetDependency section */
		2865852C1B031D3A00352782 /* PBXTargetDependency */ = {
			isa = PBXTargetDependency;
			target = 286585131B031D3A00352782 /* Jirassic-Scrum */;
			targetProxy = 2865852B1B031D3A00352782 /* PBXContainerItemProxy */;
		};
		6D31D0631AC196BC001AC4BA /* PBXTargetDependency */ = {
			isa = PBXTargetDependency;
			target = 6D31D04B1AC196BB001AC4BA /* Jirassic */;
			targetProxy = 6D31D0621AC196BC001AC4BA /* PBXContainerItemProxy */;
		};
/* End PBXTargetDependency section */

/* Begin PBXVariantGroup section */
		286585231B031D3A00352782 /* LaunchScreen.xib */ = {
			isa = PBXVariantGroup;
			children = (
				286585241B031D3A00352782 /* Base */,
			);
			name = LaunchScreen.xib;
			sourceTree = "<group>";
		};
		286585631B053BE800352782 /* Main.storyboard */ = {
			isa = PBXVariantGroup;
			children = (
				286585641B053BE800352782 /* Base */,
			);
			name = Main.storyboard;
			sourceTree = "<group>";
		};
		6D31D05A1AC196BB001AC4BA /* Main.storyboard */ = {
			isa = PBXVariantGroup;
			children = (
				6D31D05B1AC196BB001AC4BA /* Base */,
			);
			name = Main.storyboard;
			sourceTree = "<group>";
		};
/* End PBXVariantGroup section */

/* Begin XCBuildConfiguration section */
		286585331B031D3A00352782 /* Debug */ = {
			isa = XCBuildConfiguration;
			buildSettings = {
				ASSETCATALOG_COMPILER_APPICON_NAME = AppIcon;
				CLANG_ENABLE_MODULES = YES;
				CODE_SIGN_IDENTITY = "iPhone Developer: Baluta Cristian (53NTS244G5)";
				"CODE_SIGN_IDENTITY[sdk=iphoneos*]" = "iPhone Developer: Baluta Cristian (53NTS244G5)";
				DEBUG_INFORMATION_FORMAT = "dwarf-with-dsym";
				FRAMEWORK_SEARCH_PATHS = (
					"$(inherited)",
					"$(PROJECT_DIR)/Scrum",
				);
				GCC_NO_COMMON_BLOCKS = YES;
				GCC_PREPROCESSOR_DEFINITIONS = (
					"DEBUG=1",
					"$(inherited)",
				);
				INFOPLIST_FILE = "Jirassic-Scrum/Info.plist";
				IPHONEOS_DEPLOYMENT_TARGET = 7.0;
				LD_RUNPATH_SEARCH_PATHS = "$(inherited) @executable_path/Frameworks";
				PRODUCT_NAME = "$(TARGET_NAME)";
				PROVISIONING_PROFILE = "";
				SDKROOT = iphoneos;
				SWIFT_OBJC_BRIDGING_HEADER = "Jirassic-Scrum/Jirassic-Scrum-Bridging-Header.h";
				SWIFT_OPTIMIZATION_LEVEL = "-Onone";
			};
			name = Debug;
		};
		286585341B031D3A00352782 /* Release */ = {
			isa = XCBuildConfiguration;
			buildSettings = {
				ASSETCATALOG_COMPILER_APPICON_NAME = AppIcon;
				CLANG_ENABLE_MODULES = YES;
				CODE_SIGN_IDENTITY = "iPhone Developer: Baluta Cristian (53NTS244G5)";
				"CODE_SIGN_IDENTITY[sdk=iphoneos*]" = "iPhone Developer: Baluta Cristian (53NTS244G5)";
				FRAMEWORK_SEARCH_PATHS = (
					"$(inherited)",
					"$(PROJECT_DIR)/Scrum",
				);
				GCC_NO_COMMON_BLOCKS = YES;
				INFOPLIST_FILE = "Jirassic-Scrum/Info.plist";
				IPHONEOS_DEPLOYMENT_TARGET = 7.0;
				LD_RUNPATH_SEARCH_PATHS = "$(inherited) @executable_path/Frameworks";
				PRODUCT_NAME = "$(TARGET_NAME)";
				PROVISIONING_PROFILE = "";
				SDKROOT = iphoneos;
				SWIFT_OBJC_BRIDGING_HEADER = "Jirassic-Scrum/Jirassic-Scrum-Bridging-Header.h";
				VALIDATE_PRODUCT = YES;
			};
			name = Release;
		};
		286585361B031D3A00352782 /* Debug */ = {
			isa = XCBuildConfiguration;
			buildSettings = {
				BUNDLE_LOADER = "$(TEST_HOST)";
				CODE_SIGN_IDENTITY = "iPhone Developer";
				"CODE_SIGN_IDENTITY[sdk=iphoneos*]" = "iPhone Developer";
				DEBUG_INFORMATION_FORMAT = "dwarf-with-dsym";
				FRAMEWORK_SEARCH_PATHS = (
					"$(SDKROOT)/Developer/Library/Frameworks",
					"$(inherited)",
					"$(PROJECT_DIR)/Scrum",
				);
				GCC_NO_COMMON_BLOCKS = YES;
				GCC_PREPROCESSOR_DEFINITIONS = (
					"DEBUG=1",
					"$(inherited)",
				);
				INFOPLIST_FILE = "Jirassic-ScrumTests/Info.plist";
				IPHONEOS_DEPLOYMENT_TARGET = 8.3;
				LD_RUNPATH_SEARCH_PATHS = "$(inherited) @executable_path/Frameworks @loader_path/Frameworks";
				PRODUCT_NAME = "$(TARGET_NAME)";
				PROVISIONING_PROFILE = "";
				SDKROOT = iphoneos;
				TEST_HOST = "$(BUILT_PRODUCTS_DIR)/Jirassic-Scrum.app/Jirassic-Scrum";
			};
			name = Debug;
		};
		286585371B031D3A00352782 /* Release */ = {
			isa = XCBuildConfiguration;
			buildSettings = {
				BUNDLE_LOADER = "$(TEST_HOST)";
				CODE_SIGN_IDENTITY = "iPhone Developer";
				"CODE_SIGN_IDENTITY[sdk=iphoneos*]" = "iPhone Developer";
				FRAMEWORK_SEARCH_PATHS = (
					"$(SDKROOT)/Developer/Library/Frameworks",
					"$(inherited)",
					"$(PROJECT_DIR)/Scrum",
				);
				GCC_NO_COMMON_BLOCKS = YES;
				INFOPLIST_FILE = "Jirassic-ScrumTests/Info.plist";
				IPHONEOS_DEPLOYMENT_TARGET = 8.3;
				LD_RUNPATH_SEARCH_PATHS = "$(inherited) @executable_path/Frameworks @loader_path/Frameworks";
				PRODUCT_NAME = "$(TARGET_NAME)";
				PROVISIONING_PROFILE = "";
				SDKROOT = iphoneos;
				TEST_HOST = "$(BUILT_PRODUCTS_DIR)/Jirassic-Scrum.app/Jirassic-Scrum";
				VALIDATE_PRODUCT = YES;
			};
			name = Release;
		};
		6D31D0691AC196BC001AC4BA /* Debug */ = {
			isa = XCBuildConfiguration;
			buildSettings = {
				ALWAYS_SEARCH_USER_PATHS = NO;
				CLANG_CXX_LANGUAGE_STANDARD = "gnu++0x";
				CLANG_CXX_LIBRARY = "libc++";
				CLANG_ENABLE_MODULES = YES;
				CLANG_ENABLE_OBJC_ARC = YES;
				CLANG_WARN_BOOL_CONVERSION = YES;
				CLANG_WARN_CONSTANT_CONVERSION = YES;
				CLANG_WARN_DIRECT_OBJC_ISA_USAGE = YES_ERROR;
				CLANG_WARN_EMPTY_BODY = YES;
				CLANG_WARN_ENUM_CONVERSION = YES;
				CLANG_WARN_INT_CONVERSION = YES;
				CLANG_WARN_OBJC_ROOT_CLASS = YES_ERROR;
				CLANG_WARN_UNREACHABLE_CODE = YES;
				CLANG_WARN__DUPLICATE_METHOD_MATCH = YES;
				CODE_SIGN_IDENTITY = "-";
				COPY_PHASE_STRIP = NO;
				ENABLE_STRICT_OBJC_MSGSEND = YES;
				GCC_C_LANGUAGE_STANDARD = gnu99;
				GCC_DYNAMIC_NO_PIC = NO;
				GCC_OPTIMIZATION_LEVEL = 0;
				GCC_PREPROCESSOR_DEFINITIONS = (
					"DEBUG=1",
					"$(inherited)",
				);
				GCC_SYMBOLS_PRIVATE_EXTERN = NO;
				GCC_WARN_64_TO_32_BIT_CONVERSION = YES;
				GCC_WARN_ABOUT_RETURN_TYPE = YES_ERROR;
				GCC_WARN_UNDECLARED_SELECTOR = YES;
				GCC_WARN_UNINITIALIZED_AUTOS = YES_AGGRESSIVE;
				GCC_WARN_UNUSED_FUNCTION = YES;
				GCC_WARN_UNUSED_VARIABLE = YES;
				MACOSX_DEPLOYMENT_TARGET = 10.10;
				MTL_ENABLE_DEBUG_INFO = YES;
				ONLY_ACTIVE_ARCH = YES;
				SDKROOT = macosx;
				SWIFT_OPTIMIZATION_LEVEL = "-Onone";
			};
			name = Debug;
		};
		6D31D06A1AC196BC001AC4BA /* Release */ = {
			isa = XCBuildConfiguration;
			buildSettings = {
				ALWAYS_SEARCH_USER_PATHS = NO;
				CLANG_CXX_LANGUAGE_STANDARD = "gnu++0x";
				CLANG_CXX_LIBRARY = "libc++";
				CLANG_ENABLE_MODULES = YES;
				CLANG_ENABLE_OBJC_ARC = YES;
				CLANG_WARN_BOOL_CONVERSION = YES;
				CLANG_WARN_CONSTANT_CONVERSION = YES;
				CLANG_WARN_DIRECT_OBJC_ISA_USAGE = YES_ERROR;
				CLANG_WARN_EMPTY_BODY = YES;
				CLANG_WARN_ENUM_CONVERSION = YES;
				CLANG_WARN_INT_CONVERSION = YES;
				CLANG_WARN_OBJC_ROOT_CLASS = YES_ERROR;
				CLANG_WARN_UNREACHABLE_CODE = YES;
				CLANG_WARN__DUPLICATE_METHOD_MATCH = YES;
				CODE_SIGN_IDENTITY = "-";
				COPY_PHASE_STRIP = NO;
				DEBUG_INFORMATION_FORMAT = "dwarf-with-dsym";
				ENABLE_NS_ASSERTIONS = NO;
				ENABLE_STRICT_OBJC_MSGSEND = YES;
				GCC_C_LANGUAGE_STANDARD = gnu99;
				GCC_WARN_64_TO_32_BIT_CONVERSION = YES;
				GCC_WARN_ABOUT_RETURN_TYPE = YES_ERROR;
				GCC_WARN_UNDECLARED_SELECTOR = YES;
				GCC_WARN_UNINITIALIZED_AUTOS = YES_AGGRESSIVE;
				GCC_WARN_UNUSED_FUNCTION = YES;
				GCC_WARN_UNUSED_VARIABLE = YES;
				MACOSX_DEPLOYMENT_TARGET = 10.10;
				MTL_ENABLE_DEBUG_INFO = NO;
				SDKROOT = macosx;
			};
			name = Release;
		};
		6D31D06C1AC196BC001AC4BA /* Debug */ = {
			isa = XCBuildConfiguration;
			buildSettings = {
				ASSETCATALOG_COMPILER_APPICON_NAME = AppIcon;
				CLANG_ENABLE_MODULES = YES;
				COMBINE_HIDPI_IMAGES = YES;
				FRAMEWORK_SEARCH_PATHS = (
					"$(inherited)",
					"$(PROJECT_DIR)/Jirassic",
					"$(PROJECT_DIR)/Vendor/**",
				);
				HEADER_SEARCH_PATHS = (
					"$(inherited)",
					/Applications/Xcode.app/Contents/Developer/Toolchains/XcodeDefault.xctoolchain/usr/include,
					"$(PROJECT_DIR)/Vendor/**",
				);
				INFOPLIST_FILE = Jirassic/Info.plist;
				LD_RUNPATH_SEARCH_PATHS = "$(inherited) @executable_path/../Frameworks";
				PRODUCT_NAME = Jirassic;
				SWIFT_OBJC_BRIDGING_HEADER = "Jirassic/Jirassic-Bridging-Header.h";
				SWIFT_OPTIMIZATION_LEVEL = "-Onone";
			};
			name = Debug;
		};
		6D31D06D1AC196BC001AC4BA /* Release */ = {
			isa = XCBuildConfiguration;
			buildSettings = {
				ASSETCATALOG_COMPILER_APPICON_NAME = AppIcon;
				CLANG_ENABLE_MODULES = YES;
				COMBINE_HIDPI_IMAGES = YES;
				FRAMEWORK_SEARCH_PATHS = (
					"$(inherited)",
					"$(PROJECT_DIR)/Jirassic",
					"$(PROJECT_DIR)/Vendor/**",
				);
				HEADER_SEARCH_PATHS = (
					"$(inherited)",
					/Applications/Xcode.app/Contents/Developer/Toolchains/XcodeDefault.xctoolchain/usr/include,
					"$(PROJECT_DIR)/Vendor/**",
				);
				INFOPLIST_FILE = Jirassic/Info.plist;
				LD_RUNPATH_SEARCH_PATHS = "$(inherited) @executable_path/../Frameworks";
				PRODUCT_NAME = Jirassic;
				SWIFT_OBJC_BRIDGING_HEADER = "Jirassic/Jirassic-Bridging-Header.h";
			};
			name = Release;
		};
		6D31D06F1AC196BC001AC4BA /* Debug */ = {
			isa = XCBuildConfiguration;
			buildSettings = {
				BUNDLE_LOADER = "$(TEST_HOST)";
				CLANG_ENABLE_MODULES = YES;
				COMBINE_HIDPI_IMAGES = YES;
				FRAMEWORK_SEARCH_PATHS = (
					"$(DEVELOPER_FRAMEWORKS_DIR)",
					"$(inherited)",
					"$(PROJECT_DIR)/Jirassic",
				);
				GCC_PREPROCESSOR_DEFINITIONS = (
					"DEBUG=1",
					"$(inherited)",
				);
				INFOPLIST_FILE = JirassicTests/Info.plist;
				LD_RUNPATH_SEARCH_PATHS = "$(inherited) @executable_path/../Frameworks @loader_path/../Frameworks";
				PRODUCT_NAME = JirassicTests;
				SWIFT_OBJC_BRIDGING_HEADER = "JirassicTests/JirassicTests-Bridging-Header.h";
				SWIFT_OPTIMIZATION_LEVEL = "-Onone";
				TEST_HOST = "$(BUILT_PRODUCTS_DIR)/Jirassic.app/Contents/MacOS/Jirassic";
			};
			name = Debug;
		};
		6D31D0701AC196BC001AC4BA /* Release */ = {
			isa = XCBuildConfiguration;
			buildSettings = {
				BUNDLE_LOADER = "$(TEST_HOST)";
				CLANG_ENABLE_MODULES = YES;
				COMBINE_HIDPI_IMAGES = YES;
				FRAMEWORK_SEARCH_PATHS = (
					"$(DEVELOPER_FRAMEWORKS_DIR)",
					"$(inherited)",
					"$(PROJECT_DIR)/Jirassic",
				);
				INFOPLIST_FILE = JirassicTests/Info.plist;
				LD_RUNPATH_SEARCH_PATHS = "$(inherited) @executable_path/../Frameworks @loader_path/../Frameworks";
				PRODUCT_NAME = JirassicTests;
				SWIFT_OBJC_BRIDGING_HEADER = "JirassicTests/JirassicTests-Bridging-Header.h";
				TEST_HOST = "$(BUILT_PRODUCTS_DIR)/Jirassic.app/Contents/MacOS/Jirassic";
			};
			name = Release;
		};
/* End XCBuildConfiguration section */

/* Begin XCConfigurationList section */
		286585321B031D3A00352782 /* Build configuration list for PBXNativeTarget "Jirassic-Scrum" */ = {
			isa = XCConfigurationList;
			buildConfigurations = (
				286585331B031D3A00352782 /* Debug */,
				286585341B031D3A00352782 /* Release */,
			);
			defaultConfigurationIsVisible = 0;
			defaultConfigurationName = Release;
		};
		286585351B031D3A00352782 /* Build configuration list for PBXNativeTarget "Jirassic-ScrumTests" */ = {
			isa = XCConfigurationList;
			buildConfigurations = (
				286585361B031D3A00352782 /* Debug */,
				286585371B031D3A00352782 /* Release */,
			);
			defaultConfigurationIsVisible = 0;
			defaultConfigurationName = Release;
		};
		6D31D0471AC196BB001AC4BA /* Build configuration list for PBXProject "Jirassic" */ = {
			isa = XCConfigurationList;
			buildConfigurations = (
				6D31D0691AC196BC001AC4BA /* Debug */,
				6D31D06A1AC196BC001AC4BA /* Release */,
			);
			defaultConfigurationIsVisible = 0;
			defaultConfigurationName = Release;
		};
		6D31D06B1AC196BC001AC4BA /* Build configuration list for PBXNativeTarget "Jirassic" */ = {
			isa = XCConfigurationList;
			buildConfigurations = (
				6D31D06C1AC196BC001AC4BA /* Debug */,
				6D31D06D1AC196BC001AC4BA /* Release */,
			);
			defaultConfigurationIsVisible = 0;
			defaultConfigurationName = Release;
		};
		6D31D06E1AC196BC001AC4BA /* Build configuration list for PBXNativeTarget "JirassicTests" */ = {
			isa = XCConfigurationList;
			buildConfigurations = (
				6D31D06F1AC196BC001AC4BA /* Debug */,
				6D31D0701AC196BC001AC4BA /* Release */,
			);
			defaultConfigurationIsVisible = 0;
			defaultConfigurationName = Release;
		};
/* End XCConfigurationList section */
	};
	rootObject = 6D31D0441AC196BB001AC4BA /* Project object */;
}
