{
  "originHash" : "f4d592b2f1f071124b48fbfc0bcfaacc016e845a7a2be356a047efdbe9217829",
  "pins" : [
    {
      "identity" : "rchttp",
      "kind" : "remoteSourceControl",
      "location" : "https://github.com/cristibaluta/RCHttp.git",
      "state" : {
        "branch" : "master",
        "revision" : "560cb42769bad63d52961b07ac442b3d67fd48d6"
      }
    },
    {
      "identity" : "rclog",
      "kind" : "remoteSourceControl",
      "location" : "https://github.com/cristibaluta/RCLog",
      "state" : {
        "branch" : "master",
        "revision" : "e5777165170c2b77562ceb22eaffec8cbc48a69f"
      }
    },
    {
      "identity" : "rcpreferences",
      "kind" : "remoteSourceControl",
      "location" : "https://github.com/cristibaluta/RCpreferences",
      "state" : {
        "branch" : "master",
        "revision" : "369cde53cbc4d44fd9f4ae74c67c18ec23176657"
      }
    },
    {
      "identity" : "swiftkeychainwrapper",
      "kind" : "remoteSourceControl",
      "location" : "https://github.com/jrendel/SwiftKeychainWrapper",
      "state" : {
        "revision" : "185a3165346a03767101c4f62e9a545a0fe0530f",
        "version" : "4.0.1"
      }
    }
  ],
  "version" : 3
}
