{
  "object": {
    "pins": [
      {
        "package": "RCHttp",
        "repositoryURL": "https://github.com/ralcr/RCHttp",
        "state": {
          "branch": "master",
          "revision": "647df79192f7f56c5b474d92d3e792c852a8ab51",
          "version": null
        }
      },
      {
        "package": "RCLog",
        "repositoryURL": "https://github.com/ralcr/RCLog",
        "state": {
          "branch": "master",
          "revision": "e5777165170c2b77562ceb22eaffec8cbc48a69f",
          "version": null
        }
      },
      {
        "package": "RCPreferences",
        "repositoryURL": "https://github.com/ralcr/RCPreferences",
        "state": {
          "branch": "master",
          "revision": "0fa2ff20175e7f2e745d25db7ba047e94eebe210",
          "version": null
        }
      },
      {
        "package": "SwiftKeychainWrapper",
        "repositoryURL": "https://github.com/ralcr/SwiftKeychainWrapper",
        "state": {
          "branch": "develop",
          "revision": "c746065ce51300883497de28b6ff278f6cc40b52",
          "version": null
        }
      }
    ]
  },
  "version": 1
}
