{
  "originHash" : "7020ad78b767db9b9db97f101b997a631f8aa8f62c0d10f437a73e2e9e5f51f5",
  "pins" : [
    {
      "identity" : "rchttp",
      "kind" : "remoteSourceControl",
      "location" : "https://github.com/cristibaluta/RCHttp",
      "state" : {
        "branch" : "master",
        "revision" : "560cb42"
      }
    },
    {
      "identity" : "rclog",
      "kind" : "remoteSourceControl",
      "location" : "https://github.com/cristibaluta/RCLog",
      "state" : {
        "branch" : "master",
        "revision" : "f3166aa52b66e2278523ce8eef40bf31a37ddaad"
      }
    },
    {
      "identity" : "rcpreferences",
      "kind" : "remoteSourceControl",
      "location" : "https://github.com/cristibaluta/RCPreferences",
      "state" : {
        "branch" : "master",
        "revision" : "369cde5"
      }
    },
    {
      "identity" : "swiftkeychainwrapper",
      "kind" : "remoteSourceControl",
      "location" : "https://github.com/jrendel/SwiftKeychainWrapper",
      "state" : {
        "revision" : "185a3165346a03767101c4f62e9a545a0fe0530f",
        "version" : "4.0.1"
      }
    }
  ],
  "version" : 3
}
